
Microsoft Visual Studio Solution File, Format Version 12.00
# Visual Studio Version 17
VisualStudioVersion = 17.9.34622.214
MinimumVisualStudioVersion = 10.0.40219.1
Project("{FAE04EC0-301F-11D3-BF4B-00C04F79EFBC}") = "Enum_1", "Enum_1\Enum_1.csproj", "{BD9091FA-7AC7-4C26-9942-7B58C932F878}"
EndProject
Global
	GlobalSection(SolutionConfigurationPlatforms) = preSolution
		Debug|Any CPU = Debug|Any CPU
		Release|Any CPU = Release|Any CPU
	EndGlobalSection
	GlobalSection(ProjectConfigurationPlatforms) = postSolution
		{BD9091FA-7AC7-4C26-9942-7B58C932F878}.Debug|Any CPU.ActiveCfg = Debug|Any CPU
		{BD9091FA-7AC7-4C26-9942-7B58C932F878}.Debug|Any CPU.Build.0 = Debug|Any CPU
		{BD9091FA-7AC7-4C26-9942-7B58C932F878}.Release|Any CPU.ActiveCfg = Release|Any CPU
		{BD9091FA-7AC7-4C26-9942-7B58C932F878}.Release|Any CPU.Build.0 = Release|Any CPU
	EndGlobalSection
	GlobalSection(SolutionProperties) = preSolution
		HideSolutionNode = FALSE
	EndGlobalSection
	GlobalSection(ExtensibilityGlobals) = postSolution
		SolutionGuid = {14C9CAB7-BBCF-45F3-B784-5649788B10CA}
	EndGlobalSection
EndGlobal
