
Microsoft Visual Studio Solution File, Format Version 12.00
# Visual Studio Version 17
VisualStudioVersion = 17.9.34622.214
MinimumVisualStudioVersion = 10.0.40219.1
Project("{2150E333-8FDC-42A3-9474-1A3956D46DE8}") = "Glava_02", "Glava_02", "{D6A453E5-4843-4B86-AA5E-49B956D43E1C}"
EndProject
Project("{2150E333-8FDC-42A3-9474-1A3956D46DE8}") = "19_Params", "19_Params", "{3C29F8BE-CD30-4295-9D48-A8F265818894}"
EndProject
Project("{2150E333-8FDC-42A3-9474-1A3956D46DE8}") = "20_factorial", "20_factorial", "{FCD07E3B-02D9-46B7-9550-A5FFB8682C6B}"
EndProject
Project("{2150E333-8FDC-42A3-9474-1A3956D46DE8}") = "Glava_03", "Glava_03", "{EE9BAC23-19DF-4B27-A97D-DA1CCBA4A6B2}"
EndProject
Project("{9A19103F-16F7-4668-BE54-9A1E7A4F7556}") = "Params_2", "Glava_02\19_params\Params\Params_2\Params_2.csproj", "{F2A48987-64FC-45AD-9F83-BA00ADCC6717}"
EndProject
Project("{9A19103F-16F7-4668-BE54-9A1E7A4F7556}") = "Params_3", "Glava_02\19_params\Params\Params_3\Params_3.csproj", "{B4AED8B5-13AD-40D4-B499-18217B7BC485}"
EndProject
Project("{9A19103F-16F7-4668-BE54-9A1E7A4F7556}") = "Factorials_1", "Glava_02\20_factorial\Factorials\Factorials\Factorials_1.csproj", "{2651D135-809D-40A3-8622-342547B71764}"
EndProject
Project("{9A19103F-16F7-4668-BE54-9A1E7A4F7556}") = "Fibonachi", "Glava_02\20_factorial\Factorials\Fibonachi\Fibonachi.csproj", "{4E755EB5-CA1C-4548-8122-B6E5A66689BE}"
EndProject
Project("{9A19103F-16F7-4668-BE54-9A1E7A4F7556}") = "FibonachiCycle", "Glava_02\20_factorial\Factorials\FibonachiCycle\FibonachiCycle.csproj", "{90AB96C8-0740-4F6B-B61D-429CD982740B}"
EndProject
Project("{9A19103F-16F7-4668-BE54-9A1E7A4F7556}") = "22_Switch", "Glava_02\22_Switch\Switch_1\22_Switch.csproj", "{91147645-0633-4EE3-AE50-4820A0EBAED4}"
EndProject
Project("{9A19103F-16F7-4668-BE54-9A1E7A4F7556}") = "23 Enum", "Glava_02\23_Enum\Enum_1\Enum_1\23 Enum.csproj", "{7BD22AB4-849C-4089-B9C0-F687360EBD9E}"
EndProject
Project("{2150E333-8FDC-42A3-9474-1A3956D46DE8}") = "02_constructor", "02_constructor", "{0349169A-9325-408A-85FD-D582B208FA1E}"
EndProject
Project("{2150E333-8FDC-42A3-9474-1A3956D46DE8}") = "03_Main", "03_Main", "{585055DC-50F2-4D88-A894-E27F94AC1B70}"
EndProject
Project("{2150E333-8FDC-42A3-9474-1A3956D46DE8}") = "04_Structure", "04_Structure", "{19303F30-0672-4D5F-A377-16752FB8D4A5}"
EndProject
Project("{9A19103F-16F7-4668-BE54-9A1E7A4F7556}") = "Constructor_1", "Glava_03\02_constructor\Constructor_1\Constructor_1.csproj", "{31A77394-F28D-4D9B-8432-1D4CFF0376A4}"
EndProject
Project("{9A19103F-16F7-4668-BE54-9A1E7A4F7556}") = "Constructor_2", "Glava_03\02_constructor\Constructor_2\Constructor_2.csproj", "{6D63C64A-83BB-4B90-8A6A-EFDE7FFCFCB9}"
EndProject
Project("{9A19103F-16F7-4668-BE54-9A1E7A4F7556}") = "Deconstruct", "Glava_03\02_constructor\Deconstruct\Deconstruct.csproj", "{1456AA13-AD43-4748-96CA-B74CE16A72DE}"
EndProject
Project("{9A19103F-16F7-4668-BE54-9A1E7A4F7556}") = "_01_StructEx", "Glava_03\04_Structure\_01_StructEx\_01_StructEx.csproj", "{F01C86B9-2BC5-469E-8CE6-3854258AB06E}"
EndProject
Project("{9A19103F-16F7-4668-BE54-9A1E7A4F7556}") = "_02_DefaultStruct", "Glava_03\04_Structure\_02_DefaultStruct\_02_DefaultStruct.csproj", "{70775E00-573B-4570-92C0-82CE3EA5C741}"
EndProject
Project("{9A19103F-16F7-4668-BE54-9A1E7A4F7556}") = "02_19_01_Params_1", "Glava_02\19_params\Params\Params_1\02_19_01_Params_1.csproj", "{AA8BC2D8-9D11-44BA-BD69-0E9DD97F99C6}"
EndProject
Project("{9A19103F-16F7-4668-BE54-9A1E7A4F7556}") = "Main", "Glava_03\03_Main\Main\Main.csproj", "{3E64BFAF-1C2F-4251-BEB3-3B74B51BD05F}"
EndProject
Project("{9A19103F-16F7-4668-BE54-9A1E7A4F7556}") = "_03_Struct", "Glava_03\04_Structure\_03_Struct\_03_Struct.csproj", "{FE58E79B-7228-4E85-B0F9-314578025817}"
EndProject
Project("{9A19103F-16F7-4668-BE54-9A1E7A4F7556}") = "_04_Struct", "Glava_03\04_Structure\_04_Struct\_04_Struct.csproj", "{82879B72-09EB-4BA0-99DC-3C4E8A04487F}"
EndProject
Project("{9A19103F-16F7-4668-BE54-9A1E7A4F7556}") = "_05_Struct", "Glava_03\04_Structure\_05_Struct\_05_Struct.csproj", "{84E8CC5C-7CFA-402D-9032-50783F6E4F7A}"
EndProject
Project("{9A19103F-16F7-4668-BE54-9A1E7A4F7556}") = "_06_Struct", "Glava_03\04_Structure\_06_Struct\_06_Struct.csproj", "{E7462167-727E-4313-B45F-7C1A456FAD16}"
EndProject
Project("{9A19103F-16F7-4668-BE54-9A1E7A4F7556}") = "_07_Struct", "Glava_03\04_Structure\_07_Struct\_07_Struct.csproj", "{37D45584-D794-4558-8B8A-FA50653D65CC}"
EndProject
Project("{9A19103F-16F7-4668-BE54-9A1E7A4F7556}") = "08_Struct_With", "Glava_03\04_Structure\08_Struct_With\08_Struct_With.csproj", "{92CDAC9F-903B-4072-85F4-C99BBE355839}"
EndProject
Project("{2150E333-8FDC-42A3-9474-1A3956D46DE8}") = "05_Values", "05_Values", "{6C20D47F-2090-4B47-AA13-F9E1CC0FBC3C}"
EndProject
Project("{9A19103F-16F7-4668-BE54-9A1E7A4F7556}") = "_01_CopyValues", "Glava_03\05_Values\_01_CopyValues\_01_CopyValues.csproj", "{C50CD2C7-422C-4BDD-9F9A-08353680E43C}"
EndProject
Project("{9A19103F-16F7-4668-BE54-9A1E7A4F7556}") = "_02_CopyReferenceValues", "Glava_03\05_Values\_02_CopyReferenceValues\_02_CopyReferenceValues.csproj", "{37E19896-EFCB-48A1-A125-0494CF826A5F}"
EndProject
Project("{9A19103F-16F7-4668-BE54-9A1E7A4F7556}") = "_03_CopyValues", "Glava_03\05_Values\_03_CopyValues\_03_CopyValues.csproj", "{E6F873F7-0317-406D-98B9-EFBD403E1DAD}"
EndProject
Project("{9A19103F-16F7-4668-BE54-9A1E7A4F7556}") = "_04_ChangePerson", "Glava_03\05_Values\_04_ChangePerson\_04_ChangePerson.csproj", "{ADD1D128-9E5C-4817-B46F-E129CE653C78}"
EndProject
Project("{2150E333-8FDC-42A3-9474-1A3956D46DE8}") = "06_Namespace", "06_Namespace", "{DB6B9132-DC4F-4C57-A309-032C8AF50923}"
EndProject
Project("{9A19103F-16F7-4668-BE54-9A1E7A4F7556}") = "_01_Namespace", "Glava_03\06_Namespace\_01_Namespace\_01_Namespace.csproj", "{E84390D7-BA78-4554-8770-72D892E8F9A2}"
EndProject
Project("{2150E333-8FDC-42A3-9474-1A3956D46DE8}") = "12_Properties", "12_Properties", "{CD880876-2720-4C29-A6BF-32D103F81954}"
EndProject
Project("{2150E333-8FDC-42A3-9474-1A3956D46DE8}") = "11_Mofificator", "11_Mofificator", "{1B0C9837-16B5-4ACA-A482-FB7A5B5A3C1A}"
EndProject
Project("{9A19103F-16F7-4668-BE54-9A1E7A4F7556}") = "_01_PropertyPrivateSet", "Glava_03\12_Property\PropertyPrivateSet\_01_PropertyPrivateSet.csproj", "{B8F88B29-82C0-4A43-A6AF-03978641C29F}"
EndProject
Project("{9A19103F-16F7-4668-BE54-9A1E7A4F7556}") = "State", "Glava_03\11_Modificators\State\State.csproj", "{1BE07B86-23D9-4AA0-8EA4-DC44DC20BD93}"
EndProject
Project("{9A19103F-16F7-4668-BE54-9A1E7A4F7556}") = "_02_PropertyInit", "Glava_03\12_Property\PropertyInit\_02_PropertyInit.csproj", "{C087601C-A819-4DD4-83EF-BE850D43CB3F}"
EndProject
Project("{9A19103F-16F7-4668-BE54-9A1E7A4F7556}") = "_03_PropertyRequired", "Glava_03\12_Property\_03_PropertyRequired\_03_PropertyRequired.csproj", "{249A9BB5-E5FB-4125-8AA3-D30991AB0489}"
EndProject
Project("{2150E333-8FDC-42A3-9474-1A3956D46DE8}") = "16_Const", "16_Const", "{D7B26709-85CC-4A91-BA41-A069EAC71A5D}"
EndProject
Project("{9A19103F-16F7-4668-BE54-9A1E7A4F7556}") = "ReadonlyStruct", "Glava_03\16_Const\ReadonlyStruct\ReadonlyStruct.csproj", "{388E1655-2087-4B50-B9F3-7DE5014787C7}"
EndProject
Project("{2150E333-8FDC-42A3-9474-1A3956D46DE8}") = "17_NullableReference", "17_NullableReference", "{9ACF1783-800E-4FD4-B8BF-834A44860229}"
EndProject
Project("{9A19103F-16F7-4668-BE54-9A1E7A4F7556}") = "01_NullableEnable", "Glava_03\17_NullableReference\NullableEnable\01_NullableEnable.csproj", "{9637D44C-0959-4AB7-8BC3-E74FA42CC228}"
EndProject
Project("{9A19103F-16F7-4668-BE54-9A1E7A4F7556}") = "02_NullForgiving", "Glava_03\17_NullableReference\NullForgiving\02_NullForgiving.csproj", "{C2428C27-AEA7-443A-BE2A-C7AE22A89CA5}"
EndProject
Project("{2150E333-8FDC-42A3-9474-1A3956D46DE8}") = "18_NullableValues", "18_NullableValues", "{134435C6-5481-478E-81CF-C5559EDB8199}"
EndProject
Project("{9A19103F-16F7-4668-BE54-9A1E7A4F7556}") = "01_HasValue", "Glava_03\18_NullableValue\01_HasValue\01_HasValue.csproj", "{335E493E-9918-4B70-AF7A-3EA01245CA4F}"
EndProject
Project("{9A19103F-16F7-4668-BE54-9A1E7A4F7556}") = "03_NullableDisable", "Glava_03\17_NullableReference\NullableDisable\03_NullableDisable.csproj", "{0D06FBB8-1ED7-4A4F-AB6C-85E7AED9ABCC}"
EndProject
Project("{2150E333-8FDC-42A3-9474-1A3956D46DE8}") = "19_NullGuard", "19_NullGuard", "{A09A0DCB-988E-44C8-ABEA-87BEAB2E4E13}"
EndProject
Project("{9A19103F-16F7-4668-BE54-9A1E7A4F7556}") = "01_NullGuard", "Glava_03\19_NullGuard\01_NullGuard\01_NullGuard.csproj", "{EF3B5EE3-E4E6-40A6-8FB6-D1E04322039C}"
EndProject
Project("{9A19103F-16F7-4668-BE54-9A1E7A4F7556}") = "02_NullUslovnyi", "Glava_03\19_NullGuard\02_NullUslovnyi\02_NullUslovnyi.csproj", "{5A3E04E6-57A2-48DE-A3E4-69F4BC08B470}"
EndProject
Project("{2150E333-8FDC-42A3-9474-1A3956D46DE8}") = "20_StaticImport", "20_StaticImport", "{45ECBF7A-40AA-488E-93DB-7E0AD5275EAF}"
EndProject
Project("{9A19103F-16F7-4668-BE54-9A1E7A4F7556}") = "03_20_01_StaticImport", "Glava_03\20_StaticImport\01_StaticImport\03_20_01_StaticImport.csproj", "{F6B87B8B-ECAE-4086-9D0F-DBC97969E30B}"
EndProject
Project("{2150E333-8FDC-42A3-9474-1A3956D46DE8}") = "Glava_04", "Glava_04", "{F80414AB-9001-49AE-8DAD-44FE04D730EE}"
EndProject
Project("{2150E333-8FDC-42A3-9474-1A3956D46DE8}") = "01_Nasledovanie", "01_Nasledovanie", "{C7D24995-6B69-4A37-90C1-8A84D1C4BFC5}"
EndProject
Project("{9A19103F-16F7-4668-BE54-9A1E7A4F7556}") = "04_01_01_Emloyee", "Glava_04\01_Nasledovanie\04_01_01_Emloyee\04_01_01_Emloyee.csproj", "{117A552A-15C0-4B2B-A194-A5894B67AFFC}"
EndProject
Project("{9A19103F-16F7-4668-BE54-9A1E7A4F7556}") = "04_01_02_Emloyee", "Glava_04\01_Nasledovanie\04_01_02_Emloyee\04_01_02_Emloyee.csproj", "{086DFAB1-7BB0-4814-8C28-DB812EB1B87B}"
EndProject
Project("{9A19103F-16F7-4668-BE54-9A1E7A4F7556}") = "04_01_03_CallConstruct", "Glava_04\01_Nasledovanie\04_01_03_CallConstruct\04_01_03_CallConstruct.csproj", "{9723B217-FB7D-4235-A477-A3FE5A8EF101}"
EndProject
Project("{2150E333-8FDC-42A3-9474-1A3956D46DE8}") = "02_Types", "02_Types", "{A3CE601F-B770-42E5-A30D-7857EF4A4FF9}"
EndProject
Project("{9A19103F-16F7-4668-BE54-9A1E7A4F7556}") = "04_02_01_Types", "Glava_04\02_Types\04_02_01_Types\04_02_01_Types.csproj", "{6C2204AC-E344-4028-9856-0C3A689CDC2F}"
EndProject
Project("{9A19103F-16F7-4668-BE54-9A1E7A4F7556}") = "04_02_02_OperatorAs", "Glava_04\02_Types\04_02_02_OperatorAs\04_02_02_OperatorAs.csproj", "{B1F308F6-E04D-4C36-BA00-D926B2D582A0}"
EndProject
Project("{2150E333-8FDC-42A3-9474-1A3956D46DE8}") = "03_Virtual", "03_Virtual", "{CAED894F-A4D7-40B7-BBC8-4B3EDEC9A873}"
EndProject
Project("{9A19103F-16F7-4668-BE54-9A1E7A4F7556}") = "04_03_01_VirtualPrint", "Glava_04\03_Virtual\04_03_01_VirtualPrint\04_03_01_VirtualPrint.csproj", "{CBA25337-6B29-493B-857D-EC4C51422D23}"
EndProject
Project("{2150E333-8FDC-42A3-9474-1A3956D46DE8}") = "04_HideProperties", "04_HideProperties", "{F579DA04-966A-49B5-84A5-9F14D6D468E2}"
EndProject
Project("{9A19103F-16F7-4668-BE54-9A1E7A4F7556}") = "04_04_01_HideProperties", "Glava_04\04_HideProperties\04_04_01_HideProperties\04_04_01_HideProperties.csproj", "{974A6750-EC29-4460-A588-EF600553FFFE}"
EndProject
Project("{2150E333-8FDC-42A3-9474-1A3956D46DE8}") = "05_OverrideAndHideCompare", "05_OverrideAndHideCompare", "{0341BDAB-9B6B-422D-B960-C494531F0600}"
EndProject
Project("{9A19103F-16F7-4668-BE54-9A1E7A4F7556}") = "04_05_01_OverrideMethods", "Glava_04\05_OverrideAndHideCompare\04_05_01_OverrideMethods\04_05_01_OverrideMethods.csproj", "{993B1687-5A20-4FF8-800A-D0160BB0F8C7}"
EndProject
Project("{9A19103F-16F7-4668-BE54-9A1E7A4F7556}") = "04_05_02_Hide", "Glava_04\05_OverrideAndHideCompare\04_05_02_Hide\04_05_02_Hide.csproj", "{3E87FA4F-65D7-4A04-B41D-AA9AB2E2CCFD}"
EndProject
Project("{2150E333-8FDC-42A3-9474-1A3956D46DE8}") = "06_Abstract", "06_Abstract", "{BF9C7362-B1C7-4324-84EB-CFE32B5B1059}"
EndProject
Project("{9A19103F-16F7-4668-BE54-9A1E7A4F7556}") = "04_06_01_Abstract", "Glava_04\06_Abstract\04_06_01_Abstract\04_06_01_Abstract.csproj", "{72793C3A-F762-4FA3-A904-3C5F3B6AA91A}"
EndProject
Project("{9A19103F-16F7-4668-BE54-9A1E7A4F7556}") = "04_06_02_Transport", "Glava_04\06_Abstract\04_06_02_Transport\04_06_02_Transport.csproj", "{32CBDF35-96E3-45B9-9F30-78910DAF6F5B}"
EndProject
Project("{FAE04EC0-301F-11D3-BF4B-00C04F79EFBC}") = "04_06_03_AbstractMethod", "Glava_04\06_Abstract\04_06_03_AbstractMethod\04_06_03_AbstractMethod.csproj", "{7F992B17-C927-4495-B243-EFCCC3657C99}"
EndProject
Project("{FAE04EC0-301F-11D3-BF4B-00C04F79EFBC}") = "04_06_04_RejectionAbstract", "Glava_04\06_Abstract\04_06_04_RejectionAbstract\04_06_04_RejectionAbstract.csproj", "{91165E92-EF8E-4F6C-B8F0-FAEA9FF5E6D1}"
EndProject
Project("{FAE04EC0-301F-11D3-BF4B-00C04F79EFBC}") = "04_06_05_Shape", "Glava_04\06_Abstract\04_06_05_Shape\04_06_05_Shape.csproj", "{0E000626-59B4-4FBD-83EE-FE2D81B83B14}"
EndProject
Project("{2150E333-8FDC-42A3-9474-1A3956D46DE8}") = "07_Object", "07_Object", "{70ED90B4-DA69-4D6E-B739-746C47446541}"
EndProject
Project("{FAE04EC0-301F-11D3-BF4B-00C04F79EFBC}") = "04_07_01_ToString", "Glava_04\07_Object\04_07_01_ToString\04_07_01_ToString.csproj", "{AB594226-6288-4776-A854-6EF362A3B954}"
EndProject
Project("{FAE04EC0-301F-11D3-BF4B-00C04F79EFBC}") = "04_07_02_PersonToString", "Glava_04\07_Object\04_07_02_PersonToString\04_07_02_PersonToString.csproj", "{C23504ED-BA33-4442-A4EA-C255173BB4F6}"
EndProject
Project("{FAE04EC0-301F-11D3-BF4B-00C04F79EFBC}") = "04_07_03_PersonToString", "Glava_04\07_Object\04_07_03_PersonToString\04_07_03_PersonToString.csproj", "{12E4F9CB-6BBF-4CDC-B244-9C16A2769C26}"
EndProject
Project("{FAE04EC0-301F-11D3-BF4B-00C04F79EFBC}") = "04_07_04_GetHashCode", "Glava_04\07_Object\04_07_03_GetHashCode\04_07_04_GetHashCode.csproj", "{F9D006B2-CEBB-49E2-BA45-BAA2573C5691}"
EndProject
Project("{FAE04EC0-301F-11D3-BF4B-00C04F79EFBC}") = "04_07_05_GetType", "Glava_04\07_Object\04_07_05_GetType\04_07_05_GetType.csproj", "{6EE33165-BF6A-440C-88D2-358BDF02DEE4}"
EndProject
Project("{FAE04EC0-301F-11D3-BF4B-00C04F79EFBC}") = "04_07_06_Equals", "Glava_04\07_Object\04_07_06_Equals\04_07_06_Equals.csproj", "{02F7EDDC-7ADE-477B-A17B-0DA9510F65BA}"
EndProject
Project("{2150E333-8FDC-42A3-9474-1A3956D46DE8}") = "08_Generics", "08_Generics", "{4E8C5014-FF31-48A5-BAB3-151F442846F1}"
EndProject
Project("{FAE04EC0-301F-11D3-BF4B-00C04F79EFBC}") = "04_08_01_PersonGeneric", "Glava_04\08_Generics\04_08_01_PersonGeneric\04_08_01_PersonGeneric.csproj", "{D623AD85-2D62-498D-8815-0028424E876A}"
EndProject
Project("{FAE04EC0-301F-11D3-BF4B-00C04F79EFBC}") = "04_08_02_PersonCompanyGeneric", "Glava_04\04_08_02_PersonCompanyGeneric\04_08_02_PersonCompanyGeneric.csproj", "{6B7DC512-41C2-4A1F-8851-115157BBE0B7}"
EndProject
Project("{FAE04EC0-301F-11D3-BF4B-00C04F79EFBC}") = "04_08_03_StaticMemberGeneric", "Glava_04\08_Generics\04_08_03_StaticMemberGeneric\04_08_03_StaticMemberGeneric.csproj", "{53DF6090-D017-4243-8F4F-7C0B93549082}"
EndProject
Project("{FAE04EC0-301F-11D3-BF4B-00C04F79EFBC}") = "04_08_04_SomeParams", "Glava_04\08_Generics\04_08_04_SomeParams\04_08_04_SomeParams.csproj", "{7B7C94FD-56B5-4B75-B5C4-BD21305F4CC3}"
EndProject
Project("{FAE04EC0-301F-11D3-BF4B-00C04F79EFBC}") = "04_08_05_GenericMethods", "Glava_04\08_Generics\04_08_05_GenericMethods\04_08_05_GenericMethods.csproj", "{FC1D86E1-CDE8-4425-B196-28759FE5F213}"
EndProject
Project("{2150E333-8FDC-42A3-9474-1A3956D46DE8}") = "09_LimitGeneric", "09_LimitGeneric", "{D3BC1BC1-35CE-4E2D-8D28-BFB85EC202E9}"
EndProject
Project("{FAE04EC0-301F-11D3-BF4B-00C04F79EFBC}") = "04_09_01_Message", "Glava_04\09_LimitGeneric\04_09_01_Message\04_09_01_Message.csproj", "{4BD38BFA-BDBD-4252-AE86-0A289A435B41}"
EndProject
Project("{FAE04EC0-301F-11D3-BF4B-00C04F79EFBC}") = "04_09_02_LimitGenericClass", "Glava_04\09_LimitGeneric\04_09_02_LimitGenericClass\04_09_02_LimitGenericClass.csproj", "{550E5497-D64E-48DA-8E90-886254E1BD76}"
EndProject
Project("{FAE04EC0-301F-11D3-BF4B-00C04F79EFBC}") = "04_09_03_SomeLimitGenericClass", "Glava_04\09_LimitGeneric\04_09_03_SomeLimitGenericClass\04_09_03_SomeLimitGenericClass.csproj", "{12E6F2D9-3029-4AE9-9617-91BB5C473DBC}"
EndProject
Project("{2150E333-8FDC-42A3-9474-1A3956D46DE8}") = "10_Inheritance", "10_Inheritance", "{AC235C13-308F-4D9A-A379-520D171E4320}"
EndProject
Project("{FAE04EC0-301F-11D3-BF4B-00C04F79EFBC}") = "04_10_01_Inheritance", "Glava_04\10_Inheritance\04_10_01_Inheritance\04_10_01_Inheritance.csproj", "{4B5F82AE-8334-461F-89F7-67D3AF40063C}"
EndProject
Project("{FAE04EC0-301F-11D3-BF4B-00C04F79EFBC}") = "04_10_02_Two", "Glava_04\10_Inheritance\04_10_02_Two\04_10_02_Two.csproj", "{46E3C96C-1B2D-4CB7-B0D1-D296BE7CFBA4}"
EndProject
Project("{FAE04EC0-301F-11D3-BF4B-00C04F79EFBC}") = "04_10_03_Three", "Glava_04\09_LimitGeneric\04_10_03_Three\04_10_03_Three.csproj", "{0A8DA1BB-1EDF-4F00-8ECB-468EADE94140}"
EndProject
Project("{FAE04EC0-301F-11D3-BF4B-00C04F79EFBC}") = "04_10_04_MixedPeople", "Glava_04\10_Inheritance\04_10_04_MixedPeople\04_10_04_MixedPeople.csproj", "{E6A73319-D86E-4015-B473-DAEDE676E8B2}"
EndProject
Global
	GlobalSection(SolutionConfigurationPlatforms) = preSolution
		Debug|Any CPU = Debug|Any CPU
		Release|Any CPU = Release|Any CPU
	EndGlobalSection
	GlobalSection(ProjectConfigurationPlatforms) = postSolution
		{F2A48987-64FC-45AD-9F83-BA00ADCC6717}.Debug|Any CPU.ActiveCfg = Debug|Any CPU
		{F2A48987-64FC-45AD-9F83-BA00ADCC6717}.Debug|Any CPU.Build.0 = Debug|Any CPU
		{F2A48987-64FC-45AD-9F83-BA00ADCC6717}.Release|Any CPU.ActiveCfg = Release|Any CPU
		{F2A48987-64FC-45AD-9F83-BA00ADCC6717}.Release|Any CPU.Build.0 = Release|Any CPU
		{B4AED8B5-13AD-40D4-B499-18217B7BC485}.Debug|Any CPU.ActiveCfg = Debug|Any CPU
		{B4AED8B5-13AD-40D4-B499-18217B7BC485}.Debug|Any CPU.Build.0 = Debug|Any CPU
		{B4AED8B5-13AD-40D4-B499-18217B7BC485}.Release|Any CPU.ActiveCfg = Release|Any CPU
		{B4AED8B5-13AD-40D4-B499-18217B7BC485}.Release|Any CPU.Build.0 = Release|Any CPU
		{2651D135-809D-40A3-8622-342547B71764}.Debug|Any CPU.ActiveCfg = Debug|Any CPU
		{2651D135-809D-40A3-8622-342547B71764}.Debug|Any CPU.Build.0 = Debug|Any CPU
		{2651D135-809D-40A3-8622-342547B71764}.Release|Any CPU.ActiveCfg = Release|Any CPU
		{2651D135-809D-40A3-8622-342547B71764}.Release|Any CPU.Build.0 = Release|Any CPU
		{4E755EB5-CA1C-4548-8122-B6E5A66689BE}.Debug|Any CPU.ActiveCfg = Debug|Any CPU
		{4E755EB5-CA1C-4548-8122-B6E5A66689BE}.Debug|Any CPU.Build.0 = Debug|Any CPU
		{4E755EB5-CA1C-4548-8122-B6E5A66689BE}.Release|Any CPU.ActiveCfg = Release|Any CPU
		{4E755EB5-CA1C-4548-8122-B6E5A66689BE}.Release|Any CPU.Build.0 = Release|Any CPU
		{90AB96C8-0740-4F6B-B61D-429CD982740B}.Debug|Any CPU.ActiveCfg = Debug|Any CPU
		{90AB96C8-0740-4F6B-B61D-429CD982740B}.Debug|Any CPU.Build.0 = Debug|Any CPU
		{90AB96C8-0740-4F6B-B61D-429CD982740B}.Release|Any CPU.ActiveCfg = Release|Any CPU
		{90AB96C8-0740-4F6B-B61D-429CD982740B}.Release|Any CPU.Build.0 = Release|Any CPU
		{91147645-0633-4EE3-AE50-4820A0EBAED4}.Debug|Any CPU.ActiveCfg = Debug|Any CPU
		{91147645-0633-4EE3-AE50-4820A0EBAED4}.Debug|Any CPU.Build.0 = Debug|Any CPU
		{91147645-0633-4EE3-AE50-4820A0EBAED4}.Release|Any CPU.ActiveCfg = Release|Any CPU
		{91147645-0633-4EE3-AE50-4820A0EBAED4}.Release|Any CPU.Build.0 = Release|Any CPU
		{7BD22AB4-849C-4089-B9C0-F687360EBD9E}.Debug|Any CPU.ActiveCfg = Debug|Any CPU
		{7BD22AB4-849C-4089-B9C0-F687360EBD9E}.Debug|Any CPU.Build.0 = Debug|Any CPU
		{7BD22AB4-849C-4089-B9C0-F687360EBD9E}.Release|Any CPU.ActiveCfg = Release|Any CPU
		{7BD22AB4-849C-4089-B9C0-F687360EBD9E}.Release|Any CPU.Build.0 = Release|Any CPU
		{31A77394-F28D-4D9B-8432-1D4CFF0376A4}.Debug|Any CPU.ActiveCfg = Debug|Any CPU
		{31A77394-F28D-4D9B-8432-1D4CFF0376A4}.Debug|Any CPU.Build.0 = Debug|Any CPU
		{31A77394-F28D-4D9B-8432-1D4CFF0376A4}.Release|Any CPU.ActiveCfg = Release|Any CPU
		{31A77394-F28D-4D9B-8432-1D4CFF0376A4}.Release|Any CPU.Build.0 = Release|Any CPU
		{6D63C64A-83BB-4B90-8A6A-EFDE7FFCFCB9}.Debug|Any CPU.ActiveCfg = Debug|Any CPU
		{6D63C64A-83BB-4B90-8A6A-EFDE7FFCFCB9}.Debug|Any CPU.Build.0 = Debug|Any CPU
		{6D63C64A-83BB-4B90-8A6A-EFDE7FFCFCB9}.Release|Any CPU.ActiveCfg = Release|Any CPU
		{6D63C64A-83BB-4B90-8A6A-EFDE7FFCFCB9}.Release|Any CPU.Build.0 = Release|Any CPU
		{1456AA13-AD43-4748-96CA-B74CE16A72DE}.Debug|Any CPU.ActiveCfg = Debug|Any CPU
		{1456AA13-AD43-4748-96CA-B74CE16A72DE}.Debug|Any CPU.Build.0 = Debug|Any CPU
		{1456AA13-AD43-4748-96CA-B74CE16A72DE}.Release|Any CPU.ActiveCfg = Release|Any CPU
		{1456AA13-AD43-4748-96CA-B74CE16A72DE}.Release|Any CPU.Build.0 = Release|Any CPU
		{F01C86B9-2BC5-469E-8CE6-3854258AB06E}.Debug|Any CPU.ActiveCfg = Debug|Any CPU
		{F01C86B9-2BC5-469E-8CE6-3854258AB06E}.Debug|Any CPU.Build.0 = Debug|Any CPU
		{F01C86B9-2BC5-469E-8CE6-3854258AB06E}.Release|Any CPU.ActiveCfg = Release|Any CPU
		{F01C86B9-2BC5-469E-8CE6-3854258AB06E}.Release|Any CPU.Build.0 = Release|Any CPU
		{70775E00-573B-4570-92C0-82CE3EA5C741}.Debug|Any CPU.ActiveCfg = Debug|Any CPU
		{70775E00-573B-4570-92C0-82CE3EA5C741}.Debug|Any CPU.Build.0 = Debug|Any CPU
		{70775E00-573B-4570-92C0-82CE3EA5C741}.Release|Any CPU.ActiveCfg = Release|Any CPU
		{70775E00-573B-4570-92C0-82CE3EA5C741}.Release|Any CPU.Build.0 = Release|Any CPU
		{AA8BC2D8-9D11-44BA-BD69-0E9DD97F99C6}.Debug|Any CPU.ActiveCfg = Debug|Any CPU
		{AA8BC2D8-9D11-44BA-BD69-0E9DD97F99C6}.Debug|Any CPU.Build.0 = Debug|Any CPU
		{AA8BC2D8-9D11-44BA-BD69-0E9DD97F99C6}.Release|Any CPU.ActiveCfg = Release|Any CPU
		{AA8BC2D8-9D11-44BA-BD69-0E9DD97F99C6}.Release|Any CPU.Build.0 = Release|Any CPU
		{3E64BFAF-1C2F-4251-BEB3-3B74B51BD05F}.Debug|Any CPU.ActiveCfg = Debug|Any CPU
		{3E64BFAF-1C2F-4251-BEB3-3B74B51BD05F}.Debug|Any CPU.Build.0 = Debug|Any CPU
		{3E64BFAF-1C2F-4251-BEB3-3B74B51BD05F}.Release|Any CPU.ActiveCfg = Release|Any CPU
		{3E64BFAF-1C2F-4251-BEB3-3B74B51BD05F}.Release|Any CPU.Build.0 = Release|Any CPU
		{FE58E79B-7228-4E85-B0F9-314578025817}.Debug|Any CPU.ActiveCfg = Debug|Any CPU
		{FE58E79B-7228-4E85-B0F9-314578025817}.Debug|Any CPU.Build.0 = Debug|Any CPU
		{FE58E79B-7228-4E85-B0F9-314578025817}.Release|Any CPU.ActiveCfg = Release|Any CPU
		{FE58E79B-7228-4E85-B0F9-314578025817}.Release|Any CPU.Build.0 = Release|Any CPU
		{82879B72-09EB-4BA0-99DC-3C4E8A04487F}.Debug|Any CPU.ActiveCfg = Debug|Any CPU
		{82879B72-09EB-4BA0-99DC-3C4E8A04487F}.Debug|Any CPU.Build.0 = Debug|Any CPU
		{82879B72-09EB-4BA0-99DC-3C4E8A04487F}.Release|Any CPU.ActiveCfg = Release|Any CPU
		{82879B72-09EB-4BA0-99DC-3C4E8A04487F}.Release|Any CPU.Build.0 = Release|Any CPU
		{84E8CC5C-7CFA-402D-9032-50783F6E4F7A}.Debug|Any CPU.ActiveCfg = Debug|Any CPU
		{84E8CC5C-7CFA-402D-9032-50783F6E4F7A}.Debug|Any CPU.Build.0 = Debug|Any CPU
		{84E8CC5C-7CFA-402D-9032-50783F6E4F7A}.Release|Any CPU.ActiveCfg = Release|Any CPU
		{84E8CC5C-7CFA-402D-9032-50783F6E4F7A}.Release|Any CPU.Build.0 = Release|Any CPU
		{E7462167-727E-4313-B45F-7C1A456FAD16}.Debug|Any CPU.ActiveCfg = Debug|Any CPU
		{E7462167-727E-4313-B45F-7C1A456FAD16}.Debug|Any CPU.Build.0 = Debug|Any CPU
		{E7462167-727E-4313-B45F-7C1A456FAD16}.Release|Any CPU.ActiveCfg = Release|Any CPU
		{E7462167-727E-4313-B45F-7C1A456FAD16}.Release|Any CPU.Build.0 = Release|Any CPU
		{37D45584-D794-4558-8B8A-FA50653D65CC}.Debug|Any CPU.ActiveCfg = Debug|Any CPU
		{37D45584-D794-4558-8B8A-FA50653D65CC}.Debug|Any CPU.Build.0 = Debug|Any CPU
		{37D45584-D794-4558-8B8A-FA50653D65CC}.Release|Any CPU.ActiveCfg = Release|Any CPU
		{37D45584-D794-4558-8B8A-FA50653D65CC}.Release|Any CPU.Build.0 = Release|Any CPU
		{92CDAC9F-903B-4072-85F4-C99BBE355839}.Debug|Any CPU.ActiveCfg = Debug|Any CPU
		{92CDAC9F-903B-4072-85F4-C99BBE355839}.Debug|Any CPU.Build.0 = Debug|Any CPU
		{92CDAC9F-903B-4072-85F4-C99BBE355839}.Release|Any CPU.ActiveCfg = Release|Any CPU
		{92CDAC9F-903B-4072-85F4-C99BBE355839}.Release|Any CPU.Build.0 = Release|Any CPU
		{C50CD2C7-422C-4BDD-9F9A-08353680E43C}.Debug|Any CPU.ActiveCfg = Debug|Any CPU
		{C50CD2C7-422C-4BDD-9F9A-08353680E43C}.Debug|Any CPU.Build.0 = Debug|Any CPU
		{C50CD2C7-422C-4BDD-9F9A-08353680E43C}.Release|Any CPU.ActiveCfg = Release|Any CPU
		{C50CD2C7-422C-4BDD-9F9A-08353680E43C}.Release|Any CPU.Build.0 = Release|Any CPU
		{37E19896-EFCB-48A1-A125-0494CF826A5F}.Debug|Any CPU.ActiveCfg = Debug|Any CPU
		{37E19896-EFCB-48A1-A125-0494CF826A5F}.Debug|Any CPU.Build.0 = Debug|Any CPU
		{37E19896-EFCB-48A1-A125-0494CF826A5F}.Release|Any CPU.ActiveCfg = Release|Any CPU
		{37E19896-EFCB-48A1-A125-0494CF826A5F}.Release|Any CPU.Build.0 = Release|Any CPU
		{E6F873F7-0317-406D-98B9-EFBD403E1DAD}.Debug|Any CPU.ActiveCfg = Debug|Any CPU
		{E6F873F7-0317-406D-98B9-EFBD403E1DAD}.Debug|Any CPU.Build.0 = Debug|Any CPU
		{E6F873F7-0317-406D-98B9-EFBD403E1DAD}.Release|Any CPU.ActiveCfg = Release|Any CPU
		{E6F873F7-0317-406D-98B9-EFBD403E1DAD}.Release|Any CPU.Build.0 = Release|Any CPU
		{ADD1D128-9E5C-4817-B46F-E129CE653C78}.Debug|Any CPU.ActiveCfg = Debug|Any CPU
		{ADD1D128-9E5C-4817-B46F-E129CE653C78}.Debug|Any CPU.Build.0 = Debug|Any CPU
		{ADD1D128-9E5C-4817-B46F-E129CE653C78}.Release|Any CPU.ActiveCfg = Release|Any CPU
		{ADD1D128-9E5C-4817-B46F-E129CE653C78}.Release|Any CPU.Build.0 = Release|Any CPU
		{E84390D7-BA78-4554-8770-72D892E8F9A2}.Debug|Any CPU.ActiveCfg = Debug|Any CPU
		{E84390D7-BA78-4554-8770-72D892E8F9A2}.Debug|Any CPU.Build.0 = Debug|Any CPU
		{E84390D7-BA78-4554-8770-72D892E8F9A2}.Release|Any CPU.ActiveCfg = Release|Any CPU
		{E84390D7-BA78-4554-8770-72D892E8F9A2}.Release|Any CPU.Build.0 = Release|Any CPU
		{B8F88B29-82C0-4A43-A6AF-03978641C29F}.Debug|Any CPU.ActiveCfg = Debug|Any CPU
		{B8F88B29-82C0-4A43-A6AF-03978641C29F}.Debug|Any CPU.Build.0 = Debug|Any CPU
		{B8F88B29-82C0-4A43-A6AF-03978641C29F}.Release|Any CPU.ActiveCfg = Release|Any CPU
		{B8F88B29-82C0-4A43-A6AF-03978641C29F}.Release|Any CPU.Build.0 = Release|Any CPU
		{1BE07B86-23D9-4AA0-8EA4-DC44DC20BD93}.Debug|Any CPU.ActiveCfg = Debug|Any CPU
		{1BE07B86-23D9-4AA0-8EA4-DC44DC20BD93}.Debug|Any CPU.Build.0 = Debug|Any CPU
		{1BE07B86-23D9-4AA0-8EA4-DC44DC20BD93}.Release|Any CPU.ActiveCfg = Release|Any CPU
		{1BE07B86-23D9-4AA0-8EA4-DC44DC20BD93}.Release|Any CPU.Build.0 = Release|Any CPU
		{C087601C-A819-4DD4-83EF-BE850D43CB3F}.Debug|Any CPU.ActiveCfg = Debug|Any CPU
		{C087601C-A819-4DD4-83EF-BE850D43CB3F}.Debug|Any CPU.Build.0 = Debug|Any CPU
		{C087601C-A819-4DD4-83EF-BE850D43CB3F}.Release|Any CPU.ActiveCfg = Release|Any CPU
		{C087601C-A819-4DD4-83EF-BE850D43CB3F}.Release|Any CPU.Build.0 = Release|Any CPU
		{249A9BB5-E5FB-4125-8AA3-D30991AB0489}.Debug|Any CPU.ActiveCfg = Debug|Any CPU
		{249A9BB5-E5FB-4125-8AA3-D30991AB0489}.Debug|Any CPU.Build.0 = Debug|Any CPU
		{249A9BB5-E5FB-4125-8AA3-D30991AB0489}.Release|Any CPU.ActiveCfg = Release|Any CPU
		{249A9BB5-E5FB-4125-8AA3-D30991AB0489}.Release|Any CPU.Build.0 = Release|Any CPU
		{388E1655-2087-4B50-B9F3-7DE5014787C7}.Debug|Any CPU.ActiveCfg = Debug|Any CPU
		{388E1655-2087-4B50-B9F3-7DE5014787C7}.Debug|Any CPU.Build.0 = Debug|Any CPU
		{388E1655-2087-4B50-B9F3-7DE5014787C7}.Release|Any CPU.ActiveCfg = Release|Any CPU
		{388E1655-2087-4B50-B9F3-7DE5014787C7}.Release|Any CPU.Build.0 = Release|Any CPU
		{9637D44C-0959-4AB7-8BC3-E74FA42CC228}.Debug|Any CPU.ActiveCfg = Debug|Any CPU
		{9637D44C-0959-4AB7-8BC3-E74FA42CC228}.Debug|Any CPU.Build.0 = Debug|Any CPU
		{9637D44C-0959-4AB7-8BC3-E74FA42CC228}.Release|Any CPU.ActiveCfg = Release|Any CPU
		{9637D44C-0959-4AB7-8BC3-E74FA42CC228}.Release|Any CPU.Build.0 = Release|Any CPU
		{C2428C27-AEA7-443A-BE2A-C7AE22A89CA5}.Debug|Any CPU.ActiveCfg = Debug|Any CPU
		{C2428C27-AEA7-443A-BE2A-C7AE22A89CA5}.Debug|Any CPU.Build.0 = Debug|Any CPU
		{C2428C27-AEA7-443A-BE2A-C7AE22A89CA5}.Release|Any CPU.ActiveCfg = Release|Any CPU
		{C2428C27-AEA7-443A-BE2A-C7AE22A89CA5}.Release|Any CPU.Build.0 = Release|Any CPU
		{335E493E-9918-4B70-AF7A-3EA01245CA4F}.Debug|Any CPU.ActiveCfg = Debug|Any CPU
		{335E493E-9918-4B70-AF7A-3EA01245CA4F}.Debug|Any CPU.Build.0 = Debug|Any CPU
		{335E493E-9918-4B70-AF7A-3EA01245CA4F}.Release|Any CPU.ActiveCfg = Release|Any CPU
		{335E493E-9918-4B70-AF7A-3EA01245CA4F}.Release|Any CPU.Build.0 = Release|Any CPU
		{0D06FBB8-1ED7-4A4F-AB6C-85E7AED9ABCC}.Debug|Any CPU.ActiveCfg = Debug|Any CPU
		{0D06FBB8-1ED7-4A4F-AB6C-85E7AED9ABCC}.Debug|Any CPU.Build.0 = Debug|Any CPU
		{0D06FBB8-1ED7-4A4F-AB6C-85E7AED9ABCC}.Release|Any CPU.ActiveCfg = Release|Any CPU
		{0D06FBB8-1ED7-4A4F-AB6C-85E7AED9ABCC}.Release|Any CPU.Build.0 = Release|Any CPU
		{EF3B5EE3-E4E6-40A6-8FB6-D1E04322039C}.Debug|Any CPU.ActiveCfg = Debug|Any CPU
		{EF3B5EE3-E4E6-40A6-8FB6-D1E04322039C}.Debug|Any CPU.Build.0 = Debug|Any CPU
		{EF3B5EE3-E4E6-40A6-8FB6-D1E04322039C}.Release|Any CPU.ActiveCfg = Release|Any CPU
		{EF3B5EE3-E4E6-40A6-8FB6-D1E04322039C}.Release|Any CPU.Build.0 = Release|Any CPU
		{5A3E04E6-57A2-48DE-A3E4-69F4BC08B470}.Debug|Any CPU.ActiveCfg = Debug|Any CPU
		{5A3E04E6-57A2-48DE-A3E4-69F4BC08B470}.Debug|Any CPU.Build.0 = Debug|Any CPU
		{5A3E04E6-57A2-48DE-A3E4-69F4BC08B470}.Release|Any CPU.ActiveCfg = Release|Any CPU
		{5A3E04E6-57A2-48DE-A3E4-69F4BC08B470}.Release|Any CPU.Build.0 = Release|Any CPU
		{F6B87B8B-ECAE-4086-9D0F-DBC97969E30B}.Debug|Any CPU.ActiveCfg = Debug|Any CPU
		{F6B87B8B-ECAE-4086-9D0F-DBC97969E30B}.Debug|Any CPU.Build.0 = Debug|Any CPU
		{F6B87B8B-ECAE-4086-9D0F-DBC97969E30B}.Release|Any CPU.ActiveCfg = Release|Any CPU
		{F6B87B8B-ECAE-4086-9D0F-DBC97969E30B}.Release|Any CPU.Build.0 = Release|Any CPU
		{117A552A-15C0-4B2B-A194-A5894B67AFFC}.Debug|Any CPU.ActiveCfg = Debug|Any CPU
		{117A552A-15C0-4B2B-A194-A5894B67AFFC}.Debug|Any CPU.Build.0 = Debug|Any CPU
		{117A552A-15C0-4B2B-A194-A5894B67AFFC}.Release|Any CPU.ActiveCfg = Release|Any CPU
		{117A552A-15C0-4B2B-A194-A5894B67AFFC}.Release|Any CPU.Build.0 = Release|Any CPU
		{086DFAB1-7BB0-4814-8C28-DB812EB1B87B}.Debug|Any CPU.ActiveCfg = Debug|Any CPU
		{086DFAB1-7BB0-4814-8C28-DB812EB1B87B}.Debug|Any CPU.Build.0 = Debug|Any CPU
		{086DFAB1-7BB0-4814-8C28-DB812EB1B87B}.Release|Any CPU.ActiveCfg = Release|Any CPU
		{086DFAB1-7BB0-4814-8C28-DB812EB1B87B}.Release|Any CPU.Build.0 = Release|Any CPU
		{9723B217-FB7D-4235-A477-A3FE5A8EF101}.Debug|Any CPU.ActiveCfg = Debug|Any CPU
		{9723B217-FB7D-4235-A477-A3FE5A8EF101}.Debug|Any CPU.Build.0 = Debug|Any CPU
		{9723B217-FB7D-4235-A477-A3FE5A8EF101}.Release|Any CPU.ActiveCfg = Release|Any CPU
		{9723B217-FB7D-4235-A477-A3FE5A8EF101}.Release|Any CPU.Build.0 = Release|Any CPU
		{6C2204AC-E344-4028-9856-0C3A689CDC2F}.Debug|Any CPU.ActiveCfg = Debug|Any CPU
		{6C2204AC-E344-4028-9856-0C3A689CDC2F}.Debug|Any CPU.Build.0 = Debug|Any CPU
		{6C2204AC-E344-4028-9856-0C3A689CDC2F}.Release|Any CPU.ActiveCfg = Release|Any CPU
		{6C2204AC-E344-4028-9856-0C3A689CDC2F}.Release|Any CPU.Build.0 = Release|Any CPU
		{B1F308F6-E04D-4C36-BA00-D926B2D582A0}.Debug|Any CPU.ActiveCfg = Debug|Any CPU
		{B1F308F6-E04D-4C36-BA00-D926B2D582A0}.Debug|Any CPU.Build.0 = Debug|Any CPU
		{B1F308F6-E04D-4C36-BA00-D926B2D582A0}.Release|Any CPU.ActiveCfg = Release|Any CPU
		{B1F308F6-E04D-4C36-BA00-D926B2D582A0}.Release|Any CPU.Build.0 = Release|Any CPU
		{CBA25337-6B29-493B-857D-EC4C51422D23}.Debug|Any CPU.ActiveCfg = Debug|Any CPU
		{CBA25337-6B29-493B-857D-EC4C51422D23}.Debug|Any CPU.Build.0 = Debug|Any CPU
		{CBA25337-6B29-493B-857D-EC4C51422D23}.Release|Any CPU.ActiveCfg = Release|Any CPU
		{CBA25337-6B29-493B-857D-EC4C51422D23}.Release|Any CPU.Build.0 = Release|Any CPU
		{974A6750-EC29-4460-A588-EF600553FFFE}.Debug|Any CPU.ActiveCfg = Debug|Any CPU
		{974A6750-EC29-4460-A588-EF600553FFFE}.Debug|Any CPU.Build.0 = Debug|Any CPU
		{974A6750-EC29-4460-A588-EF600553FFFE}.Release|Any CPU.ActiveCfg = Release|Any CPU
		{974A6750-EC29-4460-A588-EF600553FFFE}.Release|Any CPU.Build.0 = Release|Any CPU
		{993B1687-5A20-4FF8-800A-D0160BB0F8C7}.Debug|Any CPU.ActiveCfg = Debug|Any CPU
		{993B1687-5A20-4FF8-800A-D0160BB0F8C7}.Debug|Any CPU.Build.0 = Debug|Any CPU
		{993B1687-5A20-4FF8-800A-D0160BB0F8C7}.Release|Any CPU.ActiveCfg = Release|Any CPU
		{993B1687-5A20-4FF8-800A-D0160BB0F8C7}.Release|Any CPU.Build.0 = Release|Any CPU
		{3E87FA4F-65D7-4A04-B41D-AA9AB2E2CCFD}.Debug|Any CPU.ActiveCfg = Debug|Any CPU
		{3E87FA4F-65D7-4A04-B41D-AA9AB2E2CCFD}.Debug|Any CPU.Build.0 = Debug|Any CPU
		{3E87FA4F-65D7-4A04-B41D-AA9AB2E2CCFD}.Release|Any CPU.ActiveCfg = Release|Any CPU
		{3E87FA4F-65D7-4A04-B41D-AA9AB2E2CCFD}.Release|Any CPU.Build.0 = Release|Any CPU
		{72793C3A-F762-4FA3-A904-3C5F3B6AA91A}.Debug|Any CPU.ActiveCfg = Debug|Any CPU
		{72793C3A-F762-4FA3-A904-3C5F3B6AA91A}.Debug|Any CPU.Build.0 = Debug|Any CPU
		{72793C3A-F762-4FA3-A904-3C5F3B6AA91A}.Release|Any CPU.ActiveCfg = Release|Any CPU
		{72793C3A-F762-4FA3-A904-3C5F3B6AA91A}.Release|Any CPU.Build.0 = Release|Any CPU
		{32CBDF35-96E3-45B9-9F30-78910DAF6F5B}.Debug|Any CPU.ActiveCfg = Debug|Any CPU
		{32CBDF35-96E3-45B9-9F30-78910DAF6F5B}.Debug|Any CPU.Build.0 = Debug|Any CPU
		{32CBDF35-96E3-45B9-9F30-78910DAF6F5B}.Release|Any CPU.ActiveCfg = Release|Any CPU
		{32CBDF35-96E3-45B9-9F30-78910DAF6F5B}.Release|Any CPU.Build.0 = Release|Any CPU
		{7F992B17-C927-4495-B243-EFCCC3657C99}.Debug|Any CPU.ActiveCfg = Debug|Any CPU
		{7F992B17-C927-4495-B243-EFCCC3657C99}.Debug|Any CPU.Build.0 = Debug|Any CPU
		{7F992B17-C927-4495-B243-EFCCC3657C99}.Release|Any CPU.ActiveCfg = Release|Any CPU
		{7F992B17-C927-4495-B243-EFCCC3657C99}.Release|Any CPU.Build.0 = Release|Any CPU
		{91165E92-EF8E-4F6C-B8F0-FAEA9FF5E6D1}.Debug|Any CPU.ActiveCfg = Debug|Any CPU
		{91165E92-EF8E-4F6C-B8F0-FAEA9FF5E6D1}.Debug|Any CPU.Build.0 = Debug|Any CPU
		{91165E92-EF8E-4F6C-B8F0-FAEA9FF5E6D1}.Release|Any CPU.ActiveCfg = Release|Any CPU
		{91165E92-EF8E-4F6C-B8F0-FAEA9FF5E6D1}.Release|Any CPU.Build.0 = Release|Any CPU
		{0E000626-59B4-4FBD-83EE-FE2D81B83B14}.Debug|Any CPU.ActiveCfg = Debug|Any CPU
		{0E000626-59B4-4FBD-83EE-FE2D81B83B14}.Debug|Any CPU.Build.0 = Debug|Any CPU
		{0E000626-59B4-4FBD-83EE-FE2D81B83B14}.Release|Any CPU.ActiveCfg = Release|Any CPU
		{0E000626-59B4-4FBD-83EE-FE2D81B83B14}.Release|Any CPU.Build.0 = Release|Any CPU
		{AB594226-6288-4776-A854-6EF362A3B954}.Debug|Any CPU.ActiveCfg = Debug|Any CPU
		{AB594226-6288-4776-A854-6EF362A3B954}.Debug|Any CPU.Build.0 = Debug|Any CPU
		{AB594226-6288-4776-A854-6EF362A3B954}.Release|Any CPU.ActiveCfg = Release|Any CPU
		{AB594226-6288-4776-A854-6EF362A3B954}.Release|Any CPU.Build.0 = Release|Any CPU
		{C23504ED-BA33-4442-A4EA-C255173BB4F6}.Debug|Any CPU.ActiveCfg = Debug|Any CPU
		{C23504ED-BA33-4442-A4EA-C255173BB4F6}.Debug|Any CPU.Build.0 = Debug|Any CPU
		{C23504ED-BA33-4442-A4EA-C255173BB4F6}.Release|Any CPU.ActiveCfg = Release|Any CPU
		{C23504ED-BA33-4442-A4EA-C255173BB4F6}.Release|Any CPU.Build.0 = Release|Any CPU
		{12E4F9CB-6BBF-4CDC-B244-9C16A2769C26}.Debug|Any CPU.ActiveCfg = Debug|Any CPU
		{12E4F9CB-6BBF-4CDC-B244-9C16A2769C26}.Debug|Any CPU.Build.0 = Debug|Any CPU
		{12E4F9CB-6BBF-4CDC-B244-9C16A2769C26}.Release|Any CPU.ActiveCfg = Release|Any CPU
		{12E4F9CB-6BBF-4CDC-B244-9C16A2769C26}.Release|Any CPU.Build.0 = Release|Any CPU
		{F9D006B2-CEBB-49E2-BA45-BAA2573C5691}.Debug|Any CPU.ActiveCfg = Debug|Any CPU
		{F9D006B2-CEBB-49E2-BA45-BAA2573C5691}.Debug|Any CPU.Build.0 = Debug|Any CPU
		{F9D006B2-CEBB-49E2-BA45-BAA2573C5691}.Release|Any CPU.ActiveCfg = Release|Any CPU
		{F9D006B2-CEBB-49E2-BA45-BAA2573C5691}.Release|Any CPU.Build.0 = Release|Any CPU
		{6EE33165-BF6A-440C-88D2-358BDF02DEE4}.Debug|Any CPU.ActiveCfg = Debug|Any CPU
		{6EE33165-BF6A-440C-88D2-358BDF02DEE4}.Debug|Any CPU.Build.0 = Debug|Any CPU
		{6EE33165-BF6A-440C-88D2-358BDF02DEE4}.Release|Any CPU.ActiveCfg = Release|Any CPU
		{6EE33165-BF6A-440C-88D2-358BDF02DEE4}.Release|Any CPU.Build.0 = Release|Any CPU
		{02F7EDDC-7ADE-477B-A17B-0DA9510F65BA}.Debug|Any CPU.ActiveCfg = Debug|Any CPU
		{02F7EDDC-7ADE-477B-A17B-0DA9510F65BA}.Debug|Any CPU.Build.0 = Debug|Any CPU
		{02F7EDDC-7ADE-477B-A17B-0DA9510F65BA}.Release|Any CPU.ActiveCfg = Release|Any CPU
		{02F7EDDC-7ADE-477B-A17B-0DA9510F65BA}.Release|Any CPU.Build.0 = Release|Any CPU
		{D623AD85-2D62-498D-8815-0028424E876A}.Debug|Any CPU.ActiveCfg = Debug|Any CPU
		{D623AD85-2D62-498D-8815-0028424E876A}.Debug|Any CPU.Build.0 = Debug|Any CPU
		{D623AD85-2D62-498D-8815-0028424E876A}.Release|Any CPU.ActiveCfg = Release|Any CPU
		{D623AD85-2D62-498D-8815-0028424E876A}.Release|Any CPU.Build.0 = Release|Any CPU
		{6B7DC512-41C2-4A1F-8851-115157BBE0B7}.Debug|Any CPU.ActiveCfg = Debug|Any CPU
		{6B7DC512-41C2-4A1F-8851-115157BBE0B7}.Debug|Any CPU.Build.0 = Debug|Any CPU
		{6B7DC512-41C2-4A1F-8851-115157BBE0B7}.Release|Any CPU.ActiveCfg = Release|Any CPU
		{6B7DC512-41C2-4A1F-8851-115157BBE0B7}.Release|Any CPU.Build.0 = Release|Any CPU
		{53DF6090-D017-4243-8F4F-7C0B93549082}.Debug|Any CPU.ActiveCfg = Debug|Any CPU
		{53DF6090-D017-4243-8F4F-7C0B93549082}.Debug|Any CPU.Build.0 = Debug|Any CPU
		{53DF6090-D017-4243-8F4F-7C0B93549082}.Release|Any CPU.ActiveCfg = Release|Any CPU
		{53DF6090-D017-4243-8F4F-7C0B93549082}.Release|Any CPU.Build.0 = Release|Any CPU
		{7B7C94FD-56B5-4B75-B5C4-BD21305F4CC3}.Debug|Any CPU.ActiveCfg = Debug|Any CPU
		{7B7C94FD-56B5-4B75-B5C4-BD21305F4CC3}.Debug|Any CPU.Build.0 = Debug|Any CPU
		{7B7C94FD-56B5-4B75-B5C4-BD21305F4CC3}.Release|Any CPU.ActiveCfg = Release|Any CPU
		{7B7C94FD-56B5-4B75-B5C4-BD21305F4CC3}.Release|Any CPU.Build.0 = Release|Any CPU
		{FC1D86E1-CDE8-4425-B196-28759FE5F213}.Debug|Any CPU.ActiveCfg = Debug|Any CPU
		{FC1D86E1-CDE8-4425-B196-28759FE5F213}.Debug|Any CPU.Build.0 = Debug|Any CPU
		{FC1D86E1-CDE8-4425-B196-28759FE5F213}.Release|Any CPU.ActiveCfg = Release|Any CPU
		{FC1D86E1-CDE8-4425-B196-28759FE5F213}.Release|Any CPU.Build.0 = Release|Any CPU
		{4BD38BFA-BDBD-4252-AE86-0A289A435B41}.Debug|Any CPU.ActiveCfg = Debug|Any CPU
		{4BD38BFA-BDBD-4252-AE86-0A289A435B41}.Debug|Any CPU.Build.0 = Debug|Any CPU
		{4BD38BFA-BDBD-4252-AE86-0A289A435B41}.Release|Any CPU.ActiveCfg = Release|Any CPU
		{4BD38BFA-BDBD-4252-AE86-0A289A435B41}.Release|Any CPU.Build.0 = Release|Any CPU
		{550E5497-D64E-48DA-8E90-886254E1BD76}.Debug|Any CPU.ActiveCfg = Debug|Any CPU
		{550E5497-D64E-48DA-8E90-886254E1BD76}.Debug|Any CPU.Build.0 = Debug|Any CPU
		{550E5497-D64E-48DA-8E90-886254E1BD76}.Release|Any CPU.ActiveCfg = Release|Any CPU
		{550E5497-D64E-48DA-8E90-886254E1BD76}.Release|Any CPU.Build.0 = Release|Any CPU
		{12E6F2D9-3029-4AE9-9617-91BB5C473DBC}.Debug|Any CPU.ActiveCfg = Debug|Any CPU
		{12E6F2D9-3029-4AE9-9617-91BB5C473DBC}.Debug|Any CPU.Build.0 = Debug|Any CPU
		{12E6F2D9-3029-4AE9-9617-91BB5C473DBC}.Release|Any CPU.ActiveCfg = Release|Any CPU
		{12E6F2D9-3029-4AE9-9617-91BB5C473DBC}.Release|Any CPU.Build.0 = Release|Any CPU
		{4B5F82AE-8334-461F-89F7-67D3AF40063C}.Debug|Any CPU.ActiveCfg = Debug|Any CPU
		{4B5F82AE-8334-461F-89F7-67D3AF40063C}.Debug|Any CPU.Build.0 = Debug|Any CPU
		{4B5F82AE-8334-461F-89F7-67D3AF40063C}.Release|Any CPU.ActiveCfg = Release|Any CPU
		{4B5F82AE-8334-461F-89F7-67D3AF40063C}.Release|Any CPU.Build.0 = Release|Any CPU
		{46E3C96C-1B2D-4CB7-B0D1-D296BE7CFBA4}.Debug|Any CPU.ActiveCfg = Debug|Any CPU
		{46E3C96C-1B2D-4CB7-B0D1-D296BE7CFBA4}.Debug|Any CPU.Build.0 = Debug|Any CPU
		{46E3C96C-1B2D-4CB7-B0D1-D296BE7CFBA4}.Release|Any CPU.ActiveCfg = Release|Any CPU
		{46E3C96C-1B2D-4CB7-B0D1-D296BE7CFBA4}.Release|Any CPU.Build.0 = Release|Any CPU
		{0A8DA1BB-1EDF-4F00-8ECB-468EADE94140}.Debug|Any CPU.ActiveCfg = Debug|Any CPU
		{0A8DA1BB-1EDF-4F00-8ECB-468EADE94140}.Debug|Any CPU.Build.0 = Debug|Any CPU
		{0A8DA1BB-1EDF-4F00-8ECB-468EADE94140}.Release|Any CPU.ActiveCfg = Release|Any CPU
		{0A8DA1BB-1EDF-4F00-8ECB-468EADE94140}.Release|Any CPU.Build.0 = Release|Any CPU
		{E6A73319-D86E-4015-B473-DAEDE676E8B2}.Debug|Any CPU.ActiveCfg = Debug|Any CPU
		{E6A73319-D86E-4015-B473-DAEDE676E8B2}.Debug|Any CPU.Build.0 = Debug|Any CPU
		{E6A73319-D86E-4015-B473-DAEDE676E8B2}.Release|Any CPU.ActiveCfg = Release|Any CPU
		{E6A73319-D86E-4015-B473-DAEDE676E8B2}.Release|Any CPU.Build.0 = Release|Any CPU
	EndGlobalSection
	GlobalSection(SolutionProperties) = preSolution
		HideSolutionNode = FALSE
	EndGlobalSection
	GlobalSection(NestedProjects) = preSolution
		{3C29F8BE-CD30-4295-9D48-A8F265818894} = {D6A453E5-4843-4B86-AA5E-49B956D43E1C}
		{FCD07E3B-02D9-46B7-9550-A5FFB8682C6B} = {D6A453E5-4843-4B86-AA5E-49B956D43E1C}
		{F2A48987-64FC-45AD-9F83-BA00ADCC6717} = {3C29F8BE-CD30-4295-9D48-A8F265818894}
		{B4AED8B5-13AD-40D4-B499-18217B7BC485} = {3C29F8BE-CD30-4295-9D48-A8F265818894}
		{2651D135-809D-40A3-8622-342547B71764} = {FCD07E3B-02D9-46B7-9550-A5FFB8682C6B}
		{4E755EB5-CA1C-4548-8122-B6E5A66689BE} = {FCD07E3B-02D9-46B7-9550-A5FFB8682C6B}
		{90AB96C8-0740-4F6B-B61D-429CD982740B} = {FCD07E3B-02D9-46B7-9550-A5FFB8682C6B}
		{91147645-0633-4EE3-AE50-4820A0EBAED4} = {D6A453E5-4843-4B86-AA5E-49B956D43E1C}
		{7BD22AB4-849C-4089-B9C0-F687360EBD9E} = {D6A453E5-4843-4B86-AA5E-49B956D43E1C}
		{0349169A-9325-408A-85FD-D582B208FA1E} = {EE9BAC23-19DF-4B27-A97D-DA1CCBA4A6B2}
		{585055DC-50F2-4D88-A894-E27F94AC1B70} = {EE9BAC23-19DF-4B27-A97D-DA1CCBA4A6B2}
		{19303F30-0672-4D5F-A377-16752FB8D4A5} = {EE9BAC23-19DF-4B27-A97D-DA1CCBA4A6B2}
		{31A77394-F28D-4D9B-8432-1D4CFF0376A4} = {0349169A-9325-408A-85FD-D582B208FA1E}
		{6D63C64A-83BB-4B90-8A6A-EFDE7FFCFCB9} = {0349169A-9325-408A-85FD-D582B208FA1E}
		{1456AA13-AD43-4748-96CA-B74CE16A72DE} = {0349169A-9325-408A-85FD-D582B208FA1E}
		{F01C86B9-2BC5-469E-8CE6-3854258AB06E} = {19303F30-0672-4D5F-A377-16752FB8D4A5}
		{70775E00-573B-4570-92C0-82CE3EA5C741} = {19303F30-0672-4D5F-A377-16752FB8D4A5}
		{AA8BC2D8-9D11-44BA-BD69-0E9DD97F99C6} = {3C29F8BE-CD30-4295-9D48-A8F265818894}
		{3E64BFAF-1C2F-4251-BEB3-3B74B51BD05F} = {585055DC-50F2-4D88-A894-E27F94AC1B70}
		{FE58E79B-7228-4E85-B0F9-314578025817} = {19303F30-0672-4D5F-A377-16752FB8D4A5}
		{82879B72-09EB-4BA0-99DC-3C4E8A04487F} = {19303F30-0672-4D5F-A377-16752FB8D4A5}
		{84E8CC5C-7CFA-402D-9032-50783F6E4F7A} = {19303F30-0672-4D5F-A377-16752FB8D4A5}
		{E7462167-727E-4313-B45F-7C1A456FAD16} = {19303F30-0672-4D5F-A377-16752FB8D4A5}
		{37D45584-D794-4558-8B8A-FA50653D65CC} = {19303F30-0672-4D5F-A377-16752FB8D4A5}
		{92CDAC9F-903B-4072-85F4-C99BBE355839} = {19303F30-0672-4D5F-A377-16752FB8D4A5}
		{6C20D47F-2090-4B47-AA13-F9E1CC0FBC3C} = {EE9BAC23-19DF-4B27-A97D-DA1CCBA4A6B2}
		{C50CD2C7-422C-4BDD-9F9A-08353680E43C} = {6C20D47F-2090-4B47-AA13-F9E1CC0FBC3C}
		{37E19896-EFCB-48A1-A125-0494CF826A5F} = {6C20D47F-2090-4B47-AA13-F9E1CC0FBC3C}
		{E6F873F7-0317-406D-98B9-EFBD403E1DAD} = {6C20D47F-2090-4B47-AA13-F9E1CC0FBC3C}
		{ADD1D128-9E5C-4817-B46F-E129CE653C78} = {6C20D47F-2090-4B47-AA13-F9E1CC0FBC3C}
		{DB6B9132-DC4F-4C57-A309-032C8AF50923} = {EE9BAC23-19DF-4B27-A97D-DA1CCBA4A6B2}
		{E84390D7-BA78-4554-8770-72D892E8F9A2} = {DB6B9132-DC4F-4C57-A309-032C8AF50923}
		{CD880876-2720-4C29-A6BF-32D103F81954} = {EE9BAC23-19DF-4B27-A97D-DA1CCBA4A6B2}
		{1B0C9837-16B5-4ACA-A482-FB7A5B5A3C1A} = {EE9BAC23-19DF-4B27-A97D-DA1CCBA4A6B2}
		{B8F88B29-82C0-4A43-A6AF-03978641C29F} = {CD880876-2720-4C29-A6BF-32D103F81954}
		{1BE07B86-23D9-4AA0-8EA4-DC44DC20BD93} = {1B0C9837-16B5-4ACA-A482-FB7A5B5A3C1A}
		{C087601C-A819-4DD4-83EF-BE850D43CB3F} = {CD880876-2720-4C29-A6BF-32D103F81954}
		{249A9BB5-E5FB-4125-8AA3-D30991AB0489} = {CD880876-2720-4C29-A6BF-32D103F81954}
		{D7B26709-85CC-4A91-BA41-A069EAC71A5D} = {EE9BAC23-19DF-4B27-A97D-DA1CCBA4A6B2}
		{388E1655-2087-4B50-B9F3-7DE5014787C7} = {D7B26709-85CC-4A91-BA41-A069EAC71A5D}
		{9ACF1783-800E-4FD4-B8BF-834A44860229} = {EE9BAC23-19DF-4B27-A97D-DA1CCBA4A6B2}
		{9637D44C-0959-4AB7-8BC3-E74FA42CC228} = {9ACF1783-800E-4FD4-B8BF-834A44860229}
		{C2428C27-AEA7-443A-BE2A-C7AE22A89CA5} = {9ACF1783-800E-4FD4-B8BF-834A44860229}
		{134435C6-5481-478E-81CF-C5559EDB8199} = {EE9BAC23-19DF-4B27-A97D-DA1CCBA4A6B2}
		{335E493E-9918-4B70-AF7A-3EA01245CA4F} = {134435C6-5481-478E-81CF-C5559EDB8199}
		{0D06FBB8-1ED7-4A4F-AB6C-85E7AED9ABCC} = {9ACF1783-800E-4FD4-B8BF-834A44860229}
		{A09A0DCB-988E-44C8-ABEA-87BEAB2E4E13} = {EE9BAC23-19DF-4B27-A97D-DA1CCBA4A6B2}
		{EF3B5EE3-E4E6-40A6-8FB6-D1E04322039C} = {A09A0DCB-988E-44C8-ABEA-87BEAB2E4E13}
		{5A3E04E6-57A2-48DE-A3E4-69F4BC08B470} = {A09A0DCB-988E-44C8-ABEA-87BEAB2E4E13}
		{45ECBF7A-40AA-488E-93DB-7E0AD5275EAF} = {EE9BAC23-19DF-4B27-A97D-DA1CCBA4A6B2}
		{F6B87B8B-ECAE-4086-9D0F-DBC97969E30B} = {45ECBF7A-40AA-488E-93DB-7E0AD5275EAF}
		{C7D24995-6B69-4A37-90C1-8A84D1C4BFC5} = {F80414AB-9001-49AE-8DAD-44FE04D730EE}
		{117A552A-15C0-4B2B-A194-A5894B67AFFC} = {C7D24995-6B69-4A37-90C1-8A84D1C4BFC5}
		{086DFAB1-7BB0-4814-8C28-DB812EB1B87B} = {C7D24995-6B69-4A37-90C1-8A84D1C4BFC5}
		{9723B217-FB7D-4235-A477-A3FE5A8EF101} = {C7D24995-6B69-4A37-90C1-8A84D1C4BFC5}
		{A3CE601F-B770-42E5-A30D-7857EF4A4FF9} = {F80414AB-9001-49AE-8DAD-44FE04D730EE}
		{6C2204AC-E344-4028-9856-0C3A689CDC2F} = {A3CE601F-B770-42E5-A30D-7857EF4A4FF9}
		{B1F308F6-E04D-4C36-BA00-D926B2D582A0} = {A3CE601F-B770-42E5-A30D-7857EF4A4FF9}
		{CAED894F-A4D7-40B7-BBC8-4B3EDEC9A873} = {F80414AB-9001-49AE-8DAD-44FE04D730EE}
		{CBA25337-6B29-493B-857D-EC4C51422D23} = {CAED894F-A4D7-40B7-BBC8-4B3EDEC9A873}
		{F579DA04-966A-49B5-84A5-9F14D6D468E2} = {F80414AB-9001-49AE-8DAD-44FE04D730EE}
		{974A6750-EC29-4460-A588-EF600553FFFE} = {F579DA04-966A-49B5-84A5-9F14D6D468E2}
		{0341BDAB-9B6B-422D-B960-C494531F0600} = {F80414AB-9001-49AE-8DAD-44FE04D730EE}
		{993B1687-5A20-4FF8-800A-D0160BB0F8C7} = {0341BDAB-9B6B-422D-B960-C494531F0600}
		{3E87FA4F-65D7-4A04-B41D-AA9AB2E2CCFD} = {0341BDAB-9B6B-422D-B960-C494531F0600}
		{BF9C7362-B1C7-4324-84EB-CFE32B5B1059} = {F80414AB-9001-49AE-8DAD-44FE04D730EE}
		{72793C3A-F762-4FA3-A904-3C5F3B6AA91A} = {BF9C7362-B1C7-4324-84EB-CFE32B5B1059}
		{32CBDF35-96E3-45B9-9F30-78910DAF6F5B} = {BF9C7362-B1C7-4324-84EB-CFE32B5B1059}
		{7F992B17-C927-4495-B243-EFCCC3657C99} = {BF9C7362-B1C7-4324-84EB-CFE32B5B1059}
		{91165E92-EF8E-4F6C-B8F0-FAEA9FF5E6D1} = {BF9C7362-B1C7-4324-84EB-CFE32B5B1059}
		{0E000626-59B4-4FBD-83EE-FE2D81B83B14} = {BF9C7362-B1C7-4324-84EB-CFE32B5B1059}
		{70ED90B4-DA69-4D6E-B739-746C47446541} = {F80414AB-9001-49AE-8DAD-44FE04D730EE}
		{AB594226-6288-4776-A854-6EF362A3B954} = {70ED90B4-DA69-4D6E-B739-746C47446541}
		{C23504ED-BA33-4442-A4EA-C255173BB4F6} = {70ED90B4-DA69-4D6E-B739-746C47446541}
		{12E4F9CB-6BBF-4CDC-B244-9C16A2769C26} = {70ED90B4-DA69-4D6E-B739-746C47446541}
		{F9D006B2-CEBB-49E2-BA45-BAA2573C5691} = {70ED90B4-DA69-4D6E-B739-746C47446541}
		{6EE33165-BF6A-440C-88D2-358BDF02DEE4} = {70ED90B4-DA69-4D6E-B739-746C47446541}
		{02F7EDDC-7ADE-477B-A17B-0DA9510F65BA} = {70ED90B4-DA69-4D6E-B739-746C47446541}
		{4E8C5014-FF31-48A5-BAB3-151F442846F1} = {F80414AB-9001-49AE-8DAD-44FE04D730EE}
		{D623AD85-2D62-498D-8815-0028424E876A} = {4E8C5014-FF31-48A5-BAB3-151F442846F1}
		{6B7DC512-41C2-4A1F-8851-115157BBE0B7} = {4E8C5014-FF31-48A5-BAB3-151F442846F1}
		{53DF6090-D017-4243-8F4F-7C0B93549082} = {4E8C5014-FF31-48A5-BAB3-151F442846F1}
		{7B7C94FD-56B5-4B75-B5C4-BD21305F4CC3} = {4E8C5014-FF31-48A5-BAB3-151F442846F1}
		{FC1D86E1-CDE8-4425-B196-28759FE5F213} = {4E8C5014-FF31-48A5-BAB3-151F442846F1}
		{D3BC1BC1-35CE-4E2D-8D28-BFB85EC202E9} = {F80414AB-9001-49AE-8DAD-44FE04D730EE}
		{4BD38BFA-BDBD-4252-AE86-0A289A435B41} = {D3BC1BC1-35CE-4E2D-8D28-BFB85EC202E9}
		{550E5497-D64E-48DA-8E90-886254E1BD76} = {D3BC1BC1-35CE-4E2D-8D28-BFB85EC202E9}
		{12E6F2D9-3029-4AE9-9617-91BB5C473DBC} = {D3BC1BC1-35CE-4E2D-8D28-BFB85EC202E9}
		{AC235C13-308F-4D9A-A379-520D171E4320} = {F80414AB-9001-49AE-8DAD-44FE04D730EE}
		{4B5F82AE-8334-461F-89F7-67D3AF40063C} = {AC235C13-308F-4D9A-A379-520D171E4320}
		{46E3C96C-1B2D-4CB7-B0D1-D296BE7CFBA4} = {AC235C13-308F-4D9A-A379-520D171E4320}
		{0A8DA1BB-1EDF-4F00-8ECB-468EADE94140} = {AC235C13-308F-4D9A-A379-520D171E4320}
		{E6A73319-D86E-4015-B473-DAEDE676E8B2} = {AC235C13-308F-4D9A-A379-520D171E4320}
	EndGlobalSection
	GlobalSection(ExtensibilityGlobals) = postSolution
		SolutionGuid = {3F8F84CB-18BC-4C02-97A5-06CA99A31ECF}
	EndGlobalSection
EndGlobal
