
Microsoft Visual Studio Solution File, Format Version 12.00
# Visual Studio Version 17
VisualStudioVersion = 17.9.34622.214
MinimumVisualStudioVersion = 10.0.40219.1
Project("{2150E333-8FDC-42A3-9474-1A3956D46DE8}") = "Glava_02", "Glava_02", "{D6A453E5-4843-4B86-AA5E-49B956D43E1C}"
EndProject
Project("{2150E333-8FDC-42A3-9474-1A3956D46DE8}") = "19_Params", "19_Params", "{3C29F8BE-CD30-4295-9D48-A8F265818894}"
EndProject
Project("{2150E333-8FDC-42A3-9474-1A3956D46DE8}") = "20_factorial", "20_factorial", "{FCD07E3B-02D9-46B7-9550-A5FFB8682C6B}"
EndProject
Project("{2150E333-8FDC-42A3-9474-1A3956D46DE8}") = "Glava_03", "Glava_03", "{EE9BAC23-19DF-4B27-A97D-DA1CCBA4A6B2}"
EndProject
Project("{9A19103F-16F7-4668-BE54-9A1E7A4F7556}") = "Params_2", "Glava_02\19_params\Params\Params_2\Params_2.csproj", "{F2A48987-64FC-45AD-9F83-BA00ADCC6717}"
EndProject
Project("{9A19103F-16F7-4668-BE54-9A1E7A4F7556}") = "Params_3", "Glava_02\19_params\Params\Params_3\Params_3.csproj", "{B4AED8B5-13AD-40D4-B499-18217B7BC485}"
EndProject
Project("{9A19103F-16F7-4668-BE54-9A1E7A4F7556}") = "Factorials_1", "Glava_02\20_factorial\Factorials\Factorials\Factorials_1.csproj", "{2651D135-809D-40A3-8622-342547B71764}"
EndProject
Project("{9A19103F-16F7-4668-BE54-9A1E7A4F7556}") = "Fibonachi", "Glava_02\20_factorial\Factorials\Fibonachi\Fibonachi.csproj", "{4E755EB5-CA1C-4548-8122-B6E5A66689BE}"
EndProject
Project("{9A19103F-16F7-4668-BE54-9A1E7A4F7556}") = "FibonachiCycle", "Glava_02\20_factorial\Factorials\FibonachiCycle\FibonachiCycle.csproj", "{90AB96C8-0740-4F6B-B61D-429CD982740B}"
EndProject
Project("{9A19103F-16F7-4668-BE54-9A1E7A4F7556}") = "22_Switch", "Glava_02\22_Switch\Switch_1\22_Switch.csproj", "{91147645-0633-4EE3-AE50-4820A0EBAED4}"
EndProject
Project("{9A19103F-16F7-4668-BE54-9A1E7A4F7556}") = "23 Enum", "Glava_02\23_Enum\Enum_1\Enum_1\23 Enum.csproj", "{7BD22AB4-849C-4089-B9C0-F687360EBD9E}"
EndProject
Project("{2150E333-8FDC-42A3-9474-1A3956D46DE8}") = "02_constructor", "02_constructor", "{0349169A-9325-408A-85FD-D582B208FA1E}"
EndProject
Project("{2150E333-8FDC-42A3-9474-1A3956D46DE8}") = "03_Main", "03_Main", "{585055DC-50F2-4D88-A894-E27F94AC1B70}"
EndProject
Project("{2150E333-8FDC-42A3-9474-1A3956D46DE8}") = "04_Structure", "04_Structure", "{19303F30-0672-4D5F-A377-16752FB8D4A5}"
EndProject
Project("{9A19103F-16F7-4668-BE54-9A1E7A4F7556}") = "Constructor_1", "Glava_03\02_constructor\Constructor_1\Constructor_1.csproj", "{31A77394-F28D-4D9B-8432-1D4CFF0376A4}"
EndProject
Project("{9A19103F-16F7-4668-BE54-9A1E7A4F7556}") = "Constructor_2", "Glava_03\02_constructor\Constructor_2\Constructor_2.csproj", "{6D63C64A-83BB-4B90-8A6A-EFDE7FFCFCB9}"
EndProject
Project("{9A19103F-16F7-4668-BE54-9A1E7A4F7556}") = "Deconstruct", "Glava_03\02_constructor\Deconstruct\Deconstruct.csproj", "{1456AA13-AD43-4748-96CA-B74CE16A72DE}"
EndProject
Project("{9A19103F-16F7-4668-BE54-9A1E7A4F7556}") = "_01_StructEx", "Glava_03\04_Structure\_01_StructEx\_01_StructEx.csproj", "{F01C86B9-2BC5-469E-8CE6-3854258AB06E}"
EndProject
Project("{9A19103F-16F7-4668-BE54-9A1E7A4F7556}") = "_02_DefaultStruct", "Glava_03\04_Structure\_02_DefaultStruct\_02_DefaultStruct.csproj", "{70775E00-573B-4570-92C0-82CE3EA5C741}"
EndProject
Project("{9A19103F-16F7-4668-BE54-9A1E7A4F7556}") = "02_19_01_Params_1", "Glava_02\19_params\Params\Params_1\02_19_01_Params_1.csproj", "{AA8BC2D8-9D11-44BA-BD69-0E9DD97F99C6}"
EndProject
Project("{9A19103F-16F7-4668-BE54-9A1E7A4F7556}") = "Main", "Glava_03\03_Main\Main\Main.csproj", "{3E64BFAF-1C2F-4251-BEB3-3B74B51BD05F}"
EndProject
Project("{9A19103F-16F7-4668-BE54-9A1E7A4F7556}") = "_03_Struct", "Glava_03\04_Structure\_03_Struct\_03_Struct.csproj", "{FE58E79B-7228-4E85-B0F9-314578025817}"
EndProject
Project("{9A19103F-16F7-4668-BE54-9A1E7A4F7556}") = "_04_Struct", "Glava_03\04_Structure\_04_Struct\_04_Struct.csproj", "{82879B72-09EB-4BA0-99DC-3C4E8A04487F}"
EndProject
Project("{9A19103F-16F7-4668-BE54-9A1E7A4F7556}") = "_05_Struct", "Glava_03\04_Structure\_05_Struct\_05_Struct.csproj", "{84E8CC5C-7CFA-402D-9032-50783F6E4F7A}"
EndProject
Project("{9A19103F-16F7-4668-BE54-9A1E7A4F7556}") = "_06_Struct", "Glava_03\04_Structure\_06_Struct\_06_Struct.csproj", "{E7462167-727E-4313-B45F-7C1A456FAD16}"
EndProject
Project("{9A19103F-16F7-4668-BE54-9A1E7A4F7556}") = "_07_Struct", "Glava_03\04_Structure\_07_Struct\_07_Struct.csproj", "{37D45584-D794-4558-8B8A-FA50653D65CC}"
EndProject
Project("{9A19103F-16F7-4668-BE54-9A1E7A4F7556}") = "08_Struct_With", "Glava_03\04_Structure\08_Struct_With\08_Struct_With.csproj", "{92CDAC9F-903B-4072-85F4-C99BBE355839}"
EndProject
Project("{2150E333-8FDC-42A3-9474-1A3956D46DE8}") = "05_Values", "05_Values", "{6C20D47F-2090-4B47-AA13-F9E1CC0FBC3C}"
EndProject
Project("{9A19103F-16F7-4668-BE54-9A1E7A4F7556}") = "_01_CopyValues", "Glava_03\05_Values\_01_CopyValues\_01_CopyValues.csproj", "{C50CD2C7-422C-4BDD-9F9A-08353680E43C}"
EndProject
Project("{9A19103F-16F7-4668-BE54-9A1E7A4F7556}") = "_02_CopyReferenceValues", "Glava_03\05_Values\_02_CopyReferenceValues\_02_CopyReferenceValues.csproj", "{37E19896-EFCB-48A1-A125-0494CF826A5F}"
EndProject
Project("{9A19103F-16F7-4668-BE54-9A1E7A4F7556}") = "_03_CopyValues", "Glava_03\05_Values\_03_CopyValues\_03_CopyValues.csproj", "{E6F873F7-0317-406D-98B9-EFBD403E1DAD}"
EndProject
Project("{9A19103F-16F7-4668-BE54-9A1E7A4F7556}") = "_04_ChangePerson", "Glava_03\05_Values\_04_ChangePerson\_04_ChangePerson.csproj", "{ADD1D128-9E5C-4817-B46F-E129CE653C78}"
EndProject
Project("{2150E333-8FDC-42A3-9474-1A3956D46DE8}") = "06_Namespace", "06_Namespace", "{DB6B9132-DC4F-4C57-A309-032C8AF50923}"
EndProject
Project("{9A19103F-16F7-4668-BE54-9A1E7A4F7556}") = "_01_Namespace", "Glava_03\06_Namespace\_01_Namespace\_01_Namespace.csproj", "{E84390D7-BA78-4554-8770-72D892E8F9A2}"
EndProject
Project("{2150E333-8FDC-42A3-9474-1A3956D46DE8}") = "12_Properties", "12_Properties", "{CD880876-2720-4C29-A6BF-32D103F81954}"
EndProject
Project("{2150E333-8FDC-42A3-9474-1A3956D46DE8}") = "11_Mofificator", "11_Mofificator", "{1B0C9837-16B5-4ACA-A482-FB7A5B5A3C1A}"
EndProject
Project("{9A19103F-16F7-4668-BE54-9A1E7A4F7556}") = "_01_PropertyPrivateSet", "Glava_03\12_Property\PropertyPrivateSet\_01_PropertyPrivateSet.csproj", "{B8F88B29-82C0-4A43-A6AF-03978641C29F}"
EndProject
Project("{9A19103F-16F7-4668-BE54-9A1E7A4F7556}") = "State", "Glava_03\11_Modificators\State\State.csproj", "{1BE07B86-23D9-4AA0-8EA4-DC44DC20BD93}"
EndProject
Project("{9A19103F-16F7-4668-BE54-9A1E7A4F7556}") = "_02_PropertyInit", "Glava_03\12_Property\PropertyInit\_02_PropertyInit.csproj", "{C087601C-A819-4DD4-83EF-BE850D43CB3F}"
EndProject
Project("{9A19103F-16F7-4668-BE54-9A1E7A4F7556}") = "_03_PropertyRequired", "Glava_03\12_Property\_03_PropertyRequired\_03_PropertyRequired.csproj", "{249A9BB5-E5FB-4125-8AA3-D30991AB0489}"
EndProject
Project("{2150E333-8FDC-42A3-9474-1A3956D46DE8}") = "16_Const", "16_Const", "{D7B26709-85CC-4A91-BA41-A069EAC71A5D}"
EndProject
Project("{9A19103F-16F7-4668-BE54-9A1E7A4F7556}") = "ReadonlyStruct", "Glava_03\16_Const\ReadonlyStruct\ReadonlyStruct.csproj", "{388E1655-2087-4B50-B9F3-7DE5014787C7}"
EndProject
Project("{2150E333-8FDC-42A3-9474-1A3956D46DE8}") = "17_NullableReference", "17_NullableReference", "{9ACF1783-800E-4FD4-B8BF-834A44860229}"
EndProject
Project("{9A19103F-16F7-4668-BE54-9A1E7A4F7556}") = "01_NullableEnable", "Glava_03\17_NullableReference\NullableEnable\01_NullableEnable.csproj", "{9637D44C-0959-4AB7-8BC3-E74FA42CC228}"
EndProject
Project("{9A19103F-16F7-4668-BE54-9A1E7A4F7556}") = "02_NullForgiving", "Glava_03\17_NullableReference\NullForgiving\02_NullForgiving.csproj", "{C2428C27-AEA7-443A-BE2A-C7AE22A89CA5}"
EndProject
Project("{2150E333-8FDC-42A3-9474-1A3956D46DE8}") = "18_NullableValues", "18_NullableValues", "{134435C6-5481-478E-81CF-C5559EDB8199}"
EndProject
Project("{9A19103F-16F7-4668-BE54-9A1E7A4F7556}") = "01_HasValue", "Glava_03\18_NullableValue\01_HasValue\01_HasValue.csproj", "{335E493E-9918-4B70-AF7A-3EA01245CA4F}"
EndProject
Project("{9A19103F-16F7-4668-BE54-9A1E7A4F7556}") = "03_NullableDisable", "Glava_03\17_NullableReference\NullableDisable\03_NullableDisable.csproj", "{0D06FBB8-1ED7-4A4F-AB6C-85E7AED9ABCC}"
EndProject
Project("{2150E333-8FDC-42A3-9474-1A3956D46DE8}") = "19_NullGuard", "19_NullGuard", "{A09A0DCB-988E-44C8-ABEA-87BEAB2E4E13}"
EndProject
Project("{9A19103F-16F7-4668-BE54-9A1E7A4F7556}") = "01_NullGuard", "Glava_03\19_NullGuard\01_NullGuard\01_NullGuard.csproj", "{EF3B5EE3-E4E6-40A6-8FB6-D1E04322039C}"
EndProject
Project("{9A19103F-16F7-4668-BE54-9A1E7A4F7556}") = "02_NullUslovnyi", "Glava_03\19_NullGuard\02_NullUslovnyi\02_NullUslovnyi.csproj", "{5A3E04E6-57A2-48DE-A3E4-69F4BC08B470}"
EndProject
Project("{2150E333-8FDC-42A3-9474-1A3956D46DE8}") = "20_StaticImport", "20_StaticImport", "{45ECBF7A-40AA-488E-93DB-7E0AD5275EAF}"
EndProject
Project("{9A19103F-16F7-4668-BE54-9A1E7A4F7556}") = "03_20_01_StaticImport", "Glava_03\20_StaticImport\01_StaticImport\03_20_01_StaticImport.csproj", "{F6B87B8B-ECAE-4086-9D0F-DBC97969E30B}"
EndProject
Project("{2150E333-8FDC-42A3-9474-1A3956D46DE8}") = "Glava_04", "Glava_04", "{F80414AB-9001-49AE-8DAD-44FE04D730EE}"
EndProject
Project("{2150E333-8FDC-42A3-9474-1A3956D46DE8}") = "01_Nasledovanie", "01_Nasledovanie", "{C7D24995-6B69-4A37-90C1-8A84D1C4BFC5}"
EndProject
Project("{9A19103F-16F7-4668-BE54-9A1E7A4F7556}") = "04_01_01_Emloyee", "Glava_04\01_Nasledovanie\04_01_01_Emloyee\04_01_01_Emloyee.csproj", "{117A552A-15C0-4B2B-A194-A5894B67AFFC}"
EndProject
Project("{9A19103F-16F7-4668-BE54-9A1E7A4F7556}") = "04_01_02_Emloyee", "Glava_04\01_Nasledovanie\04_01_02_Emloyee\04_01_02_Emloyee.csproj", "{086DFAB1-7BB0-4814-8C28-DB812EB1B87B}"
EndProject
Project("{9A19103F-16F7-4668-BE54-9A1E7A4F7556}") = "04_01_03_CallConstruct", "Glava_04\01_Nasledovanie\04_01_03_CallConstruct\04_01_03_CallConstruct.csproj", "{9723B217-FB7D-4235-A477-A3FE5A8EF101}"
EndProject
Project("{2150E333-8FDC-42A3-9474-1A3956D46DE8}") = "02_Types", "02_Types", "{A3CE601F-B770-42E5-A30D-7857EF4A4FF9}"
EndProject
Project("{9A19103F-16F7-4668-BE54-9A1E7A4F7556}") = "04_02_01_Types", "Glava_04\02_Types\04_02_01_Types\04_02_01_Types.csproj", "{6C2204AC-E344-4028-9856-0C3A689CDC2F}"
EndProject
Project("{9A19103F-16F7-4668-BE54-9A1E7A4F7556}") = "04_02_02_OperatorAs", "Glava_04\02_Types\04_02_02_OperatorAs\04_02_02_OperatorAs.csproj", "{B1F308F6-E04D-4C36-BA00-D926B2D582A0}"
EndProject
Project("{2150E333-8FDC-42A3-9474-1A3956D46DE8}") = "03_Virtual", "03_Virtual", "{CAED894F-A4D7-40B7-BBC8-4B3EDEC9A873}"
EndProject
Project("{9A19103F-16F7-4668-BE54-9A1E7A4F7556}") = "04_03_01_VirtualPrint", "Glava_04\03_Virtual\04_03_01_VirtualPrint\04_03_01_VirtualPrint.csproj", "{CBA25337-6B29-493B-857D-EC4C51422D23}"
EndProject
Project("{2150E333-8FDC-42A3-9474-1A3956D46DE8}") = "04_HideProperties", "04_HideProperties", "{F579DA04-966A-49B5-84A5-9F14D6D468E2}"
EndProject
Project("{9A19103F-16F7-4668-BE54-9A1E7A4F7556}") = "04_04_01_HideProperties", "Glava_04\04_HideProperties\04_04_01_HideProperties\04_04_01_HideProperties.csproj", "{974A6750-EC29-4460-A588-EF600553FFFE}"
EndProject
Project("{2150E333-8FDC-42A3-9474-1A3956D46DE8}") = "05_OverrideAndHideCompare", "05_OverrideAndHideCompare", "{0341BDAB-9B6B-422D-B960-C494531F0600}"
EndProject
Project("{9A19103F-16F7-4668-BE54-9A1E7A4F7556}") = "04_05_01_OverrideMethods", "Glava_04\05_OverrideAndHideCompare\04_05_01_OverrideMethods\04_05_01_OverrideMethods.csproj", "{993B1687-5A20-4FF8-800A-D0160BB0F8C7}"
EndProject
Project("{9A19103F-16F7-4668-BE54-9A1E7A4F7556}") = "04_05_02_Hide", "Glava_04\05_OverrideAndHideCompare\04_05_02_Hide\04_05_02_Hide.csproj", "{3E87FA4F-65D7-4A04-B41D-AA9AB2E2CCFD}"
EndProject
Project("{2150E333-8FDC-42A3-9474-1A3956D46DE8}") = "06_Abstract", "06_Abstract", "{BF9C7362-B1C7-4324-84EB-CFE32B5B1059}"
EndProject
Project("{9A19103F-16F7-4668-BE54-9A1E7A4F7556}") = "04_06_01_Abstract", "Glava_04\06_Abstract\04_06_01_Abstract\04_06_01_Abstract.csproj", "{72793C3A-F762-4FA3-A904-3C5F3B6AA91A}"
EndProject
Project("{9A19103F-16F7-4668-BE54-9A1E7A4F7556}") = "04_06_02_Transport", "Glava_04\06_Abstract\04_06_02_Transport\04_06_02_Transport.csproj", "{32CBDF35-96E3-45B9-9F30-78910DAF6F5B}"
EndProject
Project("{9A19103F-16F7-4668-BE54-9A1E7A4F7556}") = "04_06_03_AbstractMethod", "Glava_04\06_Abstract\04_06_03_AbstractMethod\04_06_03_AbstractMethod.csproj", "{7F992B17-C927-4495-B243-EFCCC3657C99}"
EndProject
Project("{9A19103F-16F7-4668-BE54-9A1E7A4F7556}") = "04_06_04_RejectionAbstract", "Glava_04\06_Abstract\04_06_04_RejectionAbstract\04_06_04_RejectionAbstract.csproj", "{91165E92-EF8E-4F6C-B8F0-FAEA9FF5E6D1}"
EndProject
Project("{9A19103F-16F7-4668-BE54-9A1E7A4F7556}") = "04_06_05_Shape", "Glava_04\06_Abstract\04_06_05_Shape\04_06_05_Shape.csproj", "{0E000626-59B4-4FBD-83EE-FE2D81B83B14}"
EndProject
Project("{2150E333-8FDC-42A3-9474-1A3956D46DE8}") = "07_Object", "07_Object", "{70ED90B4-DA69-4D6E-B739-746C47446541}"
EndProject
Project("{9A19103F-16F7-4668-BE54-9A1E7A4F7556}") = "04_07_01_ToString", "Glava_04\07_Object\04_07_01_ToString\04_07_01_ToString.csproj", "{AB594226-6288-4776-A854-6EF362A3B954}"
EndProject
Project("{9A19103F-16F7-4668-BE54-9A1E7A4F7556}") = "04_07_02_PersonToString", "Glava_04\07_Object\04_07_02_PersonToString\04_07_02_PersonToString.csproj", "{C23504ED-BA33-4442-A4EA-C255173BB4F6}"
EndProject
Project("{9A19103F-16F7-4668-BE54-9A1E7A4F7556}") = "04_07_03_PersonToString", "Glava_04\07_Object\04_07_03_PersonToString\04_07_03_PersonToString.csproj", "{12E4F9CB-6BBF-4CDC-B244-9C16A2769C26}"
EndProject
Project("{9A19103F-16F7-4668-BE54-9A1E7A4F7556}") = "04_07_04_GetHashCode", "Glava_04\07_Object\04_07_03_GetHashCode\04_07_04_GetHashCode.csproj", "{F9D006B2-CEBB-49E2-BA45-BAA2573C5691}"
EndProject
Project("{9A19103F-16F7-4668-BE54-9A1E7A4F7556}") = "04_07_05_GetType", "Glava_04\07_Object\04_07_05_GetType\04_07_05_GetType.csproj", "{6EE33165-BF6A-440C-88D2-358BDF02DEE4}"
EndProject
Project("{9A19103F-16F7-4668-BE54-9A1E7A4F7556}") = "04_07_06_Equals", "Glava_04\07_Object\04_07_06_Equals\04_07_06_Equals.csproj", "{02F7EDDC-7ADE-477B-A17B-0DA9510F65BA}"
EndProject
Project("{2150E333-8FDC-42A3-9474-1A3956D46DE8}") = "08_Generics", "08_Generics", "{4E8C5014-FF31-48A5-BAB3-151F442846F1}"
EndProject
Project("{9A19103F-16F7-4668-BE54-9A1E7A4F7556}") = "04_08_01_PersonGeneric", "Glava_04\08_Generics\04_08_01_PersonGeneric\04_08_01_PersonGeneric.csproj", "{D623AD85-2D62-498D-8815-0028424E876A}"
EndProject
Project("{9A19103F-16F7-4668-BE54-9A1E7A4F7556}") = "04_08_02_PersonCompanyGeneric", "Glava_04\04_08_02_PersonCompanyGeneric\04_08_02_PersonCompanyGeneric.csproj", "{6B7DC512-41C2-4A1F-8851-115157BBE0B7}"
EndProject
Project("{9A19103F-16F7-4668-BE54-9A1E7A4F7556}") = "04_08_03_StaticMemberGeneric", "Glava_04\08_Generics\04_08_03_StaticMemberGeneric\04_08_03_StaticMemberGeneric.csproj", "{53DF6090-D017-4243-8F4F-7C0B93549082}"
EndProject
Project("{9A19103F-16F7-4668-BE54-9A1E7A4F7556}") = "04_08_04_SomeParams", "Glava_04\08_Generics\04_08_04_SomeParams\04_08_04_SomeParams.csproj", "{7B7C94FD-56B5-4B75-B5C4-BD21305F4CC3}"
EndProject
Project("{9A19103F-16F7-4668-BE54-9A1E7A4F7556}") = "04_08_05_GenericMethods", "Glava_04\08_Generics\04_08_05_GenericMethods\04_08_05_GenericMethods.csproj", "{FC1D86E1-CDE8-4425-B196-28759FE5F213}"
EndProject
Project("{2150E333-8FDC-42A3-9474-1A3956D46DE8}") = "09_LimitGeneric", "09_LimitGeneric", "{D3BC1BC1-35CE-4E2D-8D28-BFB85EC202E9}"
EndProject
Project("{9A19103F-16F7-4668-BE54-9A1E7A4F7556}") = "04_09_01_Message", "Glava_04\09_LimitGeneric\04_09_01_Message\04_09_01_Message.csproj", "{4BD38BFA-BDBD-4252-AE86-0A289A435B41}"
EndProject
Project("{9A19103F-16F7-4668-BE54-9A1E7A4F7556}") = "04_09_02_LimitGenericClass", "Glava_04\09_LimitGeneric\04_09_02_LimitGenericClass\04_09_02_LimitGenericClass.csproj", "{550E5497-D64E-48DA-8E90-886254E1BD76}"
EndProject
Project("{9A19103F-16F7-4668-BE54-9A1E7A4F7556}") = "04_09_03_SomeLimitGenericClass", "Glava_04\09_LimitGeneric\04_09_03_SomeLimitGenericClass\04_09_03_SomeLimitGenericClass.csproj", "{12E6F2D9-3029-4AE9-9617-91BB5C473DBC}"
EndProject
Project("{2150E333-8FDC-42A3-9474-1A3956D46DE8}") = "10_Inheritance", "10_Inheritance", "{AC235C13-308F-4D9A-A379-520D171E4320}"
EndProject
Project("{9A19103F-16F7-4668-BE54-9A1E7A4F7556}") = "04_10_01_Inheritance", "Glava_04\10_Inheritance\04_10_01_Inheritance\04_10_01_Inheritance.csproj", "{4B5F82AE-8334-461F-89F7-67D3AF40063C}"
EndProject
Project("{9A19103F-16F7-4668-BE54-9A1E7A4F7556}") = "04_10_02_Two", "Glava_04\10_Inheritance\04_10_02_Two\04_10_02_Two.csproj", "{46E3C96C-1B2D-4CB7-B0D1-D296BE7CFBA4}"
EndProject
Project("{9A19103F-16F7-4668-BE54-9A1E7A4F7556}") = "04_10_03_Three", "Glava_04\09_LimitGeneric\04_10_03_Three\04_10_03_Three.csproj", "{0A8DA1BB-1EDF-4F00-8ECB-468EADE94140}"
EndProject
Project("{9A19103F-16F7-4668-BE54-9A1E7A4F7556}") = "04_10_04_MixedPeople", "Glava_04\10_Inheritance\04_10_04_MixedPeople\04_10_04_MixedPeople.csproj", "{E6A73319-D86E-4015-B473-DAEDE676E8B2}"
EndProject
Project("{2150E333-8FDC-42A3-9474-1A3956D46DE8}") = "Glava_05", "Glava_05", "{21D42ABF-7A81-4641-AF7D-272FD6C608C2}"
EndProject
Project("{9A19103F-16F7-4668-BE54-9A1E7A4F7556}") = "05_01_01_DivideByZero", "Glava_05\01_TryCatchFinally\05_01_01_DivideByZero\05_01_01_DivideByZero.csproj", "{06AAD0E2-5E2F-4179-9034-805874A3D613}"
EndProject
Project("{2150E333-8FDC-42A3-9474-1A3956D46DE8}") = "01_TryCatchFinally", "01_TryCatchFinally", "{67090B03-E55E-4240-9190-B8A47D3F48AF}"
EndProject
Project("{2150E333-8FDC-42A3-9474-1A3956D46DE8}") = "02_Filters", "02_Filters", "{0B8D9F8E-C5FD-4446-9430-62739E303F21}"
EndProject
Project("{9A19103F-16F7-4668-BE54-9A1E7A4F7556}") = "05_02_01_NoFilter", "Glava_05\02_Filters\05_02_01_NoFilter\05_02_01_NoFilter.csproj", "{A5D6B756-FC01-4706-A6A1-C2A373615A8F}"
EndProject
Project("{9A19103F-16F7-4668-BE54-9A1E7A4F7556}") = "05_02_02_FilterNoParams", "Glava_05\02_Filters\05_02_02_FilterNoParams\05_02_02_FilterNoParams.csproj", "{08B5A070-B047-49DF-BB7B-12889CF9B5CA}"
EndProject
Project("{9A19103F-16F7-4668-BE54-9A1E7A4F7556}") = "05_02_03_FilterWithParams", "Glava_05\02_Filters\05_02_03_FilterWithParams\05_02_03_FilterWithParams.csproj", "{1DF8E2CC-B1EB-4FFE-9E2C-99817F5DA6FD}"
EndProject
Project("{9A19103F-16F7-4668-BE54-9A1E7A4F7556}") = "05_02_04_With", "Glava_05\02_Filters\05_02_04_With\05_02_04_With.csproj", "{C207EF95-BA92-456F-95F4-F9EB50C46887}"
EndProject
Project("{2150E333-8FDC-42A3-9474-1A3956D46DE8}") = "03_Exception", "03_Exception", "{86785C5A-B819-4EE7-ACD2-0B07F84F310E}"
EndProject
Project("{9A19103F-16F7-4668-BE54-9A1E7A4F7556}") = "05_03_01_Exception", "Glava_05\03_Exception\05_03_01_Exception\05_03_01_Exception.csproj", "{8BC53471-63BD-40DA-89EA-CB01C8DBE4D7}"
EndProject
Project("{9A19103F-16F7-4668-BE54-9A1E7A4F7556}") = "05_03_02_MoreExceptions", "Glava_05\03_Exception\05_03_02_MoreExceptions\05_03_02_MoreExceptions.csproj", "{DC82E4CE-5333-4CDB-8D73-4784876FD505}"
EndProject
Project("{9A19103F-16F7-4668-BE54-9A1E7A4F7556}") = "05_03_03_MoreExceptions", "Glava_05\03_Exception\05_03_03_MoreExceptions\05_03_03_MoreExceptions.csproj", "{2434F12C-6487-4D0F-A875-6D076F29F897}"
EndProject
Project("{2150E333-8FDC-42A3-9474-1A3956D46DE8}") = "04_Throw", "04_Throw", "{767617FA-91A9-477B-B4DF-3C63003DB559}"
EndProject
Project("{9A19103F-16F7-4668-BE54-9A1E7A4F7556}") = "05_04_01_Throw", "Glava_05\04_Throw\05_04_01_Throw\05_04_01_Throw.csproj", "{A5128756-98C8-4894-A40C-48D65C771B49}"
EndProject
Project("{9A19103F-16F7-4668-BE54-9A1E7A4F7556}") = "05_04_02_InnerThrow", "Glava_05\04_Throw\05_04_02_InnerThrow\05_04_02_InnerThrow.csproj", "{EAA97842-9A70-4B45-A748-C44DCD35BDFD}"
EndProject
Project("{2150E333-8FDC-42A3-9474-1A3956D46DE8}") = "05_CustomException", "05_CustomException", "{D1E9165A-8C83-4F11-839D-CF959E5E739E}"
EndProject
Project("{9A19103F-16F7-4668-BE54-9A1E7A4F7556}") = "05_05_01_PersonException", "Glava_05\05_CustomException\05_05_01_PersonException\05_05_01_PersonException.csproj", "{6298A0CD-2949-4ADE-944C-EDD104DAC56B}"
EndProject
Project("{9A19103F-16F7-4668-BE54-9A1E7A4F7556}") = "05_05_02_PersonArgumentException", "Glava_05\05_CustomException\05_05_02_PersonArgumentException\05_05_02_PersonArgumentException.csproj", "{E519B50E-7E77-4C6C-911C-390C80362BE6}"
EndProject
Project("{2150E333-8FDC-42A3-9474-1A3956D46DE8}") = "06_SearchCatch", "06_SearchCatch", "{12902581-C572-4257-92B9-8756F29851B4}"
EndProject
Project("{9A19103F-16F7-4668-BE54-9A1E7A4F7556}") = "05_06_01_SearchCatch", "Glava_05\06_SearchCatch\05_06_01_SearchCatch\05_06_01_SearchCatch.csproj", "{E6532E04-2E65-4115-91EC-AF4CAF8A91A3}"
EndProject
Project("{2150E333-8FDC-42A3-9474-1A3956D46DE8}") = "Glava_06", "Glava_06", "{718DD7DB-3652-43DA-8718-22A2ABF950B9}"
EndProject
Project("{2150E333-8FDC-42A3-9474-1A3956D46DE8}") = "01_Delegate", "01_Delegate", "{C9F49A8C-4749-4D82-BDA9-E150498F72BB}"
EndProject
Project("{9A19103F-16F7-4668-BE54-9A1E7A4F7556}") = "06_01_01_Delegate", "Glava_06\01_Delegate\06_01_01_Delegate\06_01_01_Delegate.csproj", "{57C72AF2-771F-4CF1-B05D-7930CA93FCD8}"
EndProject
Project("{9A19103F-16F7-4668-BE54-9A1E7A4F7556}") = "06_01_02_ClassDelegate", "Glava_06\01_Delegate\06_01_02_ClassDelegate\06_01_02_ClassDelegate.csproj", "{BEA18E6B-0B05-49AA-8E5B-2E080D61C8D6}"
EndProject
Project("{9A19103F-16F7-4668-BE54-9A1E7A4F7556}") = "06_01_03_DelegateInMain", "Glava_06\01_Delegate\06_01_03_DelegateInMain\06_01_03_DelegateInMain.csproj", "{26AC25CF-D85F-4863-BD8C-03E0C2BCD72D}"
EndProject
Project("{9A19103F-16F7-4668-BE54-9A1E7A4F7556}") = "06_01_04_DelegateParams", "Glava_06\01_Delegate\06_01_04_DelegateParams\06_01_04_DelegateParams.csproj", "{8D702661-72B4-4A9F-A195-FD9A412C94E5}"
EndProject
Project("{9A19103F-16F7-4668-BE54-9A1E7A4F7556}") = "06_01_05_DelegateNew", "Glava_06\01_Delegate\06_01_05_DelegateNew\06_01_05_DelegateNew.csproj", "{280A9678-6EC5-4EF8-9D30-DA9596E3399A}"
EndProject
Project("{9A19103F-16F7-4668-BE54-9A1E7A4F7556}") = "06_01_06_DelegateAdd", "Glava_06\01_Delegate\06_01_06_DelegateAdd\06_01_06_DelegateAdd.csproj", "{478D759C-F0CB-4268-9723-AE7CDAB83BD1}"
EndProject
Project("{9A19103F-16F7-4668-BE54-9A1E7A4F7556}") = "06_01_07_DelegateAddMore", "Glava_06\01_Delegate\06_01_07_DelegateAddMore\06_01_07_DelegateAddMore.csproj", "{743DF300-99E8-45EE-A66D-2A6DA9F78546}"
EndProject
Project("{9A19103F-16F7-4668-BE54-9A1E7A4F7556}") = "06_01_08_DelegateSub", "Glava_06\01_Delegate\06_01_08_DelegateSub\06_01_08_DelegateSub.csproj", "{76662544-0D27-42B9-9D09-BDE2028B274C}"
EndProject
Project("{9A19103F-16F7-4668-BE54-9A1E7A4F7556}") = "06_01_09_DelegateSum", "Glava_06\01_Delegate\06_01_09_DelegateSum\06_01_09_DelegateSum.csproj", "{45A5AE71-F24B-4F29-8F8F-650D0BD76442}"
EndProject
Project("{9A19103F-16F7-4668-BE54-9A1E7A4F7556}") = "06_01_10_DelegateCall", "Glava_06\01_Delegate\06_01_10_DelegateCall\06_01_10_DelegateCall.csproj", "{CDE07E17-4343-41EB-8CFC-5CDC9B52BE08}"
EndProject
Project("{9A19103F-16F7-4668-BE54-9A1E7A4F7556}") = "06_01_11_DelegateCallInvoke", "Glava_06\01_Delegate\06_01_11_DelegateCallInvoke\06_01_11_DelegateCallInvoke.csproj", "{026BACD2-BEC1-4710-9C22-BEC446026F0D}"
EndProject
Project("{9A19103F-16F7-4668-BE54-9A1E7A4F7556}") = "06_01_12_DelegateCallInvokeNotNull", "Glava_06\01_Delegate\06_01_12_DelegateCallInvokeNotNull\06_01_12_DelegateCallInvokeNotNull.csproj", "{B783EB8D-0AAA-49A4-B2AE-77181A3C3362}"
EndProject
Project("{9A19103F-16F7-4668-BE54-9A1E7A4F7556}") = "06_01_13_DelegateCallReturn", "Glava_06\01_Delegate\06_01_13_DelegateCallReturn\06_01_13_DelegateCallReturn.csproj", "{85A12A14-C868-48BC-9DC6-9912F705705D}"
EndProject
Project("{9A19103F-16F7-4668-BE54-9A1E7A4F7556}") = "06_01_14_DelegateGeneric", "Glava_06\01_Delegate\06_01_14_DelegateGeneric\06_01_14_DelegateGeneric.csproj", "{0A5C17E8-76A0-449F-8ADD-C6FFC4FD235B}"
EndProject
Project("{9A19103F-16F7-4668-BE54-9A1E7A4F7556}") = "06_01_15_ParamsDelegate", "Glava_06\01_Delegate\06_01_15_ParamsDelegate\06_01_15_ParamsDelegate.csproj", "{2D1F5771-E4E4-4031-97B6-10B4FF3E5786}"
EndProject
Project("{9A19103F-16F7-4668-BE54-9A1E7A4F7556}") = "06_01_16_ReturnDelegate", "Glava_06\01_Delegate\06_01_16_ReturnDelegate\06_01_16_ReturnDelegate.csproj", "{E24DEDFE-56A1-463F-9703-65B037989F57}"
EndProject
Project("{2150E333-8FDC-42A3-9474-1A3956D46DE8}") = "02_ApplicationDelegate", "02_ApplicationDelegate", "{E542975F-4D0C-4220-87EA-3039D63D1EF1}"
EndProject
Project("{9A19103F-16F7-4668-BE54-9A1E7A4F7556}") = "06_02_01_Account", "Glava_06\02_ApplicationDelegate\06_02_01_Account\06_02_01_Account.csproj", "{DCA5BC5C-0BB9-4E33-AD0E-5F4536A64B58}"
EndProject
Project("{9A19103F-16F7-4668-BE54-9A1E7A4F7556}") = "06_02_02_AccountMulty", "Glava_06\02_ApplicationDelegate\06_02_02_AccountMulty\06_02_02_AccountMulty.csproj", "{5438A363-7EC9-49F8-89C3-DB1FFEAD6989}"
EndProject
Project("{2150E333-8FDC-42A3-9474-1A3956D46DE8}") = "03_AnonimMethods", "03_AnonimMethods", "{19033C73-AFB4-43FF-8292-995627552661}"
EndProject
Project("{9A19103F-16F7-4668-BE54-9A1E7A4F7556}") = "06_03_01_MessageHandler", "Glava_06\03_AnonimMethods\06_03_01_MessageHandler\06_03_01_MessageHandler.csproj", "{8CE35EED-DB7F-4935-A10C-6C554966076A}"
EndProject
Project("{9A19103F-16F7-4668-BE54-9A1E7A4F7556}") = "06_03_02_AnonimParams", "Glava_06\03_AnonimMethods\06_03_02_AnonimParams\06_03_02_AnonimParams.csproj", "{C7437D48-0553-486C-8136-9C54CA7F97A4}"
EndProject
Project("{9A19103F-16F7-4668-BE54-9A1E7A4F7556}") = "06_03_03_AnonimNoParams", "Glava_06\03_AnonimMethods\06_03_03_AnonimNoParams\06_03_03_AnonimNoParams.csproj", "{044CDE14-00D9-41FB-A6C4-8A3364F991FD}"
EndProject
Project("{9A19103F-16F7-4668-BE54-9A1E7A4F7556}") = "06_03_04_AnonimReturn", "Glava_06\03_AnonimMethods\06_03_04_AnonimReturn\06_03_04_AnonimReturn.csproj", "{2EC33A61-A8E7-4D9E-AD51-D9E77BAFFF85}"
EndProject
Project("{9A19103F-16F7-4668-BE54-9A1E7A4F7556}") = "06_03_05_AnonimExternFields", "Glava_06\03_AnonimMethods\06_03_05_AnonimExternFields\06_03_05_AnonimExternFields.csproj", "{1341396D-12A9-4AB7-B9E8-8CB19F06CF8B}"
EndProject
Project("{2150E333-8FDC-42A3-9474-1A3956D46DE8}") = "04_Lambda", "04_Lambda", "{05B28C85-3607-43E7-A95E-84F16732A1B2}"
EndProject
Project("{9A19103F-16F7-4668-BE54-9A1E7A4F7556}") = "06_04_01_Lambda", "Glava_06\04_Lambda\06_04_01_Lambda\06_04_01_Lambda.csproj", "{CFDE2EE8-E290-41D4-BD8A-7C4DA35CD422}"
EndProject
Project("{FAE04EC0-301F-11D3-BF4B-00C04F79EFBC}") = "06_04_03-LymbdaVar", "Glava_06\04_Lambda\06_04_03-LymbdaVar\06_04_03-LymbdaVar.csproj", "{ADF6E0AF-91A5-4876-9B6A-8BED354ED0D2}"
EndProject
Project("{9A19103F-16F7-4668-BE54-9A1E7A4F7556}") = "06_04_02_LambdaNextLine", "Glava_06\04_Lambda\06_04_02_LambdaNextLine\06_04_02_LambdaNextLine.csproj", "{166C740E-6AD6-401C-B0CD-4F25C9455777}"
EndProject
Project("{FAE04EC0-301F-11D3-BF4B-00C04F79EFBC}") = "06_04_04_LymbdaParams", "Glava_06\04_Lambda\06_04_04_LymbdaParams\06_04_04_LymbdaParams.csproj", "{2818EFD0-533F-4A76-A64E-F12D0D6811AF}"
EndProject
Project("{FAE04EC0-301F-11D3-BF4B-00C04F79EFBC}") = "06_04_05_LymbdaParamsVar", "Glava_06\04_Lambda\06_004_05_LymbdaParamsVar\06_04_05_LymbdaParamsVar.csproj", "{469FEDDA-E0E3-4D59-978A-253CE795D19B}"
EndProject
Project("{FAE04EC0-301F-11D3-BF4B-00C04F79EFBC}") = "06_04_07_LymbdaOneParams", "Glava_06\04_Lambda\06_04_07_LymbdaOneParams\06_04_07_LymbdaOneParams.csproj", "{73141C0B-EA96-4EB0-831B-9BDEBD324F2D}"
EndProject
Project("{FAE04EC0-301F-11D3-BF4B-00C04F79EFBC}") = "06_04_08_LymbdaParamsDefault", "Glava_06\04_Lambda\06_04_08_LymbdaParamsDefault\06_04_08_LymbdaParamsDefault.csproj", "{181D2F7A-B8EF-420A-AD86-A6EC85950105}"
EndProject
Project("{FAE04EC0-301F-11D3-BF4B-00C04F79EFBC}") = "06_04_09_LymbdaReturn", "Glava_06\04_Lambda\06_04_09_LymbdaReturn\06_04_09_LymbdaReturn.csproj", "{A052169F-BBE4-4865-819E-6C248DE4CB84}"
EndProject
Project("{FAE04EC0-301F-11D3-BF4B-00C04F79EFBC}") = "06_04_10_LymbdaReturn", "Glava_06\04_Lambda\06_04_10_LymbdaReturn\06_04_10_LymbdaReturn.csproj", "{A2DF1566-0FDB-4AF6-81CC-CE463EDC1A0F}"
EndProject
Global
	GlobalSection(SolutionConfigurationPlatforms) = preSolution
		Debug|Any CPU = Debug|Any CPU
		Release|Any CPU = Release|Any CPU
	EndGlobalSection
	GlobalSection(ProjectConfigurationPlatforms) = postSolution
		{F2A48987-64FC-45AD-9F83-BA00ADCC6717}.Debug|Any CPU.ActiveCfg = Debug|Any CPU
		{F2A48987-64FC-45AD-9F83-BA00ADCC6717}.Debug|Any CPU.Build.0 = Debug|Any CPU
		{F2A48987-64FC-45AD-9F83-BA00ADCC6717}.Release|Any CPU.ActiveCfg = Release|Any CPU
		{F2A48987-64FC-45AD-9F83-BA00ADCC6717}.Release|Any CPU.Build.0 = Release|Any CPU
		{B4AED8B5-13AD-40D4-B499-18217B7BC485}.Debug|Any CPU.ActiveCfg = Debug|Any CPU
		{B4AED8B5-13AD-40D4-B499-18217B7BC485}.Debug|Any CPU.Build.0 = Debug|Any CPU
		{B4AED8B5-13AD-40D4-B499-18217B7BC485}.Release|Any CPU.ActiveCfg = Release|Any CPU
		{B4AED8B5-13AD-40D4-B499-18217B7BC485}.Release|Any CPU.Build.0 = Release|Any CPU
		{2651D135-809D-40A3-8622-342547B71764}.Debug|Any CPU.ActiveCfg = Debug|Any CPU
		{2651D135-809D-40A3-8622-342547B71764}.Debug|Any CPU.Build.0 = Debug|Any CPU
		{2651D135-809D-40A3-8622-342547B71764}.Release|Any CPU.ActiveCfg = Release|Any CPU
		{2651D135-809D-40A3-8622-342547B71764}.Release|Any CPU.Build.0 = Release|Any CPU
		{4E755EB5-CA1C-4548-8122-B6E5A66689BE}.Debug|Any CPU.ActiveCfg = Debug|Any CPU
		{4E755EB5-CA1C-4548-8122-B6E5A66689BE}.Debug|Any CPU.Build.0 = Debug|Any CPU
		{4E755EB5-CA1C-4548-8122-B6E5A66689BE}.Release|Any CPU.ActiveCfg = Release|Any CPU
		{4E755EB5-CA1C-4548-8122-B6E5A66689BE}.Release|Any CPU.Build.0 = Release|Any CPU
		{90AB96C8-0740-4F6B-B61D-429CD982740B}.Debug|Any CPU.ActiveCfg = Debug|Any CPU
		{90AB96C8-0740-4F6B-B61D-429CD982740B}.Debug|Any CPU.Build.0 = Debug|Any CPU
		{90AB96C8-0740-4F6B-B61D-429CD982740B}.Release|Any CPU.ActiveCfg = Release|Any CPU
		{90AB96C8-0740-4F6B-B61D-429CD982740B}.Release|Any CPU.Build.0 = Release|Any CPU
		{91147645-0633-4EE3-AE50-4820A0EBAED4}.Debug|Any CPU.ActiveCfg = Debug|Any CPU
		{91147645-0633-4EE3-AE50-4820A0EBAED4}.Debug|Any CPU.Build.0 = Debug|Any CPU
		{91147645-0633-4EE3-AE50-4820A0EBAED4}.Release|Any CPU.ActiveCfg = Release|Any CPU
		{91147645-0633-4EE3-AE50-4820A0EBAED4}.Release|Any CPU.Build.0 = Release|Any CPU
		{7BD22AB4-849C-4089-B9C0-F687360EBD9E}.Debug|Any CPU.ActiveCfg = Debug|Any CPU
		{7BD22AB4-849C-4089-B9C0-F687360EBD9E}.Debug|Any CPU.Build.0 = Debug|Any CPU
		{7BD22AB4-849C-4089-B9C0-F687360EBD9E}.Release|Any CPU.ActiveCfg = Release|Any CPU
		{7BD22AB4-849C-4089-B9C0-F687360EBD9E}.Release|Any CPU.Build.0 = Release|Any CPU
		{31A77394-F28D-4D9B-8432-1D4CFF0376A4}.Debug|Any CPU.ActiveCfg = Debug|Any CPU
		{31A77394-F28D-4D9B-8432-1D4CFF0376A4}.Debug|Any CPU.Build.0 = Debug|Any CPU
		{31A77394-F28D-4D9B-8432-1D4CFF0376A4}.Release|Any CPU.ActiveCfg = Release|Any CPU
		{31A77394-F28D-4D9B-8432-1D4CFF0376A4}.Release|Any CPU.Build.0 = Release|Any CPU
		{6D63C64A-83BB-4B90-8A6A-EFDE7FFCFCB9}.Debug|Any CPU.ActiveCfg = Debug|Any CPU
		{6D63C64A-83BB-4B90-8A6A-EFDE7FFCFCB9}.Debug|Any CPU.Build.0 = Debug|Any CPU
		{6D63C64A-83BB-4B90-8A6A-EFDE7FFCFCB9}.Release|Any CPU.ActiveCfg = Release|Any CPU
		{6D63C64A-83BB-4B90-8A6A-EFDE7FFCFCB9}.Release|Any CPU.Build.0 = Release|Any CPU
		{1456AA13-AD43-4748-96CA-B74CE16A72DE}.Debug|Any CPU.ActiveCfg = Debug|Any CPU
		{1456AA13-AD43-4748-96CA-B74CE16A72DE}.Debug|Any CPU.Build.0 = Debug|Any CPU
		{1456AA13-AD43-4748-96CA-B74CE16A72DE}.Release|Any CPU.ActiveCfg = Release|Any CPU
		{1456AA13-AD43-4748-96CA-B74CE16A72DE}.Release|Any CPU.Build.0 = Release|Any CPU
		{F01C86B9-2BC5-469E-8CE6-3854258AB06E}.Debug|Any CPU.ActiveCfg = Debug|Any CPU
		{F01C86B9-2BC5-469E-8CE6-3854258AB06E}.Debug|Any CPU.Build.0 = Debug|Any CPU
		{F01C86B9-2BC5-469E-8CE6-3854258AB06E}.Release|Any CPU.ActiveCfg = Release|Any CPU
		{F01C86B9-2BC5-469E-8CE6-3854258AB06E}.Release|Any CPU.Build.0 = Release|Any CPU
		{70775E00-573B-4570-92C0-82CE3EA5C741}.Debug|Any CPU.ActiveCfg = Debug|Any CPU
		{70775E00-573B-4570-92C0-82CE3EA5C741}.Debug|Any CPU.Build.0 = Debug|Any CPU
		{70775E00-573B-4570-92C0-82CE3EA5C741}.Release|Any CPU.ActiveCfg = Release|Any CPU
		{70775E00-573B-4570-92C0-82CE3EA5C741}.Release|Any CPU.Build.0 = Release|Any CPU
		{AA8BC2D8-9D11-44BA-BD69-0E9DD97F99C6}.Debug|Any CPU.ActiveCfg = Debug|Any CPU
		{AA8BC2D8-9D11-44BA-BD69-0E9DD97F99C6}.Debug|Any CPU.Build.0 = Debug|Any CPU
		{AA8BC2D8-9D11-44BA-BD69-0E9DD97F99C6}.Release|Any CPU.ActiveCfg = Release|Any CPU
		{AA8BC2D8-9D11-44BA-BD69-0E9DD97F99C6}.Release|Any CPU.Build.0 = Release|Any CPU
		{3E64BFAF-1C2F-4251-BEB3-3B74B51BD05F}.Debug|Any CPU.ActiveCfg = Debug|Any CPU
		{3E64BFAF-1C2F-4251-BEB3-3B74B51BD05F}.Debug|Any CPU.Build.0 = Debug|Any CPU
		{3E64BFAF-1C2F-4251-BEB3-3B74B51BD05F}.Release|Any CPU.ActiveCfg = Release|Any CPU
		{3E64BFAF-1C2F-4251-BEB3-3B74B51BD05F}.Release|Any CPU.Build.0 = Release|Any CPU
		{FE58E79B-7228-4E85-B0F9-314578025817}.Debug|Any CPU.ActiveCfg = Debug|Any CPU
		{FE58E79B-7228-4E85-B0F9-314578025817}.Debug|Any CPU.Build.0 = Debug|Any CPU
		{FE58E79B-7228-4E85-B0F9-314578025817}.Release|Any CPU.ActiveCfg = Release|Any CPU
		{FE58E79B-7228-4E85-B0F9-314578025817}.Release|Any CPU.Build.0 = Release|Any CPU
		{82879B72-09EB-4BA0-99DC-3C4E8A04487F}.Debug|Any CPU.ActiveCfg = Debug|Any CPU
		{82879B72-09EB-4BA0-99DC-3C4E8A04487F}.Debug|Any CPU.Build.0 = Debug|Any CPU
		{82879B72-09EB-4BA0-99DC-3C4E8A04487F}.Release|Any CPU.ActiveCfg = Release|Any CPU
		{82879B72-09EB-4BA0-99DC-3C4E8A04487F}.Release|Any CPU.Build.0 = Release|Any CPU
		{84E8CC5C-7CFA-402D-9032-50783F6E4F7A}.Debug|Any CPU.ActiveCfg = Debug|Any CPU
		{84E8CC5C-7CFA-402D-9032-50783F6E4F7A}.Debug|Any CPU.Build.0 = Debug|Any CPU
		{84E8CC5C-7CFA-402D-9032-50783F6E4F7A}.Release|Any CPU.ActiveCfg = Release|Any CPU
		{84E8CC5C-7CFA-402D-9032-50783F6E4F7A}.Release|Any CPU.Build.0 = Release|Any CPU
		{E7462167-727E-4313-B45F-7C1A456FAD16}.Debug|Any CPU.ActiveCfg = Debug|Any CPU
		{E7462167-727E-4313-B45F-7C1A456FAD16}.Debug|Any CPU.Build.0 = Debug|Any CPU
		{E7462167-727E-4313-B45F-7C1A456FAD16}.Release|Any CPU.ActiveCfg = Release|Any CPU
		{E7462167-727E-4313-B45F-7C1A456FAD16}.Release|Any CPU.Build.0 = Release|Any CPU
		{37D45584-D794-4558-8B8A-FA50653D65CC}.Debug|Any CPU.ActiveCfg = Debug|Any CPU
		{37D45584-D794-4558-8B8A-FA50653D65CC}.Debug|Any CPU.Build.0 = Debug|Any CPU
		{37D45584-D794-4558-8B8A-FA50653D65CC}.Release|Any CPU.ActiveCfg = Release|Any CPU
		{37D45584-D794-4558-8B8A-FA50653D65CC}.Release|Any CPU.Build.0 = Release|Any CPU
		{92CDAC9F-903B-4072-85F4-C99BBE355839}.Debug|Any CPU.ActiveCfg = Debug|Any CPU
		{92CDAC9F-903B-4072-85F4-C99BBE355839}.Debug|Any CPU.Build.0 = Debug|Any CPU
		{92CDAC9F-903B-4072-85F4-C99BBE355839}.Release|Any CPU.ActiveCfg = Release|Any CPU
		{92CDAC9F-903B-4072-85F4-C99BBE355839}.Release|Any CPU.Build.0 = Release|Any CPU
		{C50CD2C7-422C-4BDD-9F9A-08353680E43C}.Debug|Any CPU.ActiveCfg = Debug|Any CPU
		{C50CD2C7-422C-4BDD-9F9A-08353680E43C}.Debug|Any CPU.Build.0 = Debug|Any CPU
		{C50CD2C7-422C-4BDD-9F9A-08353680E43C}.Release|Any CPU.ActiveCfg = Release|Any CPU
		{C50CD2C7-422C-4BDD-9F9A-08353680E43C}.Release|Any CPU.Build.0 = Release|Any CPU
		{37E19896-EFCB-48A1-A125-0494CF826A5F}.Debug|Any CPU.ActiveCfg = Debug|Any CPU
		{37E19896-EFCB-48A1-A125-0494CF826A5F}.Debug|Any CPU.Build.0 = Debug|Any CPU
		{37E19896-EFCB-48A1-A125-0494CF826A5F}.Release|Any CPU.ActiveCfg = Release|Any CPU
		{37E19896-EFCB-48A1-A125-0494CF826A5F}.Release|Any CPU.Build.0 = Release|Any CPU
		{E6F873F7-0317-406D-98B9-EFBD403E1DAD}.Debug|Any CPU.ActiveCfg = Debug|Any CPU
		{E6F873F7-0317-406D-98B9-EFBD403E1DAD}.Debug|Any CPU.Build.0 = Debug|Any CPU
		{E6F873F7-0317-406D-98B9-EFBD403E1DAD}.Release|Any CPU.ActiveCfg = Release|Any CPU
		{E6F873F7-0317-406D-98B9-EFBD403E1DAD}.Release|Any CPU.Build.0 = Release|Any CPU
		{ADD1D128-9E5C-4817-B46F-E129CE653C78}.Debug|Any CPU.ActiveCfg = Debug|Any CPU
		{ADD1D128-9E5C-4817-B46F-E129CE653C78}.Debug|Any CPU.Build.0 = Debug|Any CPU
		{ADD1D128-9E5C-4817-B46F-E129CE653C78}.Release|Any CPU.ActiveCfg = Release|Any CPU
		{ADD1D128-9E5C-4817-B46F-E129CE653C78}.Release|Any CPU.Build.0 = Release|Any CPU
		{E84390D7-BA78-4554-8770-72D892E8F9A2}.Debug|Any CPU.ActiveCfg = Debug|Any CPU
		{E84390D7-BA78-4554-8770-72D892E8F9A2}.Debug|Any CPU.Build.0 = Debug|Any CPU
		{E84390D7-BA78-4554-8770-72D892E8F9A2}.Release|Any CPU.ActiveCfg = Release|Any CPU
		{E84390D7-BA78-4554-8770-72D892E8F9A2}.Release|Any CPU.Build.0 = Release|Any CPU
		{B8F88B29-82C0-4A43-A6AF-03978641C29F}.Debug|Any CPU.ActiveCfg = Debug|Any CPU
		{B8F88B29-82C0-4A43-A6AF-03978641C29F}.Debug|Any CPU.Build.0 = Debug|Any CPU
		{B8F88B29-82C0-4A43-A6AF-03978641C29F}.Release|Any CPU.ActiveCfg = Release|Any CPU
		{B8F88B29-82C0-4A43-A6AF-03978641C29F}.Release|Any CPU.Build.0 = Release|Any CPU
		{1BE07B86-23D9-4AA0-8EA4-DC44DC20BD93}.Debug|Any CPU.ActiveCfg = Debug|Any CPU
		{1BE07B86-23D9-4AA0-8EA4-DC44DC20BD93}.Debug|Any CPU.Build.0 = Debug|Any CPU
		{1BE07B86-23D9-4AA0-8EA4-DC44DC20BD93}.Release|Any CPU.ActiveCfg = Release|Any CPU
		{1BE07B86-23D9-4AA0-8EA4-DC44DC20BD93}.Release|Any CPU.Build.0 = Release|Any CPU
		{C087601C-A819-4DD4-83EF-BE850D43CB3F}.Debug|Any CPU.ActiveCfg = Debug|Any CPU
		{C087601C-A819-4DD4-83EF-BE850D43CB3F}.Debug|Any CPU.Build.0 = Debug|Any CPU
		{C087601C-A819-4DD4-83EF-BE850D43CB3F}.Release|Any CPU.ActiveCfg = Release|Any CPU
		{C087601C-A819-4DD4-83EF-BE850D43CB3F}.Release|Any CPU.Build.0 = Release|Any CPU
		{249A9BB5-E5FB-4125-8AA3-D30991AB0489}.Debug|Any CPU.ActiveCfg = Debug|Any CPU
		{249A9BB5-E5FB-4125-8AA3-D30991AB0489}.Debug|Any CPU.Build.0 = Debug|Any CPU
		{249A9BB5-E5FB-4125-8AA3-D30991AB0489}.Release|Any CPU.ActiveCfg = Release|Any CPU
		{249A9BB5-E5FB-4125-8AA3-D30991AB0489}.Release|Any CPU.Build.0 = Release|Any CPU
		{388E1655-2087-4B50-B9F3-7DE5014787C7}.Debug|Any CPU.ActiveCfg = Debug|Any CPU
		{388E1655-2087-4B50-B9F3-7DE5014787C7}.Debug|Any CPU.Build.0 = Debug|Any CPU
		{388E1655-2087-4B50-B9F3-7DE5014787C7}.Release|Any CPU.ActiveCfg = Release|Any CPU
		{388E1655-2087-4B50-B9F3-7DE5014787C7}.Release|Any CPU.Build.0 = Release|Any CPU
		{9637D44C-0959-4AB7-8BC3-E74FA42CC228}.Debug|Any CPU.ActiveCfg = Debug|Any CPU
		{9637D44C-0959-4AB7-8BC3-E74FA42CC228}.Debug|Any CPU.Build.0 = Debug|Any CPU
		{9637D44C-0959-4AB7-8BC3-E74FA42CC228}.Release|Any CPU.ActiveCfg = Release|Any CPU
		{9637D44C-0959-4AB7-8BC3-E74FA42CC228}.Release|Any CPU.Build.0 = Release|Any CPU
		{C2428C27-AEA7-443A-BE2A-C7AE22A89CA5}.Debug|Any CPU.ActiveCfg = Debug|Any CPU
		{C2428C27-AEA7-443A-BE2A-C7AE22A89CA5}.Debug|Any CPU.Build.0 = Debug|Any CPU
		{C2428C27-AEA7-443A-BE2A-C7AE22A89CA5}.Release|Any CPU.ActiveCfg = Release|Any CPU
		{C2428C27-AEA7-443A-BE2A-C7AE22A89CA5}.Release|Any CPU.Build.0 = Release|Any CPU
		{335E493E-9918-4B70-AF7A-3EA01245CA4F}.Debug|Any CPU.ActiveCfg = Debug|Any CPU
		{335E493E-9918-4B70-AF7A-3EA01245CA4F}.Debug|Any CPU.Build.0 = Debug|Any CPU
		{335E493E-9918-4B70-AF7A-3EA01245CA4F}.Release|Any CPU.ActiveCfg = Release|Any CPU
		{335E493E-9918-4B70-AF7A-3EA01245CA4F}.Release|Any CPU.Build.0 = Release|Any CPU
		{0D06FBB8-1ED7-4A4F-AB6C-85E7AED9ABCC}.Debug|Any CPU.ActiveCfg = Debug|Any CPU
		{0D06FBB8-1ED7-4A4F-AB6C-85E7AED9ABCC}.Debug|Any CPU.Build.0 = Debug|Any CPU
		{0D06FBB8-1ED7-4A4F-AB6C-85E7AED9ABCC}.Release|Any CPU.ActiveCfg = Release|Any CPU
		{0D06FBB8-1ED7-4A4F-AB6C-85E7AED9ABCC}.Release|Any CPU.Build.0 = Release|Any CPU
		{EF3B5EE3-E4E6-40A6-8FB6-D1E04322039C}.Debug|Any CPU.ActiveCfg = Debug|Any CPU
		{EF3B5EE3-E4E6-40A6-8FB6-D1E04322039C}.Debug|Any CPU.Build.0 = Debug|Any CPU
		{EF3B5EE3-E4E6-40A6-8FB6-D1E04322039C}.Release|Any CPU.ActiveCfg = Release|Any CPU
		{EF3B5EE3-E4E6-40A6-8FB6-D1E04322039C}.Release|Any CPU.Build.0 = Release|Any CPU
		{5A3E04E6-57A2-48DE-A3E4-69F4BC08B470}.Debug|Any CPU.ActiveCfg = Debug|Any CPU
		{5A3E04E6-57A2-48DE-A3E4-69F4BC08B470}.Debug|Any CPU.Build.0 = Debug|Any CPU
		{5A3E04E6-57A2-48DE-A3E4-69F4BC08B470}.Release|Any CPU.ActiveCfg = Release|Any CPU
		{5A3E04E6-57A2-48DE-A3E4-69F4BC08B470}.Release|Any CPU.Build.0 = Release|Any CPU
		{F6B87B8B-ECAE-4086-9D0F-DBC97969E30B}.Debug|Any CPU.ActiveCfg = Debug|Any CPU
		{F6B87B8B-ECAE-4086-9D0F-DBC97969E30B}.Debug|Any CPU.Build.0 = Debug|Any CPU
		{F6B87B8B-ECAE-4086-9D0F-DBC97969E30B}.Release|Any CPU.ActiveCfg = Release|Any CPU
		{F6B87B8B-ECAE-4086-9D0F-DBC97969E30B}.Release|Any CPU.Build.0 = Release|Any CPU
		{117A552A-15C0-4B2B-A194-A5894B67AFFC}.Debug|Any CPU.ActiveCfg = Debug|Any CPU
		{117A552A-15C0-4B2B-A194-A5894B67AFFC}.Debug|Any CPU.Build.0 = Debug|Any CPU
		{117A552A-15C0-4B2B-A194-A5894B67AFFC}.Release|Any CPU.ActiveCfg = Release|Any CPU
		{117A552A-15C0-4B2B-A194-A5894B67AFFC}.Release|Any CPU.Build.0 = Release|Any CPU
		{086DFAB1-7BB0-4814-8C28-DB812EB1B87B}.Debug|Any CPU.ActiveCfg = Debug|Any CPU
		{086DFAB1-7BB0-4814-8C28-DB812EB1B87B}.Debug|Any CPU.Build.0 = Debug|Any CPU
		{086DFAB1-7BB0-4814-8C28-DB812EB1B87B}.Release|Any CPU.ActiveCfg = Release|Any CPU
		{086DFAB1-7BB0-4814-8C28-DB812EB1B87B}.Release|Any CPU.Build.0 = Release|Any CPU
		{9723B217-FB7D-4235-A477-A3FE5A8EF101}.Debug|Any CPU.ActiveCfg = Debug|Any CPU
		{9723B217-FB7D-4235-A477-A3FE5A8EF101}.Debug|Any CPU.Build.0 = Debug|Any CPU
		{9723B217-FB7D-4235-A477-A3FE5A8EF101}.Release|Any CPU.ActiveCfg = Release|Any CPU
		{9723B217-FB7D-4235-A477-A3FE5A8EF101}.Release|Any CPU.Build.0 = Release|Any CPU
		{6C2204AC-E344-4028-9856-0C3A689CDC2F}.Debug|Any CPU.ActiveCfg = Debug|Any CPU
		{6C2204AC-E344-4028-9856-0C3A689CDC2F}.Debug|Any CPU.Build.0 = Debug|Any CPU
		{6C2204AC-E344-4028-9856-0C3A689CDC2F}.Release|Any CPU.ActiveCfg = Release|Any CPU
		{6C2204AC-E344-4028-9856-0C3A689CDC2F}.Release|Any CPU.Build.0 = Release|Any CPU
		{B1F308F6-E04D-4C36-BA00-D926B2D582A0}.Debug|Any CPU.ActiveCfg = Debug|Any CPU
		{B1F308F6-E04D-4C36-BA00-D926B2D582A0}.Debug|Any CPU.Build.0 = Debug|Any CPU
		{B1F308F6-E04D-4C36-BA00-D926B2D582A0}.Release|Any CPU.ActiveCfg = Release|Any CPU
		{B1F308F6-E04D-4C36-BA00-D926B2D582A0}.Release|Any CPU.Build.0 = Release|Any CPU
		{CBA25337-6B29-493B-857D-EC4C51422D23}.Debug|Any CPU.ActiveCfg = Debug|Any CPU
		{CBA25337-6B29-493B-857D-EC4C51422D23}.Debug|Any CPU.Build.0 = Debug|Any CPU
		{CBA25337-6B29-493B-857D-EC4C51422D23}.Release|Any CPU.ActiveCfg = Release|Any CPU
		{CBA25337-6B29-493B-857D-EC4C51422D23}.Release|Any CPU.Build.0 = Release|Any CPU
		{974A6750-EC29-4460-A588-EF600553FFFE}.Debug|Any CPU.ActiveCfg = Debug|Any CPU
		{974A6750-EC29-4460-A588-EF600553FFFE}.Debug|Any CPU.Build.0 = Debug|Any CPU
		{974A6750-EC29-4460-A588-EF600553FFFE}.Release|Any CPU.ActiveCfg = Release|Any CPU
		{974A6750-EC29-4460-A588-EF600553FFFE}.Release|Any CPU.Build.0 = Release|Any CPU
		{993B1687-5A20-4FF8-800A-D0160BB0F8C7}.Debug|Any CPU.ActiveCfg = Debug|Any CPU
		{993B1687-5A20-4FF8-800A-D0160BB0F8C7}.Debug|Any CPU.Build.0 = Debug|Any CPU
		{993B1687-5A20-4FF8-800A-D0160BB0F8C7}.Release|Any CPU.ActiveCfg = Release|Any CPU
		{993B1687-5A20-4FF8-800A-D0160BB0F8C7}.Release|Any CPU.Build.0 = Release|Any CPU
		{3E87FA4F-65D7-4A04-B41D-AA9AB2E2CCFD}.Debug|Any CPU.ActiveCfg = Debug|Any CPU
		{3E87FA4F-65D7-4A04-B41D-AA9AB2E2CCFD}.Debug|Any CPU.Build.0 = Debug|Any CPU
		{3E87FA4F-65D7-4A04-B41D-AA9AB2E2CCFD}.Release|Any CPU.ActiveCfg = Release|Any CPU
		{3E87FA4F-65D7-4A04-B41D-AA9AB2E2CCFD}.Release|Any CPU.Build.0 = Release|Any CPU
		{72793C3A-F762-4FA3-A904-3C5F3B6AA91A}.Debug|Any CPU.ActiveCfg = Debug|Any CPU
		{72793C3A-F762-4FA3-A904-3C5F3B6AA91A}.Debug|Any CPU.Build.0 = Debug|Any CPU
		{72793C3A-F762-4FA3-A904-3C5F3B6AA91A}.Release|Any CPU.ActiveCfg = Release|Any CPU
		{72793C3A-F762-4FA3-A904-3C5F3B6AA91A}.Release|Any CPU.Build.0 = Release|Any CPU
		{32CBDF35-96E3-45B9-9F30-78910DAF6F5B}.Debug|Any CPU.ActiveCfg = Debug|Any CPU
		{32CBDF35-96E3-45B9-9F30-78910DAF6F5B}.Debug|Any CPU.Build.0 = Debug|Any CPU
		{32CBDF35-96E3-45B9-9F30-78910DAF6F5B}.Release|Any CPU.ActiveCfg = Release|Any CPU
		{32CBDF35-96E3-45B9-9F30-78910DAF6F5B}.Release|Any CPU.Build.0 = Release|Any CPU
		{7F992B17-C927-4495-B243-EFCCC3657C99}.Debug|Any CPU.ActiveCfg = Debug|Any CPU
		{7F992B17-C927-4495-B243-EFCCC3657C99}.Debug|Any CPU.Build.0 = Debug|Any CPU
		{7F992B17-C927-4495-B243-EFCCC3657C99}.Release|Any CPU.ActiveCfg = Release|Any CPU
		{7F992B17-C927-4495-B243-EFCCC3657C99}.Release|Any CPU.Build.0 = Release|Any CPU
		{91165E92-EF8E-4F6C-B8F0-FAEA9FF5E6D1}.Debug|Any CPU.ActiveCfg = Debug|Any CPU
		{91165E92-EF8E-4F6C-B8F0-FAEA9FF5E6D1}.Debug|Any CPU.Build.0 = Debug|Any CPU
		{91165E92-EF8E-4F6C-B8F0-FAEA9FF5E6D1}.Release|Any CPU.ActiveCfg = Release|Any CPU
		{91165E92-EF8E-4F6C-B8F0-FAEA9FF5E6D1}.Release|Any CPU.Build.0 = Release|Any CPU
		{0E000626-59B4-4FBD-83EE-FE2D81B83B14}.Debug|Any CPU.ActiveCfg = Debug|Any CPU
		{0E000626-59B4-4FBD-83EE-FE2D81B83B14}.Debug|Any CPU.Build.0 = Debug|Any CPU
		{0E000626-59B4-4FBD-83EE-FE2D81B83B14}.Release|Any CPU.ActiveCfg = Release|Any CPU
		{0E000626-59B4-4FBD-83EE-FE2D81B83B14}.Release|Any CPU.Build.0 = Release|Any CPU
		{AB594226-6288-4776-A854-6EF362A3B954}.Debug|Any CPU.ActiveCfg = Debug|Any CPU
		{AB594226-6288-4776-A854-6EF362A3B954}.Debug|Any CPU.Build.0 = Debug|Any CPU
		{AB594226-6288-4776-A854-6EF362A3B954}.Release|Any CPU.ActiveCfg = Release|Any CPU
		{AB594226-6288-4776-A854-6EF362A3B954}.Release|Any CPU.Build.0 = Release|Any CPU
		{C23504ED-BA33-4442-A4EA-C255173BB4F6}.Debug|Any CPU.ActiveCfg = Debug|Any CPU
		{C23504ED-BA33-4442-A4EA-C255173BB4F6}.Debug|Any CPU.Build.0 = Debug|Any CPU
		{C23504ED-BA33-4442-A4EA-C255173BB4F6}.Release|Any CPU.ActiveCfg = Release|Any CPU
		{C23504ED-BA33-4442-A4EA-C255173BB4F6}.Release|Any CPU.Build.0 = Release|Any CPU
		{12E4F9CB-6BBF-4CDC-B244-9C16A2769C26}.Debug|Any CPU.ActiveCfg = Debug|Any CPU
		{12E4F9CB-6BBF-4CDC-B244-9C16A2769C26}.Debug|Any CPU.Build.0 = Debug|Any CPU
		{12E4F9CB-6BBF-4CDC-B244-9C16A2769C26}.Release|Any CPU.ActiveCfg = Release|Any CPU
		{12E4F9CB-6BBF-4CDC-B244-9C16A2769C26}.Release|Any CPU.Build.0 = Release|Any CPU
		{F9D006B2-CEBB-49E2-BA45-BAA2573C5691}.Debug|Any CPU.ActiveCfg = Debug|Any CPU
		{F9D006B2-CEBB-49E2-BA45-BAA2573C5691}.Debug|Any CPU.Build.0 = Debug|Any CPU
		{F9D006B2-CEBB-49E2-BA45-BAA2573C5691}.Release|Any CPU.ActiveCfg = Release|Any CPU
		{F9D006B2-CEBB-49E2-BA45-BAA2573C5691}.Release|Any CPU.Build.0 = Release|Any CPU
		{6EE33165-BF6A-440C-88D2-358BDF02DEE4}.Debug|Any CPU.ActiveCfg = Debug|Any CPU
		{6EE33165-BF6A-440C-88D2-358BDF02DEE4}.Debug|Any CPU.Build.0 = Debug|Any CPU
		{6EE33165-BF6A-440C-88D2-358BDF02DEE4}.Release|Any CPU.ActiveCfg = Release|Any CPU
		{6EE33165-BF6A-440C-88D2-358BDF02DEE4}.Release|Any CPU.Build.0 = Release|Any CPU
		{02F7EDDC-7ADE-477B-A17B-0DA9510F65BA}.Debug|Any CPU.ActiveCfg = Debug|Any CPU
		{02F7EDDC-7ADE-477B-A17B-0DA9510F65BA}.Debug|Any CPU.Build.0 = Debug|Any CPU
		{02F7EDDC-7ADE-477B-A17B-0DA9510F65BA}.Release|Any CPU.ActiveCfg = Release|Any CPU
		{02F7EDDC-7ADE-477B-A17B-0DA9510F65BA}.Release|Any CPU.Build.0 = Release|Any CPU
		{D623AD85-2D62-498D-8815-0028424E876A}.Debug|Any CPU.ActiveCfg = Debug|Any CPU
		{D623AD85-2D62-498D-8815-0028424E876A}.Debug|Any CPU.Build.0 = Debug|Any CPU
		{D623AD85-2D62-498D-8815-0028424E876A}.Release|Any CPU.ActiveCfg = Release|Any CPU
		{D623AD85-2D62-498D-8815-0028424E876A}.Release|Any CPU.Build.0 = Release|Any CPU
		{6B7DC512-41C2-4A1F-8851-115157BBE0B7}.Debug|Any CPU.ActiveCfg = Debug|Any CPU
		{6B7DC512-41C2-4A1F-8851-115157BBE0B7}.Debug|Any CPU.Build.0 = Debug|Any CPU
		{6B7DC512-41C2-4A1F-8851-115157BBE0B7}.Release|Any CPU.ActiveCfg = Release|Any CPU
		{6B7DC512-41C2-4A1F-8851-115157BBE0B7}.Release|Any CPU.Build.0 = Release|Any CPU
		{53DF6090-D017-4243-8F4F-7C0B93549082}.Debug|Any CPU.ActiveCfg = Debug|Any CPU
		{53DF6090-D017-4243-8F4F-7C0B93549082}.Debug|Any CPU.Build.0 = Debug|Any CPU
		{53DF6090-D017-4243-8F4F-7C0B93549082}.Release|Any CPU.ActiveCfg = Release|Any CPU
		{53DF6090-D017-4243-8F4F-7C0B93549082}.Release|Any CPU.Build.0 = Release|Any CPU
		{7B7C94FD-56B5-4B75-B5C4-BD21305F4CC3}.Debug|Any CPU.ActiveCfg = Debug|Any CPU
		{7B7C94FD-56B5-4B75-B5C4-BD21305F4CC3}.Debug|Any CPU.Build.0 = Debug|Any CPU
		{7B7C94FD-56B5-4B75-B5C4-BD21305F4CC3}.Release|Any CPU.ActiveCfg = Release|Any CPU
		{7B7C94FD-56B5-4B75-B5C4-BD21305F4CC3}.Release|Any CPU.Build.0 = Release|Any CPU
		{FC1D86E1-CDE8-4425-B196-28759FE5F213}.Debug|Any CPU.ActiveCfg = Debug|Any CPU
		{FC1D86E1-CDE8-4425-B196-28759FE5F213}.Debug|Any CPU.Build.0 = Debug|Any CPU
		{FC1D86E1-CDE8-4425-B196-28759FE5F213}.Release|Any CPU.ActiveCfg = Release|Any CPU
		{FC1D86E1-CDE8-4425-B196-28759FE5F213}.Release|Any CPU.Build.0 = Release|Any CPU
		{4BD38BFA-BDBD-4252-AE86-0A289A435B41}.Debug|Any CPU.ActiveCfg = Debug|Any CPU
		{4BD38BFA-BDBD-4252-AE86-0A289A435B41}.Debug|Any CPU.Build.0 = Debug|Any CPU
		{4BD38BFA-BDBD-4252-AE86-0A289A435B41}.Release|Any CPU.ActiveCfg = Release|Any CPU
		{4BD38BFA-BDBD-4252-AE86-0A289A435B41}.Release|Any CPU.Build.0 = Release|Any CPU
		{550E5497-D64E-48DA-8E90-886254E1BD76}.Debug|Any CPU.ActiveCfg = Debug|Any CPU
		{550E5497-D64E-48DA-8E90-886254E1BD76}.Debug|Any CPU.Build.0 = Debug|Any CPU
		{550E5497-D64E-48DA-8E90-886254E1BD76}.Release|Any CPU.ActiveCfg = Release|Any CPU
		{550E5497-D64E-48DA-8E90-886254E1BD76}.Release|Any CPU.Build.0 = Release|Any CPU
		{12E6F2D9-3029-4AE9-9617-91BB5C473DBC}.Debug|Any CPU.ActiveCfg = Debug|Any CPU
		{12E6F2D9-3029-4AE9-9617-91BB5C473DBC}.Debug|Any CPU.Build.0 = Debug|Any CPU
		{12E6F2D9-3029-4AE9-9617-91BB5C473DBC}.Release|Any CPU.ActiveCfg = Release|Any CPU
		{12E6F2D9-3029-4AE9-9617-91BB5C473DBC}.Release|Any CPU.Build.0 = Release|Any CPU
		{4B5F82AE-8334-461F-89F7-67D3AF40063C}.Debug|Any CPU.ActiveCfg = Debug|Any CPU
		{4B5F82AE-8334-461F-89F7-67D3AF40063C}.Debug|Any CPU.Build.0 = Debug|Any CPU
		{4B5F82AE-8334-461F-89F7-67D3AF40063C}.Release|Any CPU.ActiveCfg = Release|Any CPU
		{4B5F82AE-8334-461F-89F7-67D3AF40063C}.Release|Any CPU.Build.0 = Release|Any CPU
		{46E3C96C-1B2D-4CB7-B0D1-D296BE7CFBA4}.Debug|Any CPU.ActiveCfg = Debug|Any CPU
		{46E3C96C-1B2D-4CB7-B0D1-D296BE7CFBA4}.Debug|Any CPU.Build.0 = Debug|Any CPU
		{46E3C96C-1B2D-4CB7-B0D1-D296BE7CFBA4}.Release|Any CPU.ActiveCfg = Release|Any CPU
		{46E3C96C-1B2D-4CB7-B0D1-D296BE7CFBA4}.Release|Any CPU.Build.0 = Release|Any CPU
		{0A8DA1BB-1EDF-4F00-8ECB-468EADE94140}.Debug|Any CPU.ActiveCfg = Debug|Any CPU
		{0A8DA1BB-1EDF-4F00-8ECB-468EADE94140}.Debug|Any CPU.Build.0 = Debug|Any CPU
		{0A8DA1BB-1EDF-4F00-8ECB-468EADE94140}.Release|Any CPU.ActiveCfg = Release|Any CPU
		{0A8DA1BB-1EDF-4F00-8ECB-468EADE94140}.Release|Any CPU.Build.0 = Release|Any CPU
		{E6A73319-D86E-4015-B473-DAEDE676E8B2}.Debug|Any CPU.ActiveCfg = Debug|Any CPU
		{E6A73319-D86E-4015-B473-DAEDE676E8B2}.Debug|Any CPU.Build.0 = Debug|Any CPU
		{E6A73319-D86E-4015-B473-DAEDE676E8B2}.Release|Any CPU.ActiveCfg = Release|Any CPU
		{E6A73319-D86E-4015-B473-DAEDE676E8B2}.Release|Any CPU.Build.0 = Release|Any CPU
		{06AAD0E2-5E2F-4179-9034-805874A3D613}.Debug|Any CPU.ActiveCfg = Debug|Any CPU
		{06AAD0E2-5E2F-4179-9034-805874A3D613}.Debug|Any CPU.Build.0 = Debug|Any CPU
		{06AAD0E2-5E2F-4179-9034-805874A3D613}.Release|Any CPU.ActiveCfg = Release|Any CPU
		{06AAD0E2-5E2F-4179-9034-805874A3D613}.Release|Any CPU.Build.0 = Release|Any CPU
		{A5D6B756-FC01-4706-A6A1-C2A373615A8F}.Debug|Any CPU.ActiveCfg = Debug|Any CPU
		{A5D6B756-FC01-4706-A6A1-C2A373615A8F}.Debug|Any CPU.Build.0 = Debug|Any CPU
		{A5D6B756-FC01-4706-A6A1-C2A373615A8F}.Release|Any CPU.ActiveCfg = Release|Any CPU
		{A5D6B756-FC01-4706-A6A1-C2A373615A8F}.Release|Any CPU.Build.0 = Release|Any CPU
		{08B5A070-B047-49DF-BB7B-12889CF9B5CA}.Debug|Any CPU.ActiveCfg = Debug|Any CPU
		{08B5A070-B047-49DF-BB7B-12889CF9B5CA}.Debug|Any CPU.Build.0 = Debug|Any CPU
		{08B5A070-B047-49DF-BB7B-12889CF9B5CA}.Release|Any CPU.ActiveCfg = Release|Any CPU
		{08B5A070-B047-49DF-BB7B-12889CF9B5CA}.Release|Any CPU.Build.0 = Release|Any CPU
		{1DF8E2CC-B1EB-4FFE-9E2C-99817F5DA6FD}.Debug|Any CPU.ActiveCfg = Debug|Any CPU
		{1DF8E2CC-B1EB-4FFE-9E2C-99817F5DA6FD}.Debug|Any CPU.Build.0 = Debug|Any CPU
		{1DF8E2CC-B1EB-4FFE-9E2C-99817F5DA6FD}.Release|Any CPU.ActiveCfg = Release|Any CPU
		{1DF8E2CC-B1EB-4FFE-9E2C-99817F5DA6FD}.Release|Any CPU.Build.0 = Release|Any CPU
		{C207EF95-BA92-456F-95F4-F9EB50C46887}.Debug|Any CPU.ActiveCfg = Debug|Any CPU
		{C207EF95-BA92-456F-95F4-F9EB50C46887}.Debug|Any CPU.Build.0 = Debug|Any CPU
		{C207EF95-BA92-456F-95F4-F9EB50C46887}.Release|Any CPU.ActiveCfg = Release|Any CPU
		{C207EF95-BA92-456F-95F4-F9EB50C46887}.Release|Any CPU.Build.0 = Release|Any CPU
		{8BC53471-63BD-40DA-89EA-CB01C8DBE4D7}.Debug|Any CPU.ActiveCfg = Debug|Any CPU
		{8BC53471-63BD-40DA-89EA-CB01C8DBE4D7}.Debug|Any CPU.Build.0 = Debug|Any CPU
		{8BC53471-63BD-40DA-89EA-CB01C8DBE4D7}.Release|Any CPU.ActiveCfg = Release|Any CPU
		{8BC53471-63BD-40DA-89EA-CB01C8DBE4D7}.Release|Any CPU.Build.0 = Release|Any CPU
		{DC82E4CE-5333-4CDB-8D73-4784876FD505}.Debug|Any CPU.ActiveCfg = Debug|Any CPU
		{DC82E4CE-5333-4CDB-8D73-4784876FD505}.Debug|Any CPU.Build.0 = Debug|Any CPU
		{DC82E4CE-5333-4CDB-8D73-4784876FD505}.Release|Any CPU.ActiveCfg = Release|Any CPU
		{DC82E4CE-5333-4CDB-8D73-4784876FD505}.Release|Any CPU.Build.0 = Release|Any CPU
		{2434F12C-6487-4D0F-A875-6D076F29F897}.Debug|Any CPU.ActiveCfg = Debug|Any CPU
		{2434F12C-6487-4D0F-A875-6D076F29F897}.Debug|Any CPU.Build.0 = Debug|Any CPU
		{2434F12C-6487-4D0F-A875-6D076F29F897}.Release|Any CPU.ActiveCfg = Release|Any CPU
		{2434F12C-6487-4D0F-A875-6D076F29F897}.Release|Any CPU.Build.0 = Release|Any CPU
		{A5128756-98C8-4894-A40C-48D65C771B49}.Debug|Any CPU.ActiveCfg = Debug|Any CPU
		{A5128756-98C8-4894-A40C-48D65C771B49}.Debug|Any CPU.Build.0 = Debug|Any CPU
		{A5128756-98C8-4894-A40C-48D65C771B49}.Release|Any CPU.ActiveCfg = Release|Any CPU
		{A5128756-98C8-4894-A40C-48D65C771B49}.Release|Any CPU.Build.0 = Release|Any CPU
		{EAA97842-9A70-4B45-A748-C44DCD35BDFD}.Debug|Any CPU.ActiveCfg = Debug|Any CPU
		{EAA97842-9A70-4B45-A748-C44DCD35BDFD}.Debug|Any CPU.Build.0 = Debug|Any CPU
		{EAA97842-9A70-4B45-A748-C44DCD35BDFD}.Release|Any CPU.ActiveCfg = Release|Any CPU
		{EAA97842-9A70-4B45-A748-C44DCD35BDFD}.Release|Any CPU.Build.0 = Release|Any CPU
		{6298A0CD-2949-4ADE-944C-EDD104DAC56B}.Debug|Any CPU.ActiveCfg = Debug|Any CPU
		{6298A0CD-2949-4ADE-944C-EDD104DAC56B}.Debug|Any CPU.Build.0 = Debug|Any CPU
		{6298A0CD-2949-4ADE-944C-EDD104DAC56B}.Release|Any CPU.ActiveCfg = Release|Any CPU
		{6298A0CD-2949-4ADE-944C-EDD104DAC56B}.Release|Any CPU.Build.0 = Release|Any CPU
		{E519B50E-7E77-4C6C-911C-390C80362BE6}.Debug|Any CPU.ActiveCfg = Debug|Any CPU
		{E519B50E-7E77-4C6C-911C-390C80362BE6}.Debug|Any CPU.Build.0 = Debug|Any CPU
		{E519B50E-7E77-4C6C-911C-390C80362BE6}.Release|Any CPU.ActiveCfg = Release|Any CPU
		{E519B50E-7E77-4C6C-911C-390C80362BE6}.Release|Any CPU.Build.0 = Release|Any CPU
		{E6532E04-2E65-4115-91EC-AF4CAF8A91A3}.Debug|Any CPU.ActiveCfg = Debug|Any CPU
		{E6532E04-2E65-4115-91EC-AF4CAF8A91A3}.Debug|Any CPU.Build.0 = Debug|Any CPU
		{E6532E04-2E65-4115-91EC-AF4CAF8A91A3}.Release|Any CPU.ActiveCfg = Release|Any CPU
		{E6532E04-2E65-4115-91EC-AF4CAF8A91A3}.Release|Any CPU.Build.0 = Release|Any CPU
		{57C72AF2-771F-4CF1-B05D-7930CA93FCD8}.Debug|Any CPU.ActiveCfg = Debug|Any CPU
		{57C72AF2-771F-4CF1-B05D-7930CA93FCD8}.Debug|Any CPU.Build.0 = Debug|Any CPU
		{57C72AF2-771F-4CF1-B05D-7930CA93FCD8}.Release|Any CPU.ActiveCfg = Release|Any CPU
		{57C72AF2-771F-4CF1-B05D-7930CA93FCD8}.Release|Any CPU.Build.0 = Release|Any CPU
		{BEA18E6B-0B05-49AA-8E5B-2E080D61C8D6}.Debug|Any CPU.ActiveCfg = Debug|Any CPU
		{BEA18E6B-0B05-49AA-8E5B-2E080D61C8D6}.Debug|Any CPU.Build.0 = Debug|Any CPU
		{BEA18E6B-0B05-49AA-8E5B-2E080D61C8D6}.Release|Any CPU.ActiveCfg = Release|Any CPU
		{BEA18E6B-0B05-49AA-8E5B-2E080D61C8D6}.Release|Any CPU.Build.0 = Release|Any CPU
		{26AC25CF-D85F-4863-BD8C-03E0C2BCD72D}.Debug|Any CPU.ActiveCfg = Debug|Any CPU
		{26AC25CF-D85F-4863-BD8C-03E0C2BCD72D}.Debug|Any CPU.Build.0 = Debug|Any CPU
		{26AC25CF-D85F-4863-BD8C-03E0C2BCD72D}.Release|Any CPU.ActiveCfg = Release|Any CPU
		{26AC25CF-D85F-4863-BD8C-03E0C2BCD72D}.Release|Any CPU.Build.0 = Release|Any CPU
		{8D702661-72B4-4A9F-A195-FD9A412C94E5}.Debug|Any CPU.ActiveCfg = Debug|Any CPU
		{8D702661-72B4-4A9F-A195-FD9A412C94E5}.Debug|Any CPU.Build.0 = Debug|Any CPU
		{8D702661-72B4-4A9F-A195-FD9A412C94E5}.Release|Any CPU.ActiveCfg = Release|Any CPU
		{8D702661-72B4-4A9F-A195-FD9A412C94E5}.Release|Any CPU.Build.0 = Release|Any CPU
		{280A9678-6EC5-4EF8-9D30-DA9596E3399A}.Debug|Any CPU.ActiveCfg = Debug|Any CPU
		{280A9678-6EC5-4EF8-9D30-DA9596E3399A}.Debug|Any CPU.Build.0 = Debug|Any CPU
		{280A9678-6EC5-4EF8-9D30-DA9596E3399A}.Release|Any CPU.ActiveCfg = Release|Any CPU
		{280A9678-6EC5-4EF8-9D30-DA9596E3399A}.Release|Any CPU.Build.0 = Release|Any CPU
		{478D759C-F0CB-4268-9723-AE7CDAB83BD1}.Debug|Any CPU.ActiveCfg = Debug|Any CPU
		{478D759C-F0CB-4268-9723-AE7CDAB83BD1}.Debug|Any CPU.Build.0 = Debug|Any CPU
		{478D759C-F0CB-4268-9723-AE7CDAB83BD1}.Release|Any CPU.ActiveCfg = Release|Any CPU
		{478D759C-F0CB-4268-9723-AE7CDAB83BD1}.Release|Any CPU.Build.0 = Release|Any CPU
		{743DF300-99E8-45EE-A66D-2A6DA9F78546}.Debug|Any CPU.ActiveCfg = Debug|Any CPU
		{743DF300-99E8-45EE-A66D-2A6DA9F78546}.Debug|Any CPU.Build.0 = Debug|Any CPU
		{743DF300-99E8-45EE-A66D-2A6DA9F78546}.Release|Any CPU.ActiveCfg = Release|Any CPU
		{743DF300-99E8-45EE-A66D-2A6DA9F78546}.Release|Any CPU.Build.0 = Release|Any CPU
		{76662544-0D27-42B9-9D09-BDE2028B274C}.Debug|Any CPU.ActiveCfg = Debug|Any CPU
		{76662544-0D27-42B9-9D09-BDE2028B274C}.Debug|Any CPU.Build.0 = Debug|Any CPU
		{76662544-0D27-42B9-9D09-BDE2028B274C}.Release|Any CPU.ActiveCfg = Release|Any CPU
		{76662544-0D27-42B9-9D09-BDE2028B274C}.Release|Any CPU.Build.0 = Release|Any CPU
		{45A5AE71-F24B-4F29-8F8F-650D0BD76442}.Debug|Any CPU.ActiveCfg = Debug|Any CPU
		{45A5AE71-F24B-4F29-8F8F-650D0BD76442}.Debug|Any CPU.Build.0 = Debug|Any CPU
		{45A5AE71-F24B-4F29-8F8F-650D0BD76442}.Release|Any CPU.ActiveCfg = Release|Any CPU
		{45A5AE71-F24B-4F29-8F8F-650D0BD76442}.Release|Any CPU.Build.0 = Release|Any CPU
		{CDE07E17-4343-41EB-8CFC-5CDC9B52BE08}.Debug|Any CPU.ActiveCfg = Debug|Any CPU
		{CDE07E17-4343-41EB-8CFC-5CDC9B52BE08}.Debug|Any CPU.Build.0 = Debug|Any CPU
		{CDE07E17-4343-41EB-8CFC-5CDC9B52BE08}.Release|Any CPU.ActiveCfg = Release|Any CPU
		{CDE07E17-4343-41EB-8CFC-5CDC9B52BE08}.Release|Any CPU.Build.0 = Release|Any CPU
		{026BACD2-BEC1-4710-9C22-BEC446026F0D}.Debug|Any CPU.ActiveCfg = Debug|Any CPU
		{026BACD2-BEC1-4710-9C22-BEC446026F0D}.Debug|Any CPU.Build.0 = Debug|Any CPU
		{026BACD2-BEC1-4710-9C22-BEC446026F0D}.Release|Any CPU.ActiveCfg = Release|Any CPU
		{026BACD2-BEC1-4710-9C22-BEC446026F0D}.Release|Any CPU.Build.0 = Release|Any CPU
		{B783EB8D-0AAA-49A4-B2AE-77181A3C3362}.Debug|Any CPU.ActiveCfg = Debug|Any CPU
		{B783EB8D-0AAA-49A4-B2AE-77181A3C3362}.Debug|Any CPU.Build.0 = Debug|Any CPU
		{B783EB8D-0AAA-49A4-B2AE-77181A3C3362}.Release|Any CPU.ActiveCfg = Release|Any CPU
		{B783EB8D-0AAA-49A4-B2AE-77181A3C3362}.Release|Any CPU.Build.0 = Release|Any CPU
		{85A12A14-C868-48BC-9DC6-9912F705705D}.Debug|Any CPU.ActiveCfg = Debug|Any CPU
		{85A12A14-C868-48BC-9DC6-9912F705705D}.Debug|Any CPU.Build.0 = Debug|Any CPU
		{85A12A14-C868-48BC-9DC6-9912F705705D}.Release|Any CPU.ActiveCfg = Release|Any CPU
		{85A12A14-C868-48BC-9DC6-9912F705705D}.Release|Any CPU.Build.0 = Release|Any CPU
		{0A5C17E8-76A0-449F-8ADD-C6FFC4FD235B}.Debug|Any CPU.ActiveCfg = Debug|Any CPU
		{0A5C17E8-76A0-449F-8ADD-C6FFC4FD235B}.Debug|Any CPU.Build.0 = Debug|Any CPU
		{0A5C17E8-76A0-449F-8ADD-C6FFC4FD235B}.Release|Any CPU.ActiveCfg = Release|Any CPU
		{0A5C17E8-76A0-449F-8ADD-C6FFC4FD235B}.Release|Any CPU.Build.0 = Release|Any CPU
		{2D1F5771-E4E4-4031-97B6-10B4FF3E5786}.Debug|Any CPU.ActiveCfg = Debug|Any CPU
		{2D1F5771-E4E4-4031-97B6-10B4FF3E5786}.Debug|Any CPU.Build.0 = Debug|Any CPU
		{2D1F5771-E4E4-4031-97B6-10B4FF3E5786}.Release|Any CPU.ActiveCfg = Release|Any CPU
		{2D1F5771-E4E4-4031-97B6-10B4FF3E5786}.Release|Any CPU.Build.0 = Release|Any CPU
		{E24DEDFE-56A1-463F-9703-65B037989F57}.Debug|Any CPU.ActiveCfg = Debug|Any CPU
		{E24DEDFE-56A1-463F-9703-65B037989F57}.Debug|Any CPU.Build.0 = Debug|Any CPU
		{E24DEDFE-56A1-463F-9703-65B037989F57}.Release|Any CPU.ActiveCfg = Release|Any CPU
		{E24DEDFE-56A1-463F-9703-65B037989F57}.Release|Any CPU.Build.0 = Release|Any CPU
		{DCA5BC5C-0BB9-4E33-AD0E-5F4536A64B58}.Debug|Any CPU.ActiveCfg = Debug|Any CPU
		{DCA5BC5C-0BB9-4E33-AD0E-5F4536A64B58}.Debug|Any CPU.Build.0 = Debug|Any CPU
		{DCA5BC5C-0BB9-4E33-AD0E-5F4536A64B58}.Release|Any CPU.ActiveCfg = Release|Any CPU
		{DCA5BC5C-0BB9-4E33-AD0E-5F4536A64B58}.Release|Any CPU.Build.0 = Release|Any CPU
		{5438A363-7EC9-49F8-89C3-DB1FFEAD6989}.Debug|Any CPU.ActiveCfg = Debug|Any CPU
		{5438A363-7EC9-49F8-89C3-DB1FFEAD6989}.Debug|Any CPU.Build.0 = Debug|Any CPU
		{5438A363-7EC9-49F8-89C3-DB1FFEAD6989}.Release|Any CPU.ActiveCfg = Release|Any CPU
		{5438A363-7EC9-49F8-89C3-DB1FFEAD6989}.Release|Any CPU.Build.0 = Release|Any CPU
		{8CE35EED-DB7F-4935-A10C-6C554966076A}.Debug|Any CPU.ActiveCfg = Debug|Any CPU
		{8CE35EED-DB7F-4935-A10C-6C554966076A}.Debug|Any CPU.Build.0 = Debug|Any CPU
		{8CE35EED-DB7F-4935-A10C-6C554966076A}.Release|Any CPU.ActiveCfg = Release|Any CPU
		{8CE35EED-DB7F-4935-A10C-6C554966076A}.Release|Any CPU.Build.0 = Release|Any CPU
		{C7437D48-0553-486C-8136-9C54CA7F97A4}.Debug|Any CPU.ActiveCfg = Debug|Any CPU
		{C7437D48-0553-486C-8136-9C54CA7F97A4}.Debug|Any CPU.Build.0 = Debug|Any CPU
		{C7437D48-0553-486C-8136-9C54CA7F97A4}.Release|Any CPU.ActiveCfg = Release|Any CPU
		{C7437D48-0553-486C-8136-9C54CA7F97A4}.Release|Any CPU.Build.0 = Release|Any CPU
		{044CDE14-00D9-41FB-A6C4-8A3364F991FD}.Debug|Any CPU.ActiveCfg = Debug|Any CPU
		{044CDE14-00D9-41FB-A6C4-8A3364F991FD}.Debug|Any CPU.Build.0 = Debug|Any CPU
		{044CDE14-00D9-41FB-A6C4-8A3364F991FD}.Release|Any CPU.ActiveCfg = Release|Any CPU
		{044CDE14-00D9-41FB-A6C4-8A3364F991FD}.Release|Any CPU.Build.0 = Release|Any CPU
		{2EC33A61-A8E7-4D9E-AD51-D9E77BAFFF85}.Debug|Any CPU.ActiveCfg = Debug|Any CPU
		{2EC33A61-A8E7-4D9E-AD51-D9E77BAFFF85}.Debug|Any CPU.Build.0 = Debug|Any CPU
		{2EC33A61-A8E7-4D9E-AD51-D9E77BAFFF85}.Release|Any CPU.ActiveCfg = Release|Any CPU
		{2EC33A61-A8E7-4D9E-AD51-D9E77BAFFF85}.Release|Any CPU.Build.0 = Release|Any CPU
		{1341396D-12A9-4AB7-B9E8-8CB19F06CF8B}.Debug|Any CPU.ActiveCfg = Debug|Any CPU
		{1341396D-12A9-4AB7-B9E8-8CB19F06CF8B}.Debug|Any CPU.Build.0 = Debug|Any CPU
		{1341396D-12A9-4AB7-B9E8-8CB19F06CF8B}.Release|Any CPU.ActiveCfg = Release|Any CPU
		{1341396D-12A9-4AB7-B9E8-8CB19F06CF8B}.Release|Any CPU.Build.0 = Release|Any CPU
		{CFDE2EE8-E290-41D4-BD8A-7C4DA35CD422}.Debug|Any CPU.ActiveCfg = Debug|Any CPU
		{CFDE2EE8-E290-41D4-BD8A-7C4DA35CD422}.Debug|Any CPU.Build.0 = Debug|Any CPU
		{CFDE2EE8-E290-41D4-BD8A-7C4DA35CD422}.Release|Any CPU.ActiveCfg = Release|Any CPU
		{CFDE2EE8-E290-41D4-BD8A-7C4DA35CD422}.Release|Any CPU.Build.0 = Release|Any CPU
		{ADF6E0AF-91A5-4876-9B6A-8BED354ED0D2}.Debug|Any CPU.ActiveCfg = Debug|Any CPU
		{ADF6E0AF-91A5-4876-9B6A-8BED354ED0D2}.Debug|Any CPU.Build.0 = Debug|Any CPU
		{ADF6E0AF-91A5-4876-9B6A-8BED354ED0D2}.Release|Any CPU.ActiveCfg = Release|Any CPU
		{ADF6E0AF-91A5-4876-9B6A-8BED354ED0D2}.Release|Any CPU.Build.0 = Release|Any CPU
		{166C740E-6AD6-401C-B0CD-4F25C9455777}.Debug|Any CPU.ActiveCfg = Debug|Any CPU
		{166C740E-6AD6-401C-B0CD-4F25C9455777}.Debug|Any CPU.Build.0 = Debug|Any CPU
		{166C740E-6AD6-401C-B0CD-4F25C9455777}.Release|Any CPU.ActiveCfg = Release|Any CPU
		{166C740E-6AD6-401C-B0CD-4F25C9455777}.Release|Any CPU.Build.0 = Release|Any CPU
		{2818EFD0-533F-4A76-A64E-F12D0D6811AF}.Debug|Any CPU.ActiveCfg = Debug|Any CPU
		{2818EFD0-533F-4A76-A64E-F12D0D6811AF}.Debug|Any CPU.Build.0 = Debug|Any CPU
		{2818EFD0-533F-4A76-A64E-F12D0D6811AF}.Release|Any CPU.ActiveCfg = Release|Any CPU
		{2818EFD0-533F-4A76-A64E-F12D0D6811AF}.Release|Any CPU.Build.0 = Release|Any CPU
		{469FEDDA-E0E3-4D59-978A-253CE795D19B}.Debug|Any CPU.ActiveCfg = Debug|Any CPU
		{469FEDDA-E0E3-4D59-978A-253CE795D19B}.Debug|Any CPU.Build.0 = Debug|Any CPU
		{469FEDDA-E0E3-4D59-978A-253CE795D19B}.Release|Any CPU.ActiveCfg = Release|Any CPU
		{469FEDDA-E0E3-4D59-978A-253CE795D19B}.Release|Any CPU.Build.0 = Release|Any CPU
		{73141C0B-EA96-4EB0-831B-9BDEBD324F2D}.Debug|Any CPU.ActiveCfg = Debug|Any CPU
		{73141C0B-EA96-4EB0-831B-9BDEBD324F2D}.Debug|Any CPU.Build.0 = Debug|Any CPU
		{73141C0B-EA96-4EB0-831B-9BDEBD324F2D}.Release|Any CPU.ActiveCfg = Release|Any CPU
		{73141C0B-EA96-4EB0-831B-9BDEBD324F2D}.Release|Any CPU.Build.0 = Release|Any CPU
		{181D2F7A-B8EF-420A-AD86-A6EC85950105}.Debug|Any CPU.ActiveCfg = Debug|Any CPU
		{181D2F7A-B8EF-420A-AD86-A6EC85950105}.Debug|Any CPU.Build.0 = Debug|Any CPU
		{181D2F7A-B8EF-420A-AD86-A6EC85950105}.Release|Any CPU.ActiveCfg = Release|Any CPU
		{181D2F7A-B8EF-420A-AD86-A6EC85950105}.Release|Any CPU.Build.0 = Release|Any CPU
		{A052169F-BBE4-4865-819E-6C248DE4CB84}.Debug|Any CPU.ActiveCfg = Debug|Any CPU
		{A052169F-BBE4-4865-819E-6C248DE4CB84}.Debug|Any CPU.Build.0 = Debug|Any CPU
		{A052169F-BBE4-4865-819E-6C248DE4CB84}.Release|Any CPU.ActiveCfg = Release|Any CPU
		{A052169F-BBE4-4865-819E-6C248DE4CB84}.Release|Any CPU.Build.0 = Release|Any CPU
		{A2DF1566-0FDB-4AF6-81CC-CE463EDC1A0F}.Debug|Any CPU.ActiveCfg = Debug|Any CPU
		{A2DF1566-0FDB-4AF6-81CC-CE463EDC1A0F}.Debug|Any CPU.Build.0 = Debug|Any CPU
		{A2DF1566-0FDB-4AF6-81CC-CE463EDC1A0F}.Release|Any CPU.ActiveCfg = Release|Any CPU
		{A2DF1566-0FDB-4AF6-81CC-CE463EDC1A0F}.Release|Any CPU.Build.0 = Release|Any CPU
	EndGlobalSection
	GlobalSection(SolutionProperties) = preSolution
		HideSolutionNode = FALSE
	EndGlobalSection
	GlobalSection(NestedProjects) = preSolution
		{3C29F8BE-CD30-4295-9D48-A8F265818894} = {D6A453E5-4843-4B86-AA5E-49B956D43E1C}
		{FCD07E3B-02D9-46B7-9550-A5FFB8682C6B} = {D6A453E5-4843-4B86-AA5E-49B956D43E1C}
		{F2A48987-64FC-45AD-9F83-BA00ADCC6717} = {3C29F8BE-CD30-4295-9D48-A8F265818894}
		{B4AED8B5-13AD-40D4-B499-18217B7BC485} = {3C29F8BE-CD30-4295-9D48-A8F265818894}
		{2651D135-809D-40A3-8622-342547B71764} = {FCD07E3B-02D9-46B7-9550-A5FFB8682C6B}
		{4E755EB5-CA1C-4548-8122-B6E5A66689BE} = {FCD07E3B-02D9-46B7-9550-A5FFB8682C6B}
		{90AB96C8-0740-4F6B-B61D-429CD982740B} = {FCD07E3B-02D9-46B7-9550-A5FFB8682C6B}
		{91147645-0633-4EE3-AE50-4820A0EBAED4} = {D6A453E5-4843-4B86-AA5E-49B956D43E1C}
		{7BD22AB4-849C-4089-B9C0-F687360EBD9E} = {D6A453E5-4843-4B86-AA5E-49B956D43E1C}
		{0349169A-9325-408A-85FD-D582B208FA1E} = {EE9BAC23-19DF-4B27-A97D-DA1CCBA4A6B2}
		{585055DC-50F2-4D88-A894-E27F94AC1B70} = {EE9BAC23-19DF-4B27-A97D-DA1CCBA4A6B2}
		{19303F30-0672-4D5F-A377-16752FB8D4A5} = {EE9BAC23-19DF-4B27-A97D-DA1CCBA4A6B2}
		{31A77394-F28D-4D9B-8432-1D4CFF0376A4} = {0349169A-9325-408A-85FD-D582B208FA1E}
		{6D63C64A-83BB-4B90-8A6A-EFDE7FFCFCB9} = {0349169A-9325-408A-85FD-D582B208FA1E}
		{1456AA13-AD43-4748-96CA-B74CE16A72DE} = {0349169A-9325-408A-85FD-D582B208FA1E}
		{F01C86B9-2BC5-469E-8CE6-3854258AB06E} = {19303F30-0672-4D5F-A377-16752FB8D4A5}
		{70775E00-573B-4570-92C0-82CE3EA5C741} = {19303F30-0672-4D5F-A377-16752FB8D4A5}
		{AA8BC2D8-9D11-44BA-BD69-0E9DD97F99C6} = {3C29F8BE-CD30-4295-9D48-A8F265818894}
		{3E64BFAF-1C2F-4251-BEB3-3B74B51BD05F} = {585055DC-50F2-4D88-A894-E27F94AC1B70}
		{FE58E79B-7228-4E85-B0F9-314578025817} = {19303F30-0672-4D5F-A377-16752FB8D4A5}
		{82879B72-09EB-4BA0-99DC-3C4E8A04487F} = {19303F30-0672-4D5F-A377-16752FB8D4A5}
		{84E8CC5C-7CFA-402D-9032-50783F6E4F7A} = {19303F30-0672-4D5F-A377-16752FB8D4A5}
		{E7462167-727E-4313-B45F-7C1A456FAD16} = {19303F30-0672-4D5F-A377-16752FB8D4A5}
		{37D45584-D794-4558-8B8A-FA50653D65CC} = {19303F30-0672-4D5F-A377-16752FB8D4A5}
		{92CDAC9F-903B-4072-85F4-C99BBE355839} = {19303F30-0672-4D5F-A377-16752FB8D4A5}
		{6C20D47F-2090-4B47-AA13-F9E1CC0FBC3C} = {EE9BAC23-19DF-4B27-A97D-DA1CCBA4A6B2}
		{C50CD2C7-422C-4BDD-9F9A-08353680E43C} = {6C20D47F-2090-4B47-AA13-F9E1CC0FBC3C}
		{37E19896-EFCB-48A1-A125-0494CF826A5F} = {6C20D47F-2090-4B47-AA13-F9E1CC0FBC3C}
		{E6F873F7-0317-406D-98B9-EFBD403E1DAD} = {6C20D47F-2090-4B47-AA13-F9E1CC0FBC3C}
		{ADD1D128-9E5C-4817-B46F-E129CE653C78} = {6C20D47F-2090-4B47-AA13-F9E1CC0FBC3C}
		{DB6B9132-DC4F-4C57-A309-032C8AF50923} = {EE9BAC23-19DF-4B27-A97D-DA1CCBA4A6B2}
		{E84390D7-BA78-4554-8770-72D892E8F9A2} = {DB6B9132-DC4F-4C57-A309-032C8AF50923}
		{CD880876-2720-4C29-A6BF-32D103F81954} = {EE9BAC23-19DF-4B27-A97D-DA1CCBA4A6B2}
		{1B0C9837-16B5-4ACA-A482-FB7A5B5A3C1A} = {EE9BAC23-19DF-4B27-A97D-DA1CCBA4A6B2}
		{B8F88B29-82C0-4A43-A6AF-03978641C29F} = {CD880876-2720-4C29-A6BF-32D103F81954}
		{1BE07B86-23D9-4AA0-8EA4-DC44DC20BD93} = {1B0C9837-16B5-4ACA-A482-FB7A5B5A3C1A}
		{C087601C-A819-4DD4-83EF-BE850D43CB3F} = {CD880876-2720-4C29-A6BF-32D103F81954}
		{249A9BB5-E5FB-4125-8AA3-D30991AB0489} = {CD880876-2720-4C29-A6BF-32D103F81954}
		{D7B26709-85CC-4A91-BA41-A069EAC71A5D} = {EE9BAC23-19DF-4B27-A97D-DA1CCBA4A6B2}
		{388E1655-2087-4B50-B9F3-7DE5014787C7} = {D7B26709-85CC-4A91-BA41-A069EAC71A5D}
		{9ACF1783-800E-4FD4-B8BF-834A44860229} = {EE9BAC23-19DF-4B27-A97D-DA1CCBA4A6B2}
		{9637D44C-0959-4AB7-8BC3-E74FA42CC228} = {9ACF1783-800E-4FD4-B8BF-834A44860229}
		{C2428C27-AEA7-443A-BE2A-C7AE22A89CA5} = {9ACF1783-800E-4FD4-B8BF-834A44860229}
		{134435C6-5481-478E-81CF-C5559EDB8199} = {EE9BAC23-19DF-4B27-A97D-DA1CCBA4A6B2}
		{335E493E-9918-4B70-AF7A-3EA01245CA4F} = {134435C6-5481-478E-81CF-C5559EDB8199}
		{0D06FBB8-1ED7-4A4F-AB6C-85E7AED9ABCC} = {9ACF1783-800E-4FD4-B8BF-834A44860229}
		{A09A0DCB-988E-44C8-ABEA-87BEAB2E4E13} = {EE9BAC23-19DF-4B27-A97D-DA1CCBA4A6B2}
		{EF3B5EE3-E4E6-40A6-8FB6-D1E04322039C} = {A09A0DCB-988E-44C8-ABEA-87BEAB2E4E13}
		{5A3E04E6-57A2-48DE-A3E4-69F4BC08B470} = {A09A0DCB-988E-44C8-ABEA-87BEAB2E4E13}
		{45ECBF7A-40AA-488E-93DB-7E0AD5275EAF} = {EE9BAC23-19DF-4B27-A97D-DA1CCBA4A6B2}
		{F6B87B8B-ECAE-4086-9D0F-DBC97969E30B} = {45ECBF7A-40AA-488E-93DB-7E0AD5275EAF}
		{C7D24995-6B69-4A37-90C1-8A84D1C4BFC5} = {F80414AB-9001-49AE-8DAD-44FE04D730EE}
		{117A552A-15C0-4B2B-A194-A5894B67AFFC} = {C7D24995-6B69-4A37-90C1-8A84D1C4BFC5}
		{086DFAB1-7BB0-4814-8C28-DB812EB1B87B} = {C7D24995-6B69-4A37-90C1-8A84D1C4BFC5}
		{9723B217-FB7D-4235-A477-A3FE5A8EF101} = {C7D24995-6B69-4A37-90C1-8A84D1C4BFC5}
		{A3CE601F-B770-42E5-A30D-7857EF4A4FF9} = {F80414AB-9001-49AE-8DAD-44FE04D730EE}
		{6C2204AC-E344-4028-9856-0C3A689CDC2F} = {A3CE601F-B770-42E5-A30D-7857EF4A4FF9}
		{B1F308F6-E04D-4C36-BA00-D926B2D582A0} = {A3CE601F-B770-42E5-A30D-7857EF4A4FF9}
		{CAED894F-A4D7-40B7-BBC8-4B3EDEC9A873} = {F80414AB-9001-49AE-8DAD-44FE04D730EE}
		{CBA25337-6B29-493B-857D-EC4C51422D23} = {CAED894F-A4D7-40B7-BBC8-4B3EDEC9A873}
		{F579DA04-966A-49B5-84A5-9F14D6D468E2} = {F80414AB-9001-49AE-8DAD-44FE04D730EE}
		{974A6750-EC29-4460-A588-EF600553FFFE} = {F579DA04-966A-49B5-84A5-9F14D6D468E2}
		{0341BDAB-9B6B-422D-B960-C494531F0600} = {F80414AB-9001-49AE-8DAD-44FE04D730EE}
		{993B1687-5A20-4FF8-800A-D0160BB0F8C7} = {0341BDAB-9B6B-422D-B960-C494531F0600}
		{3E87FA4F-65D7-4A04-B41D-AA9AB2E2CCFD} = {0341BDAB-9B6B-422D-B960-C494531F0600}
		{BF9C7362-B1C7-4324-84EB-CFE32B5B1059} = {F80414AB-9001-49AE-8DAD-44FE04D730EE}
		{72793C3A-F762-4FA3-A904-3C5F3B6AA91A} = {BF9C7362-B1C7-4324-84EB-CFE32B5B1059}
		{32CBDF35-96E3-45B9-9F30-78910DAF6F5B} = {BF9C7362-B1C7-4324-84EB-CFE32B5B1059}
		{7F992B17-C927-4495-B243-EFCCC3657C99} = {BF9C7362-B1C7-4324-84EB-CFE32B5B1059}
		{91165E92-EF8E-4F6C-B8F0-FAEA9FF5E6D1} = {BF9C7362-B1C7-4324-84EB-CFE32B5B1059}
		{0E000626-59B4-4FBD-83EE-FE2D81B83B14} = {BF9C7362-B1C7-4324-84EB-CFE32B5B1059}
		{70ED90B4-DA69-4D6E-B739-746C47446541} = {F80414AB-9001-49AE-8DAD-44FE04D730EE}
		{AB594226-6288-4776-A854-6EF362A3B954} = {70ED90B4-DA69-4D6E-B739-746C47446541}
		{C23504ED-BA33-4442-A4EA-C255173BB4F6} = {70ED90B4-DA69-4D6E-B739-746C47446541}
		{12E4F9CB-6BBF-4CDC-B244-9C16A2769C26} = {70ED90B4-DA69-4D6E-B739-746C47446541}
		{F9D006B2-CEBB-49E2-BA45-BAA2573C5691} = {70ED90B4-DA69-4D6E-B739-746C47446541}
		{6EE33165-BF6A-440C-88D2-358BDF02DEE4} = {70ED90B4-DA69-4D6E-B739-746C47446541}
		{02F7EDDC-7ADE-477B-A17B-0DA9510F65BA} = {70ED90B4-DA69-4D6E-B739-746C47446541}
		{4E8C5014-FF31-48A5-BAB3-151F442846F1} = {F80414AB-9001-49AE-8DAD-44FE04D730EE}
		{D623AD85-2D62-498D-8815-0028424E876A} = {4E8C5014-FF31-48A5-BAB3-151F442846F1}
		{6B7DC512-41C2-4A1F-8851-115157BBE0B7} = {4E8C5014-FF31-48A5-BAB3-151F442846F1}
		{53DF6090-D017-4243-8F4F-7C0B93549082} = {4E8C5014-FF31-48A5-BAB3-151F442846F1}
		{7B7C94FD-56B5-4B75-B5C4-BD21305F4CC3} = {4E8C5014-FF31-48A5-BAB3-151F442846F1}
		{FC1D86E1-CDE8-4425-B196-28759FE5F213} = {4E8C5014-FF31-48A5-BAB3-151F442846F1}
		{D3BC1BC1-35CE-4E2D-8D28-BFB85EC202E9} = {F80414AB-9001-49AE-8DAD-44FE04D730EE}
		{4BD38BFA-BDBD-4252-AE86-0A289A435B41} = {D3BC1BC1-35CE-4E2D-8D28-BFB85EC202E9}
		{550E5497-D64E-48DA-8E90-886254E1BD76} = {D3BC1BC1-35CE-4E2D-8D28-BFB85EC202E9}
		{12E6F2D9-3029-4AE9-9617-91BB5C473DBC} = {D3BC1BC1-35CE-4E2D-8D28-BFB85EC202E9}
		{AC235C13-308F-4D9A-A379-520D171E4320} = {F80414AB-9001-49AE-8DAD-44FE04D730EE}
		{4B5F82AE-8334-461F-89F7-67D3AF40063C} = {AC235C13-308F-4D9A-A379-520D171E4320}
		{46E3C96C-1B2D-4CB7-B0D1-D296BE7CFBA4} = {AC235C13-308F-4D9A-A379-520D171E4320}
		{0A8DA1BB-1EDF-4F00-8ECB-468EADE94140} = {AC235C13-308F-4D9A-A379-520D171E4320}
		{E6A73319-D86E-4015-B473-DAEDE676E8B2} = {AC235C13-308F-4D9A-A379-520D171E4320}
		{06AAD0E2-5E2F-4179-9034-805874A3D613} = {67090B03-E55E-4240-9190-B8A47D3F48AF}
		{67090B03-E55E-4240-9190-B8A47D3F48AF} = {21D42ABF-7A81-4641-AF7D-272FD6C608C2}
		{0B8D9F8E-C5FD-4446-9430-62739E303F21} = {21D42ABF-7A81-4641-AF7D-272FD6C608C2}
		{A5D6B756-FC01-4706-A6A1-C2A373615A8F} = {0B8D9F8E-C5FD-4446-9430-62739E303F21}
		{08B5A070-B047-49DF-BB7B-12889CF9B5CA} = {0B8D9F8E-C5FD-4446-9430-62739E303F21}
		{1DF8E2CC-B1EB-4FFE-9E2C-99817F5DA6FD} = {0B8D9F8E-C5FD-4446-9430-62739E303F21}
		{C207EF95-BA92-456F-95F4-F9EB50C46887} = {0B8D9F8E-C5FD-4446-9430-62739E303F21}
		{86785C5A-B819-4EE7-ACD2-0B07F84F310E} = {21D42ABF-7A81-4641-AF7D-272FD6C608C2}
		{8BC53471-63BD-40DA-89EA-CB01C8DBE4D7} = {86785C5A-B819-4EE7-ACD2-0B07F84F310E}
		{DC82E4CE-5333-4CDB-8D73-4784876FD505} = {86785C5A-B819-4EE7-ACD2-0B07F84F310E}
		{2434F12C-6487-4D0F-A875-6D076F29F897} = {86785C5A-B819-4EE7-ACD2-0B07F84F310E}
		{767617FA-91A9-477B-B4DF-3C63003DB559} = {21D42ABF-7A81-4641-AF7D-272FD6C608C2}
		{A5128756-98C8-4894-A40C-48D65C771B49} = {767617FA-91A9-477B-B4DF-3C63003DB559}
		{EAA97842-9A70-4B45-A748-C44DCD35BDFD} = {767617FA-91A9-477B-B4DF-3C63003DB559}
		{D1E9165A-8C83-4F11-839D-CF959E5E739E} = {21D42ABF-7A81-4641-AF7D-272FD6C608C2}
		{6298A0CD-2949-4ADE-944C-EDD104DAC56B} = {D1E9165A-8C83-4F11-839D-CF959E5E739E}
		{E519B50E-7E77-4C6C-911C-390C80362BE6} = {D1E9165A-8C83-4F11-839D-CF959E5E739E}
		{12902581-C572-4257-92B9-8756F29851B4} = {21D42ABF-7A81-4641-AF7D-272FD6C608C2}
		{E6532E04-2E65-4115-91EC-AF4CAF8A91A3} = {12902581-C572-4257-92B9-8756F29851B4}
		{C9F49A8C-4749-4D82-BDA9-E150498F72BB} = {718DD7DB-3652-43DA-8718-22A2ABF950B9}
		{57C72AF2-771F-4CF1-B05D-7930CA93FCD8} = {C9F49A8C-4749-4D82-BDA9-E150498F72BB}
		{BEA18E6B-0B05-49AA-8E5B-2E080D61C8D6} = {C9F49A8C-4749-4D82-BDA9-E150498F72BB}
		{26AC25CF-D85F-4863-BD8C-03E0C2BCD72D} = {C9F49A8C-4749-4D82-BDA9-E150498F72BB}
		{8D702661-72B4-4A9F-A195-FD9A412C94E5} = {C9F49A8C-4749-4D82-BDA9-E150498F72BB}
		{280A9678-6EC5-4EF8-9D30-DA9596E3399A} = {C9F49A8C-4749-4D82-BDA9-E150498F72BB}
		{478D759C-F0CB-4268-9723-AE7CDAB83BD1} = {C9F49A8C-4749-4D82-BDA9-E150498F72BB}
		{743DF300-99E8-45EE-A66D-2A6DA9F78546} = {C9F49A8C-4749-4D82-BDA9-E150498F72BB}
		{76662544-0D27-42B9-9D09-BDE2028B274C} = {C9F49A8C-4749-4D82-BDA9-E150498F72BB}
		{45A5AE71-F24B-4F29-8F8F-650D0BD76442} = {C9F49A8C-4749-4D82-BDA9-E150498F72BB}
		{CDE07E17-4343-41EB-8CFC-5CDC9B52BE08} = {C9F49A8C-4749-4D82-BDA9-E150498F72BB}
		{026BACD2-BEC1-4710-9C22-BEC446026F0D} = {C9F49A8C-4749-4D82-BDA9-E150498F72BB}
		{B783EB8D-0AAA-49A4-B2AE-77181A3C3362} = {C9F49A8C-4749-4D82-BDA9-E150498F72BB}
		{85A12A14-C868-48BC-9DC6-9912F705705D} = {C9F49A8C-4749-4D82-BDA9-E150498F72BB}
		{0A5C17E8-76A0-449F-8ADD-C6FFC4FD235B} = {C9F49A8C-4749-4D82-BDA9-E150498F72BB}
		{2D1F5771-E4E4-4031-97B6-10B4FF3E5786} = {C9F49A8C-4749-4D82-BDA9-E150498F72BB}
		{E24DEDFE-56A1-463F-9703-65B037989F57} = {C9F49A8C-4749-4D82-BDA9-E150498F72BB}
		{E542975F-4D0C-4220-87EA-3039D63D1EF1} = {718DD7DB-3652-43DA-8718-22A2ABF950B9}
		{DCA5BC5C-0BB9-4E33-AD0E-5F4536A64B58} = {E542975F-4D0C-4220-87EA-3039D63D1EF1}
		{5438A363-7EC9-49F8-89C3-DB1FFEAD6989} = {E542975F-4D0C-4220-87EA-3039D63D1EF1}
		{19033C73-AFB4-43FF-8292-995627552661} = {718DD7DB-3652-43DA-8718-22A2ABF950B9}
		{8CE35EED-DB7F-4935-A10C-6C554966076A} = {19033C73-AFB4-43FF-8292-995627552661}
		{C7437D48-0553-486C-8136-9C54CA7F97A4} = {19033C73-AFB4-43FF-8292-995627552661}
		{044CDE14-00D9-41FB-A6C4-8A3364F991FD} = {19033C73-AFB4-43FF-8292-995627552661}
		{2EC33A61-A8E7-4D9E-AD51-D9E77BAFFF85} = {19033C73-AFB4-43FF-8292-995627552661}
		{1341396D-12A9-4AB7-B9E8-8CB19F06CF8B} = {19033C73-AFB4-43FF-8292-995627552661}
		{05B28C85-3607-43E7-A95E-84F16732A1B2} = {718DD7DB-3652-43DA-8718-22A2ABF950B9}
		{CFDE2EE8-E290-41D4-BD8A-7C4DA35CD422} = {05B28C85-3607-43E7-A95E-84F16732A1B2}
		{ADF6E0AF-91A5-4876-9B6A-8BED354ED0D2} = {05B28C85-3607-43E7-A95E-84F16732A1B2}
		{166C740E-6AD6-401C-B0CD-4F25C9455777} = {05B28C85-3607-43E7-A95E-84F16732A1B2}
		{2818EFD0-533F-4A76-A64E-F12D0D6811AF} = {05B28C85-3607-43E7-A95E-84F16732A1B2}
		{469FEDDA-E0E3-4D59-978A-253CE795D19B} = {05B28C85-3607-43E7-A95E-84F16732A1B2}
		{73141C0B-EA96-4EB0-831B-9BDEBD324F2D} = {05B28C85-3607-43E7-A95E-84F16732A1B2}
		{181D2F7A-B8EF-420A-AD86-A6EC85950105} = {05B28C85-3607-43E7-A95E-84F16732A1B2}
		{A052169F-BBE4-4865-819E-6C248DE4CB84} = {05B28C85-3607-43E7-A95E-84F16732A1B2}
		{A2DF1566-0FDB-4AF6-81CC-CE463EDC1A0F} = {05B28C85-3607-43E7-A95E-84F16732A1B2}
	EndGlobalSection
	GlobalSection(ExtensibilityGlobals) = postSolution
		SolutionGuid = {3F8F84CB-18BC-4C02-97A5-06CA99A31ECF}
	EndGlobalSection
EndGlobal
