
Microsoft Visual Studio Solution File, Format Version 12.00
# Visual Studio Version 17
VisualStudioVersion = 17.9.34616.47
MinimumVisualStudioVersion = 10.0.40219.1
Project("{FAE04EC0-301F-11D3-BF4B-00C04F79EFBC}") = "Factorials_1", "Factorials\Factorials_1.csproj", "{AF89722D-2730-4D16-BF7D-35FBABF9F55A}"
EndProject
Project("{FAE04EC0-301F-11D3-BF4B-00C04F79EFBC}") = "Fibonachi", "Fibonachi\Fibonachi.csproj", "{AF4FB7BF-38B1-4433-A98B-DF9B1257E6A4}"
EndProject
Project("{FAE04EC0-301F-11D3-BF4B-00C04F79EFBC}") = "FibonachiCycle", "FibonachiCycle\FibonachiCycle.csproj", "{C31E0407-0C79-4623-BDF6-C801868466FC}"
EndProject
Global
	GlobalSection(SolutionConfigurationPlatforms) = preSolution
		Debug|Any CPU = Debug|Any CPU
		Release|Any CPU = Release|Any CPU
	EndGlobalSection
	GlobalSection(ProjectConfigurationPlatforms) = postSolution
		{AF89722D-2730-4D16-BF7D-35FBABF9F55A}.Debug|Any CPU.ActiveCfg = Debug|Any CPU
		{AF89722D-2730-4D16-BF7D-35FBABF9F55A}.Debug|Any CPU.Build.0 = Debug|Any CPU
		{AF89722D-2730-4D16-BF7D-35FBABF9F55A}.Release|Any CPU.ActiveCfg = Release|Any CPU
		{AF89722D-2730-4D16-BF7D-35FBABF9F55A}.Release|Any CPU.Build.0 = Release|Any CPU
		{AF4FB7BF-38B1-4433-A98B-DF9B1257E6A4}.Debug|Any CPU.ActiveCfg = Debug|Any CPU
		{AF4FB7BF-38B1-4433-A98B-DF9B1257E6A4}.Debug|Any CPU.Build.0 = Debug|Any CPU
		{AF4FB7BF-38B1-4433-A98B-DF9B1257E6A4}.Release|Any CPU.ActiveCfg = Release|Any CPU
		{AF4FB7BF-38B1-4433-A98B-DF9B1257E6A4}.Release|Any CPU.Build.0 = Release|Any CPU
		{C31E0407-0C79-4623-BDF6-C801868466FC}.Debug|Any CPU.ActiveCfg = Debug|Any CPU
		{C31E0407-0C79-4623-BDF6-C801868466FC}.Debug|Any CPU.Build.0 = Debug|Any CPU
		{C31E0407-0C79-4623-BDF6-C801868466FC}.Release|Any CPU.ActiveCfg = Release|Any CPU
		{C31E0407-0C79-4623-BDF6-C801868466FC}.Release|Any CPU.Build.0 = Release|Any CPU
	EndGlobalSection
	GlobalSection(SolutionProperties) = preSolution
		HideSolutionNode = FALSE
	EndGlobalSection
	GlobalSection(ExtensibilityGlobals) = postSolution
		SolutionGuid = {47CDA842-B3F0-4DDC-AAEB-EA3C7FA2F389}
	EndGlobalSection
EndGlobal
